{
  "version": 4,
  "terraform_version": "1.13.4",
  "serial": 39,
  "lineage": "9f434b4d-03f0-6415-8e0f-f91f82c58ee4",
  "outputs": {},
  "resources": [
    {
      "mode": "data",
      "type": "azurerm_resource_group",
      "name": "resource_group_for_all_components",
      "provider": "provider[\"registry.terraform.io/hashicorp/azurerm\"]",
      "instances": [
        {
          "schema_version": 0,
          "attributes": {
            "id": "/subscriptions/4f070ccd-0168-41ab-a9a4-c13e2dd2626c/resourceGroups/rg-erp-prod-ci",
            "location": "centralindia",
            "managed_by": "",
            "name": "rg-erp-prod-ci",
            "tags": {
              "CreatedBy": "ArindamBanerjee",
              "CreatedOn": "2024-05-13",
              "RGOwner": "Rajarshi Basu Roy"
            },
            "timeouts": null
          },
          "sensitive_attributes": [],
          "identity_schema_version": 0
        }
      ]
    },
    {
      "mode": "data",
      "type": "azurerm_user_assigned_identity",
      "name": "mngid_for_this_application_gateway",
      "provider": "provider[\"registry.terraform.io/hashicorp/azurerm\"]",
      "instances": [
        {
          "schema_version": 0,
          "attributes": {
            "client_id": "2196727e-9410-4724-9931-99019bb8ea02",
            "id": "/subscriptions/4f070ccd-0168-41ab-a9a4-c13e2dd2626c/resourceGroups/rg-system-prod-ci/providers/Microsoft.ManagedIdentity/userAssignedIdentities/mngid_g1-erp_systems_prod",
            "location": "centralindia",
            "name": "mngid_g1-erp_systems_prod",
            "principal_id": "27159fab-ddd1-4e75-b76a-b6376433b4bf",
            "resource_group_name": "rg-system-prod-ci",
            "tags": {
              "Billing": "CustomerShared",
              "CreatedBy": "ArindamBanerjee",
              "CreatedOn": "2025-12-18",
              "Division": "None",
              "Environment": "Production",
              "Owner": "RajarshiBasuRoy",
              "Product": "ERP"
            },
            "tenant_id": "9bb52cb5-e2d8-480e-a8e1-4f3685c3cbf9",
            "timeouts": null
          },
          "sensitive_attributes": [],
          "identity_schema_version": 0
        }
      ]
    },
    {
      "mode": "managed",
      "type": "azurerm_application_gateway",
      "name": "agw-erp-prod-01",
      "provider": "provider[\"registry.terraform.io/hashicorp/azurerm\"]",
      "instances": [
        {
          "schema_version": 0,
          "attributes": {
            "authentication_certificate": [],
            "autoscale_configuration": [],
            "backend_address_pool": [
              {
                "fqdns": [],
                "id": "/subscriptions/4f070ccd-0168-41ab-a9a4-c13e2dd2626c/resourceGroups/rg-erp-prod-ci/providers/Microsoft.Network/applicationGateways/agw-erp-prod-01/backendAddressPools/backpool_vm-erp-a1bazaar-prod-ci",
                "ip_addresses": [
                  "172.16.224.102"
                ],
                "name": "backpool_vm-erp-a1bazaar-prod-ci"
              },
              {
                "fqdns": [],
                "id": "/subscriptions/4f070ccd-0168-41ab-a9a4-c13e2dd2626c/resourceGroups/rg-erp-prod-ci/providers/Microsoft.Network/applicationGateways/agw-erp-prod-01/backendAddressPools/backpool_vm-erp-arbaztextiles-prod-ci",
                "ip_addresses": [
                  "172.16.224.163"
                ],
                "name": "backpool_vm-erp-arbaztextiles-prod-ci"
              },
              {
                "fqdns": [],
                "id": "/subscriptions/4f070ccd-0168-41ab-a9a4-c13e2dd2626c/resourceGroups/rg-erp-prod-ci/providers/Microsoft.Network/applicationGateways/agw-erp-prod-01/backendAddressPools/backpool_vm-erp-arnika-prod-ci",
                "ip_addresses": [
                  "172.16.226.3"
                ],
                "name": "backpool_vm-erp-arnika-prod-ci"
              },
              {
                "fqdns": [],
                "id": "/subscriptions/4f070ccd-0168-41ab-a9a4-c13e2dd2626c/resourceGroups/rg-erp-prod-ci/providers/Microsoft.Network/applicationGateways/agw-erp-prod-01/backendAddressPools/backpool_vm-erp-befitclothing-prod-ci",
                "ip_addresses": [
                  "172.16.226.6"
                ],
                "name": "backpool_vm-erp-befitclothing-prod-ci"
              },
              {
                "fqdns": [],
                "id": "/subscriptions/4f070ccd-0168-41ab-a9a4-c13e2dd2626c/resourceGroups/rg-erp-prod-ci/providers/Microsoft.Network/applicationGateways/agw-erp-prod-01/backendAddressPools/backpool_vm-erp-blingroom-prod-ci",
                "ip_addresses": [
                  "172.16.225.35"
                ],
                "name": "backpool_vm-erp-blingroom-prod-ci"
              },
              {
                "fqdns": [],
                "id": "/subscriptions/4f070ccd-0168-41ab-a9a4-c13e2dd2626c/resourceGroups/rg-erp-prod-ci/providers/Microsoft.Network/applicationGateways/agw-erp-prod-01/backendAddressPools/backpool_vm-erp-brandstore-prod-ci",
                "ip_addresses": [
                  "172.16.226.7"
                ],
                "name": "backpool_vm-erp-brandstore-prod-ci"
              },
              {
                "fqdns": [],
                "id": "/subscriptions/4f070ccd-0168-41ab-a9a4-c13e2dd2626c/resourceGroups/rg-erp-prod-ci/providers/Microsoft.Network/applicationGateways/agw-erp-prod-01/backendAddressPools/backpool_vm-erp-budgetshop-prod-ci",
                "ip_addresses": [
                  "172.16.226.8"
                ],
                "name": "backpool_vm-erp-budgetshop-prod-ci"
              },
              {
                "fqdns": [],
                "id": "/subscriptions/4f070ccd-0168-41ab-a9a4-c13e2dd2626c/resourceGroups/rg-erp-prod-ci/providers/Microsoft.Network/applicationGateways/agw-erp-prod-01/backendAddressPools/backpool_vm-erp-calcuttajun-prod-ci",
                "ip_addresses": [
                  "172.16.226.9"
                ],
                "name": "backpool_vm-erp-calcuttajun-prod-ci"
              },
              {
                "fqdns": [],
                "id": "/subscriptions/4f070ccd-0168-41ab-a9a4-c13e2dd2626c/resourceGroups/rg-erp-prod-ci/providers/Microsoft.Network/applicationGateways/agw-erp-prod-01/backendAddressPools/backpool_vm-erp-chintamanis-prod-ci",
                "ip_addresses": [
                  "172.16.225.135"
                ],
                "name": "backpool_vm-erp-chintamanis-prod-ci"
              },
              {
                "fqdns": [],
                "id": "/subscriptions/4f070ccd-0168-41ab-a9a4-c13e2dd2626c/resourceGroups/rg-erp-prod-ci/providers/Microsoft.Network/applicationGateways/agw-erp-prod-01/backendAddressPools/backpool_vm-erp-chotteylal-prod-ci",
                "ip_addresses": [
                  "172.16.225.136"
                ],
                "name": "backpool_vm-erp-chotteylal-prod-ci"
              },
              {
                "fqdns": [],
                "id": "/subscriptions/4f070ccd-0168-41ab-a9a4-c13e2dd2626c/resourceGroups/rg-erp-prod-ci/providers/Microsoft.Network/applicationGateways/agw-erp-prod-01/backendAddressPools/backpool_vm-erp-cityhubretails-prod-ci",
                "ip_addresses": [
                  "172.16.224.101"
                ],
                "name": "backpool_vm-erp-cityhubretails-prod-ci"
              },
              {
                "fqdns": [],
                "id": "/subscriptions/4f070ccd-0168-41ab-a9a4-c13e2dd2626c/resourceGroups/rg-erp-prod-ci/providers/Microsoft.Network/applicationGateways/agw-erp-prod-01/backendAddressPools/backpool_vm-erp-citytrns-prod-ci",
                "ip_addresses": [
                  "172.16.225.137"
                ],
                "name": "backpool_vm-erp-citytrns-prod-ci"
              },
              {
                "fqdns": [],
                "id": "/subscriptions/4f070ccd-0168-41ab-a9a4-c13e2dd2626c/resourceGroups/rg-erp-prod-ci/providers/Microsoft.Network/applicationGateways/agw-erp-prod-01/backendAddressPools/backpool_vm-erp-dmsfouraces-prod",
                "ip_addresses": [
                  "172.16.225.123"
                ],
                "name": "backpool_vm-erp-dmsfouraces-prod"
              },
              {
                "fqdns": [],
                "id": "/subscriptions/4f070ccd-0168-41ab-a9a4-c13e2dd2626c/resourceGroups/rg-erp-prod-ci/providers/Microsoft.Network/applicationGateways/agw-erp-prod-01/backendAddressPools/backpool_vm-erp-educee-prod-ci",
                "ip_addresses": [
                  "172.16.226.14"
                ],
                "name": "backpool_vm-erp-educee-prod-ci"
              },
              {
                "fqdns": [],
                "id": "/subscriptions/4f070ccd-0168-41ab-a9a4-c13e2dd2626c/resourceGroups/rg-erp-prod-ci/providers/Microsoft.Network/applicationGateways/agw-erp-prod-01/backendAddressPools/backpool_vm-erp-egloindia-prod-ci",
                "ip_addresses": [
                  "172.16.226.15"
                ],
                "name": "backpool_vm-erp-egloindia-prod-ci"
              },
              {
                "fqdns": [],
                "id": "/subscriptions/4f070ccd-0168-41ab-a9a4-c13e2dd2626c/resourceGroups/rg-erp-prod-ci/providers/Microsoft.Network/applicationGateways/agw-erp-prod-01/backendAddressPools/backpool_vm-erp-ekdant-prod-ci",
                "ip_addresses": [
                  "172.16.226.16"
                ],
                "name": "backpool_vm-erp-ekdant-prod-ci"
              },
              {
                "fqdns": [],
                "id": "/subscriptions/4f070ccd-0168-41ab-a9a4-c13e2dd2626c/resourceGroups/rg-erp-prod-ci/providers/Microsoft.Network/applicationGateways/agw-erp-prod-01/backendAddressPools/backpool_vm-erp-elkkaretail-prod-ci",
                "ip_addresses": [
                  "172.16.226.17"
                ],
                "name": "backpool_vm-erp-elkkaretail-prod-ci"
              },
              {
                "fqdns": [],
                "id": "/subscriptions/4f070ccd-0168-41ab-a9a4-c13e2dd2626c/resourceGroups/rg-erp-prod-ci/providers/Microsoft.Network/applicationGateways/agw-erp-prod-01/backendAddressPools/backpool_vm-erp-fancymall-prod-ci",
                "ip_addresses": [
                  "172.16.226.19"
                ],
                "name": "backpool_vm-erp-fancymall-prod-ci"
              },
              {
                "fqdns": [],
                "id": "/subscriptions/4f070ccd-0168-41ab-a9a4-c13e2dd2626c/resourceGroups/rg-erp-prod-ci/providers/Microsoft.Network/applicationGateways/agw-erp-prod-01/backendAddressPools/backpool_vm-erp-ghadgeclothing-prod-ci",
                "ip_addresses": [
                  "172.16.225.159"
                ],
                "name": "backpool_vm-erp-ghadgeclothing-prod-ci"
              },
              {
                "fqdns": [],
                "id": "/subscriptions/4f070ccd-0168-41ab-a9a4-c13e2dd2626c/resourceGroups/rg-erp-prod-ci/providers/Microsoft.Network/applicationGateways/agw-erp-prod-01/backendAddressPools/backpool_vm-erp-gnretail-prod-ci",
                "ip_addresses": [
                  "172.16.224.112"
                ],
                "name": "backpool_vm-erp-gnretail-prod-ci"
              },
              {
                "fqdns": [],
                "id": "/subscriptions/4f070ccd-0168-41ab-a9a4-c13e2dd2626c/resourceGroups/rg-erp-prod-ci/providers/Microsoft.Network/applicationGateways/agw-erp-prod-01/backendAddressPools/backpool_vm-erp-intrend-prod-ci",
                "ip_addresses": [
                  "172.16.226.138"
                ],
                "name": "backpool_vm-erp-intrend-prod-ci"
              },
              {
                "fqdns": [],
                "id": "/subscriptions/4f070ccd-0168-41ab-a9a4-c13e2dd2626c/resourceGroups/rg-erp-prod-ci/providers/Microsoft.Network/applicationGateways/agw-erp-prod-01/backendAddressPools/backpool_vm-erp-kalyanbahrain-prod-ci",
                "ip_addresses": [
                  "172.16.226.38"
                ],
                "name": "backpool_vm-erp-kalyanbahrain-prod-ci"
              },
              {
                "fqdns": [],
                "id": "/subscriptions/4f070ccd-0168-41ab-a9a4-c13e2dd2626c/resourceGroups/rg-erp-prod-ci/providers/Microsoft.Network/applicationGateways/agw-erp-prod-01/backendAddressPools/backpool_vm-erp-kapasepaithani-prod-ci",
                "ip_addresses": [
                  "172.16.225.218"
                ],
                "name": "backpool_vm-erp-kapasepaithani-prod-ci"
              },
              {
                "fqdns": [],
                "id": "/subscriptions/4f070ccd-0168-41ab-a9a4-c13e2dd2626c/resourceGroups/rg-erp-prod-ci/providers/Microsoft.Network/applicationGateways/agw-erp-prod-01/backendAddressPools/backpool_vm-erp-kapoor-prod-ci",
                "ip_addresses": [
                  "172.16.226.42"
                ],
                "name": "backpool_vm-erp-kapoor-prod-ci"
              },
              {
                "fqdns": [],
                "id": "/subscriptions/4f070ccd-0168-41ab-a9a4-c13e2dd2626c/resourceGroups/rg-erp-prod-ci/providers/Microsoft.Network/applicationGateways/agw-erp-prod-01/backendAddressPools/backpool_vm-erp-kashishuae-prod-ci",
                "ip_addresses": [
                  "172.16.225.220"
                ],
                "name": "backpool_vm-erp-kashishuae-prod-ci"
              },
              {
                "fqdns": [],
                "id": "/subscriptions/4f070ccd-0168-41ab-a9a4-c13e2dd2626c/resourceGroups/rg-erp-prod-ci/providers/Microsoft.Network/applicationGateways/agw-erp-prod-01/backendAddressPools/backpool_vm-erp-kgbstores-prod-ci",
                "ip_addresses": [
                  "172.16.225.221"
                ],
                "name": "backpool_vm-erp-kgbstores-prod-ci"
              },
              {
                "fqdns": [],
                "id": "/subscriptions/4f070ccd-0168-41ab-a9a4-c13e2dd2626c/resourceGroups/rg-erp-prod-ci/providers/Microsoft.Network/applicationGateways/agw-erp-prod-01/backendAddressPools/backpool_vm-erp-kkaprc-prod-ci",
                "ip_addresses": [
                  "172.16.226.46"
                ],
                "name": "backpool_vm-erp-kkaprc-prod-ci"
              },
              {
                "fqdns": [],
                "id": "/subscriptions/4f070ccd-0168-41ab-a9a4-c13e2dd2626c/resourceGroups/rg-erp-prod-ci/providers/Microsoft.Network/applicationGateways/agw-erp-prod-01/backendAddressPools/backpool_vm-erp-lambodara-prod-ci",
                "ip_addresses": [
                  "172.16.225.227"
                ],
                "name": "backpool_vm-erp-lambodara-prod-ci"
              },
              {
                "fqdns": [],
                "id": "/subscriptions/4f070ccd-0168-41ab-a9a4-c13e2dd2626c/resourceGroups/rg-erp-prod-ci/providers/Microsoft.Network/applicationGateways/agw-erp-prod-01/backendAddressPools/backpool_vm-erp-mithaipotlam-prod-ci",
                "ip_addresses": [
                  "172.16.225.233"
                ],
                "name": "backpool_vm-erp-mithaipotlam-prod-ci"
              },
              {
                "fqdns": [],
                "id": "/subscriptions/4f070ccd-0168-41ab-a9a4-c13e2dd2626c/resourceGroups/rg-erp-prod-ci/providers/Microsoft.Network/applicationGateways/agw-erp-prod-01/backendAddressPools/backpool_vm-erp-nidhidecor-prod-ci",
                "ip_addresses": [
                  "172.16.226.59"
                ],
                "name": "backpool_vm-erp-nidhidecor-prod-ci"
              },
              {
                "fqdns": [],
                "id": "/subscriptions/4f070ccd-0168-41ab-a9a4-c13e2dd2626c/resourceGroups/rg-erp-prod-ci/providers/Microsoft.Network/applicationGateways/agw-erp-prod-01/backendAddressPools/backpool_vm-erp-nmfrontieruk-prod-ci",
                "ip_addresses": [
                  "172.16.226.62"
                ],
                "name": "backpool_vm-erp-nmfrontieruk-prod-ci"
              },
              {
                "fqdns": [],
                "id": "/subscriptions/4f070ccd-0168-41ab-a9a4-c13e2dd2626c/resourceGroups/rg-erp-prod-ci/providers/Microsoft.Network/applicationGateways/agw-erp-prod-01/backendAddressPools/backpool_vm-erp-nohmapparels-prod-ci",
                "ip_addresses": [
                  "172.16.226.63"
                ],
                "name": "backpool_vm-erp-nohmapparels-prod-ci"
              },
              {
                "fqdns": [],
                "id": "/subscriptions/4f070ccd-0168-41ab-a9a4-c13e2dd2626c/resourceGroups/rg-erp-prod-ci/providers/Microsoft.Network/applicationGateways/agw-erp-prod-01/backendAddressPools/backpool_vm-erp-occasion-prod-ci",
                "ip_addresses": [
                  "172.16.226.65"
                ],
                "name": "backpool_vm-erp-occasion-prod-ci"
              },
              {
                "fqdns": [],
                "id": "/subscriptions/4f070ccd-0168-41ab-a9a4-c13e2dd2626c/resourceGroups/rg-erp-prod-ci/providers/Microsoft.Network/applicationGateways/agw-erp-prod-01/backendAddressPools/backpool_vm-erp-phonex-prod-ci",
                "ip_addresses": [
                  "172.16.226.68"
                ],
                "name": "backpool_vm-erp-phonex-prod-ci"
              },
              {
                "fqdns": [],
                "id": "/subscriptions/4f070ccd-0168-41ab-a9a4-c13e2dd2626c/resourceGroups/rg-erp-prod-ci/providers/Microsoft.Network/applicationGateways/agw-erp-prod-01/backendAddressPools/backpool_vm-erp-pizunalinens-prod-ci",
                "ip_addresses": [
                  "172.16.226.71"
                ],
                "name": "backpool_vm-erp-pizunalinens-prod-ci"
              },
              {
                "fqdns": [],
                "id": "/subscriptions/4f070ccd-0168-41ab-a9a4-c13e2dd2626c/resourceGroups/rg-erp-prod-ci/providers/Microsoft.Network/applicationGateways/agw-erp-prod-01/backendAddressPools/backpool_vm-erp-radheshyamstore-prod-ci",
                "ip_addresses": [
                  "172.16.226.139"
                ],
                "name": "backpool_vm-erp-radheshyamstore-prod-ci"
              },
              {
                "fqdns": [],
                "id": "/subscriptions/4f070ccd-0168-41ab-a9a4-c13e2dd2626c/resourceGroups/rg-erp-prod-ci/providers/Microsoft.Network/applicationGateways/agw-erp-prod-01/backendAddressPools/backpool_vm-erp-raisinglobal-prod-ci",
                "ip_addresses": [
                  "172.16.226.75"
                ],
                "name": "backpool_vm-erp-raisinglobal-prod-ci"
              },
              {
                "fqdns": [],
                "id": "/subscriptions/4f070ccd-0168-41ab-a9a4-c13e2dd2626c/resourceGroups/rg-erp-prod-ci/providers/Microsoft.Network/applicationGateways/agw-erp-prod-01/backendAddressPools/backpool_vm-erp-ridhimehra-prod-ci",
                "ip_addresses": [
                  "172.16.225.86"
                ],
                "name": "backpool_vm-erp-ridhimehra-prod-ci"
              },
              {
                "fqdns": [],
                "id": "/subscriptions/4f070ccd-0168-41ab-a9a4-c13e2dd2626c/resourceGroups/rg-erp-prod-ci/providers/Microsoft.Network/applicationGateways/agw-erp-prod-01/backendAddressPools/backpool_vm-erp-rithika-prod-ci",
                "ip_addresses": [
                  "172.16.225.249"
                ],
                "name": "backpool_vm-erp-rithika-prod-ci"
              },
              {
                "fqdns": [],
                "id": "/subscriptions/4f070ccd-0168-41ab-a9a4-c13e2dd2626c/resourceGroups/rg-erp-prod-ci/providers/Microsoft.Network/applicationGateways/agw-erp-prod-01/backendAddressPools/backpool_vm-erp-rkclothing-prod-ci",
                "ip_addresses": [
                  "172.16.225.250"
                ],
                "name": "backpool_vm-erp-rkclothing-prod-ci"
              },
              {
                "fqdns": [],
                "id": "/subscriptions/4f070ccd-0168-41ab-a9a4-c13e2dd2626c/resourceGroups/rg-erp-prod-ci/providers/Microsoft.Network/applicationGateways/agw-erp-prod-01/backendAddressPools/backpool_vm-erp-rkfamilystore-prod-ci",
                "ip_addresses": [
                  "172.16.225.251"
                ],
                "name": "backpool_vm-erp-rkfamilystore-prod-ci"
              },
              {
                "fqdns": [],
                "id": "/subscriptions/4f070ccd-0168-41ab-a9a4-c13e2dd2626c/resourceGroups/rg-erp-prod-ci/providers/Microsoft.Network/applicationGateways/agw-erp-prod-01/backendAddressPools/backpool_vm-erp-sabkaabazar-prod-ci",
                "ip_addresses": [
                  "172.16.226.82"
                ],
                "name": "backpool_vm-erp-sabkaabazar-prod-ci"
              },
              {
                "fqdns": [],
                "id": "/subscriptions/4f070ccd-0168-41ab-a9a4-c13e2dd2626c/resourceGroups/rg-erp-prod-ci/providers/Microsoft.Network/applicationGateways/agw-erp-prod-01/backendAddressPools/backpool_vm-erp-sbaazarmetro-prod-ci",
                "ip_addresses": [
                  "172.16.226.88"
                ],
                "name": "backpool_vm-erp-sbaazarmetro-prod-ci"
              },
              {
                "fqdns": [],
                "id": "/subscriptions/4f070ccd-0168-41ab-a9a4-c13e2dd2626c/resourceGroups/rg-erp-prod-ci/providers/Microsoft.Network/applicationGateways/agw-erp-prod-01/backendAddressPools/backpool_vm-erp-shayartex-prod-ci",
                "ip_addresses": [
                  "172.16.226.91"
                ],
                "name": "backpool_vm-erp-shayartex-prod-ci"
              },
              {
                "fqdns": [],
                "id": "/subscriptions/4f070ccd-0168-41ab-a9a4-c13e2dd2626c/resourceGroups/rg-erp-prod-ci/providers/Microsoft.Network/applicationGateways/agw-erp-prod-01/backendAddressPools/backpool_vm-erp-shrujanchanda-prod-ci",
                "ip_addresses": [
                  "172.16.225.98"
                ],
                "name": "backpool_vm-erp-shrujanchanda-prod-ci"
              },
              {
                "fqdns": [],
                "id": "/subscriptions/4f070ccd-0168-41ab-a9a4-c13e2dd2626c/resourceGroups/rg-erp-prod-ci/providers/Microsoft.Network/applicationGateways/agw-erp-prod-01/backendAddressPools/backpool_vm-erp-sithara-prod",
                "ip_addresses": [
                  "172.16.225.82"
                ],
                "name": "backpool_vm-erp-sithara-prod"
              },
              {
                "fqdns": [],
                "id": "/subscriptions/4f070ccd-0168-41ab-a9a4-c13e2dd2626c/resourceGroups/rg-erp-prod-ci/providers/Microsoft.Network/applicationGateways/agw-erp-prod-01/backendAddressPools/backpool_vm-erp-solitario-prod-ci",
                "ip_addresses": [
                  "172.16.226.99"
                ],
                "name": "backpool_vm-erp-solitario-prod-ci"
              },
              {
                "fqdns": [],
                "id": "/subscriptions/4f070ccd-0168-41ab-a9a4-c13e2dd2626c/resourceGroups/rg-erp-prod-ci/providers/Microsoft.Network/applicationGateways/agw-erp-prod-01/backendAddressPools/backpool_vm-erp-sulsaho-prod",
                "ip_addresses": [
                  "172.16.225.134"
                ],
                "name": "backpool_vm-erp-sulsaho-prod"
              },
              {
                "fqdns": [],
                "id": "/subscriptions/4f070ccd-0168-41ab-a9a4-c13e2dd2626c/resourceGroups/rg-erp-prod-ci/providers/Microsoft.Network/applicationGateways/agw-erp-prod-01/backendAddressPools/backpool_vm-erp-texonltd-prod-ci",
                "ip_addresses": [
                  "172.16.225.90"
                ],
                "name": "backpool_vm-erp-texonltd-prod-ci"
              },
              {
                "fqdns": [],
                "id": "/subscriptions/4f070ccd-0168-41ab-a9a4-c13e2dd2626c/resourceGroups/rg-erp-prod-ci/providers/Microsoft.Network/applicationGateways/agw-erp-prod-01/backendAddressPools/backpool_vm-erp-thesajelife-prod-ci",
                "ip_addresses": [
                  "172.16.224.100"
                ],
                "name": "backpool_vm-erp-thesajelife-prod-ci"
              },
              {
                "fqdns": [],
                "id": "/subscriptions/4f070ccd-0168-41ab-a9a4-c13e2dd2626c/resourceGroups/rg-erp-prod-ci/providers/Microsoft.Network/applicationGateways/agw-erp-prod-01/backendAddressPools/backpool_vm-erp-tiramisu-prod-ci",
                "ip_addresses": [
                  "172.16.226.114"
                ],
                "name": "backpool_vm-erp-tiramisu-prod-ci"
              },
              {
                "fqdns": [],
                "id": "/subscriptions/4f070ccd-0168-41ab-a9a4-c13e2dd2626c/resourceGroups/rg-erp-prod-ci/providers/Microsoft.Network/applicationGateways/agw-erp-prod-01/backendAddressPools/backpool_vm-erp-tonirossi-prod-ci",
                "ip_addresses": [
                  "172.16.226.115"
                ],
                "name": "backpool_vm-erp-tonirossi-prod-ci"
              },
              {
                "fqdns": [],
                "id": "/subscriptions/4f070ccd-0168-41ab-a9a4-c13e2dd2626c/resourceGroups/rg-erp-prod-ci/providers/Microsoft.Network/applicationGateways/agw-erp-prod-01/backendAddressPools/backpool_vm-erp-uniseoul-prod-ci",
                "ip_addresses": [
                  "172.16.226.119"
                ],
                "name": "backpool_vm-erp-uniseoul-prod-ci"
              },
              {
                "fqdns": [],
                "id": "/subscriptions/4f070ccd-0168-41ab-a9a4-c13e2dd2626c/resourceGroups/rg-erp-prod-ci/providers/Microsoft.Network/applicationGateways/agw-erp-prod-01/backendAddressPools/backpool_vm-erp-varundha-prod-ci",
                "ip_addresses": [
                  "172.16.225.92"
                ],
                "name": "backpool_vm-erp-varundha-prod-ci"
              },
              {
                "fqdns": [],
                "id": "/subscriptions/4f070ccd-0168-41ab-a9a4-c13e2dd2626c/resourceGroups/rg-erp-prod-ci/providers/Microsoft.Network/applicationGateways/agw-erp-prod-01/backendAddressPools/backpool_vm-erp-zykazfashion-prod",
                "ip_addresses": [
                  "172.16.225.122"
                ],
                "name": "backpool_vm-erp-zykazfashion-prod"
              }
            ],
            "backend_http_settings": [
              {
                "affinity_cookie_name": "",
                "authentication_certificate": [],
                "connection_draining": [],
                "cookie_based_affinity": "Disabled",
                "host_name": "",
                "id": "/subscriptions/4f070ccd-0168-41ab-a9a4-c13e2dd2626c/resourceGroups/rg-erp-prod-ci/providers/Microsoft.Network/applicationGateways/agw-erp-prod-01/backendHttpSettingsCollection/setting_http",
                "name": "setting_http",
                "path": "",
                "pick_host_name_from_backend_address": false,
                "port": 80,
                "probe_id": "",
                "probe_name": "",
                "protocol": "Http",
                "request_timeout": 20,
                "trusted_root_certificate_names": []
              },
              {
                "affinity_cookie_name": "ApplicationGatewayAffinity",
                "authentication_certificate": [],
                "connection_draining": [],
                "cookie_based_affinity": "Disabled",
                "host_name": "",
                "id": "/subscriptions/4f070ccd-0168-41ab-a9a4-c13e2dd2626c/resourceGroups/rg-erp-prod-ci/providers/Microsoft.Network/applicationGateways/agw-erp-prod-01/backendHttpSettingsCollection/setting_https",
                "name": "setting_https",
                "path": "",
                "pick_host_name_from_backend_address": false,
                "port": 443,
                "probe_id": "",
                "probe_name": "",
                "protocol": "Https",
                "request_timeout": 20,
                "trusted_root_certificate_names": []
              }
            ],
            "custom_error_configuration": [],
            "enable_http2": true,
            "fips_enabled": false,
            "firewall_policy_id": "",
            "force_firewall_policy_association": false,
            "frontend_ip_configuration": [
              {
                "id": "/subscriptions/4f070ccd-0168-41ab-a9a4-c13e2dd2626c/resourceGroups/rg-erp-prod-ci/providers/Microsoft.Network/applicationGateways/agw-erp-prod-01/frontendIPConfigurations/frontend_public_ip_configuration",
                "name": "frontend_public_ip_configuration",
                "private_ip_address": "",
                "private_ip_address_allocation": "Dynamic",
                "private_link_configuration_id": "",
                "private_link_configuration_name": "",
                "public_ip_address_id": "/subscriptions/4f070ccd-0168-41ab-a9a4-c13e2dd2626c/resourceGroups/rg-erp-prod-ci/providers/Microsoft.Network/publicIPAddresses/pip_agw-erp-prod-01",
                "subnet_id": ""
              }
            ],
            "frontend_port": [
              {
                "id": "/subscriptions/4f070ccd-0168-41ab-a9a4-c13e2dd2626c/resourceGroups/rg-erp-prod-ci/providers/Microsoft.Network/applicationGateways/agw-erp-prod-01/frontendPorts/port_443",
                "name": "port_443",
                "port": 443
              },
              {
                "id": "/subscriptions/4f070ccd-0168-41ab-a9a4-c13e2dd2626c/resourceGroups/rg-erp-prod-ci/providers/Microsoft.Network/applicationGateways/agw-erp-prod-01/frontendPorts/port_80",
                "name": "port_80",
                "port": 80
              }
            ],
            "gateway_ip_configuration": [
              {
                "id": "/subscriptions/4f070ccd-0168-41ab-a9a4-c13e2dd2626c/resourceGroups/rg-erp-prod-ci/providers/Microsoft.Network/applicationGateways/agw-erp-prod-01/gatewayIPConfigurations/appGatewayIpConfig",
                "name": "appGatewayIpConfig",
                "subnet_id": "/subscriptions/4f070ccd-0168-41ab-a9a4-c13e2dd2626c/resourceGroups/rg-system-prod-ci/providers/Microsoft.Network/virtualNetworks/vnet-prod-ci-01/subnets/AzureAppGatewaySubnet"
              }
            ],
            "global": [
              {
                "request_buffering_enabled": true,
                "response_buffering_enabled": false
              }
            ],
            "http_listener": [
              {
                "custom_error_configuration": [],
                "firewall_policy_id": "",
                "frontend_ip_configuration_id": "/subscriptions/4f070ccd-0168-41ab-a9a4-c13e2dd2626c/resourceGroups/rg-erp-prod-ci/providers/Microsoft.Network/applicationGateways/agw-erp-prod-01/frontendIPConfigurations/frontend_public_ip_configuration",
                "frontend_ip_configuration_name": "frontend_public_ip_configuration",
                "frontend_port_id": "/subscriptions/4f070ccd-0168-41ab-a9a4-c13e2dd2626c/resourceGroups/rg-erp-prod-ci/providers/Microsoft.Network/applicationGateways/agw-erp-prod-01/frontendPorts/port_443",
                "frontend_port_name": "port_443",
                "host_name": "a1bazaar.ginesys.cloud",
                "host_names": [],
                "id": "/subscriptions/4f070ccd-0168-41ab-a9a4-c13e2dd2626c/resourceGroups/rg-erp-prod-ci/providers/Microsoft.Network/applicationGateways/agw-erp-prod-01/httpListeners/listener_vm-erp-a1bazaar-prod-ci_https",
                "name": "listener_vm-erp-a1bazaar-prod-ci_https",
                "protocol": "Https",
                "require_sni": true,
                "ssl_certificate_id": "/subscriptions/4f070ccd-0168-41ab-a9a4-c13e2dd2626c/resourceGroups/rg-erp-prod-ci/providers/Microsoft.Network/applicationGateways/agw-erp-prod-01/sslCertificates/ssl-cert-wildcard-ginesys-cloud",
                "ssl_certificate_name": "ssl-cert-wildcard-ginesys-cloud",
                "ssl_profile_id": "",
                "ssl_profile_name": ""
              },
              {
                "custom_error_configuration": [],
                "firewall_policy_id": "",
                "frontend_ip_configuration_id": "/subscriptions/4f070ccd-0168-41ab-a9a4-c13e2dd2626c/resourceGroups/rg-erp-prod-ci/providers/Microsoft.Network/applicationGateways/agw-erp-prod-01/frontendIPConfigurations/frontend_public_ip_configuration",
                "frontend_ip_configuration_name": "frontend_public_ip_configuration",
                "frontend_port_id": "/subscriptions/4f070ccd-0168-41ab-a9a4-c13e2dd2626c/resourceGroups/rg-erp-prod-ci/providers/Microsoft.Network/applicationGateways/agw-erp-prod-01/frontendPorts/port_443",
                "frontend_port_name": "port_443",
                "host_name": "arbaztextiles.ginesys.cloud",
                "host_names": [],
                "id": "/subscriptions/4f070ccd-0168-41ab-a9a4-c13e2dd2626c/resourceGroups/rg-erp-prod-ci/providers/Microsoft.Network/applicationGateways/agw-erp-prod-01/httpListeners/listener_vm-erp-arbaztextiles-prod-ci_https",
                "name": "listener_vm-erp-arbaztextiles-prod-ci_https",
                "protocol": "Https",
                "require_sni": true,
                "ssl_certificate_id": "/subscriptions/4f070ccd-0168-41ab-a9a4-c13e2dd2626c/resourceGroups/rg-erp-prod-ci/providers/Microsoft.Network/applicationGateways/agw-erp-prod-01/sslCertificates/ssl-cert-wildcard-ginesys-cloud",
                "ssl_certificate_name": "ssl-cert-wildcard-ginesys-cloud",
                "ssl_profile_id": "",
                "ssl_profile_name": ""
              },
              {
                "custom_error_configuration": [],
                "firewall_policy_id": "",
                "frontend_ip_configuration_id": "/subscriptions/4f070ccd-0168-41ab-a9a4-c13e2dd2626c/resourceGroups/rg-erp-prod-ci/providers/Microsoft.Network/applicationGateways/agw-erp-prod-01/frontendIPConfigurations/frontend_public_ip_configuration",
                "frontend_ip_configuration_name": "frontend_public_ip_configuration",
                "frontend_port_id": "/subscriptions/4f070ccd-0168-41ab-a9a4-c13e2dd2626c/resourceGroups/rg-erp-prod-ci/providers/Microsoft.Network/applicationGateways/agw-erp-prod-01/frontendPorts/port_443",
                "frontend_port_name": "port_443",
                "host_name": "arnika.ginesys.cloud",
                "host_names": [],
                "id": "/subscriptions/4f070ccd-0168-41ab-a9a4-c13e2dd2626c/resourceGroups/rg-erp-prod-ci/providers/Microsoft.Network/applicationGateways/agw-erp-prod-01/httpListeners/listener_vm-erp-arnika-prod-ci_https",
                "name": "listener_vm-erp-arnika-prod-ci_https",
                "protocol": "Https",
                "require_sni": true,
                "ssl_certificate_id": "/subscriptions/4f070ccd-0168-41ab-a9a4-c13e2dd2626c/resourceGroups/rg-erp-prod-ci/providers/Microsoft.Network/applicationGateways/agw-erp-prod-01/sslCertificates/ssl-cert-wildcard-ginesys-cloud",
                "ssl_certificate_name": "ssl-cert-wildcard-ginesys-cloud",
                "ssl_profile_id": "",
                "ssl_profile_name": ""
              },
              {
                "custom_error_configuration": [],
                "firewall_policy_id": "",
                "frontend_ip_configuration_id": "/subscriptions/4f070ccd-0168-41ab-a9a4-c13e2dd2626c/resourceGroups/rg-erp-prod-ci/providers/Microsoft.Network/applicationGateways/agw-erp-prod-01/frontendIPConfigurations/frontend_public_ip_configuration",
                "frontend_ip_configuration_name": "frontend_public_ip_configuration",
                "frontend_port_id": "/subscriptions/4f070ccd-0168-41ab-a9a4-c13e2dd2626c/resourceGroups/rg-erp-prod-ci/providers/Microsoft.Network/applicationGateways/agw-erp-prod-01/frontendPorts/port_443",
                "frontend_port_name": "port_443",
                "host_name": "befitclothing.ginesys.cloud",
                "host_names": [],
                "id": "/subscriptions/4f070ccd-0168-41ab-a9a4-c13e2dd2626c/resourceGroups/rg-erp-prod-ci/providers/Microsoft.Network/applicationGateways/agw-erp-prod-01/httpListeners/listener_vm-erp-befitclothing-prod-ci_https",
                "name": "listener_vm-erp-befitclothing-prod-ci_https",
                "protocol": "Https",
                "require_sni": true,
                "ssl_certificate_id": "/subscriptions/4f070ccd-0168-41ab-a9a4-c13e2dd2626c/resourceGroups/rg-erp-prod-ci/providers/Microsoft.Network/applicationGateways/agw-erp-prod-01/sslCertificates/ssl-cert-wildcard-ginesys-cloud",
                "ssl_certificate_name": "ssl-cert-wildcard-ginesys-cloud",
                "ssl_profile_id": "",
                "ssl_profile_name": ""
              },
              {
                "custom_error_configuration": [],
                "firewall_policy_id": "",
                "frontend_ip_configuration_id": "/subscriptions/4f070ccd-0168-41ab-a9a4-c13e2dd2626c/resourceGroups/rg-erp-prod-ci/providers/Microsoft.Network/applicationGateways/agw-erp-prod-01/frontendIPConfigurations/frontend_public_ip_configuration",
                "frontend_ip_configuration_name": "frontend_public_ip_configuration",
                "frontend_port_id": "/subscriptions/4f070ccd-0168-41ab-a9a4-c13e2dd2626c/resourceGroups/rg-erp-prod-ci/providers/Microsoft.Network/applicationGateways/agw-erp-prod-01/frontendPorts/port_443",
                "frontend_port_name": "port_443",
                "host_name": "blingroom.ginesys.cloud",
                "host_names": [],
                "id": "/subscriptions/4f070ccd-0168-41ab-a9a4-c13e2dd2626c/resourceGroups/rg-erp-prod-ci/providers/Microsoft.Network/applicationGateways/agw-erp-prod-01/httpListeners/listener_vm-erp-blingroom-prod-ci_https",
                "name": "listener_vm-erp-blingroom-prod-ci_https",
                "protocol": "Https",
                "require_sni": true,
                "ssl_certificate_id": "/subscriptions/4f070ccd-0168-41ab-a9a4-c13e2dd2626c/resourceGroups/rg-erp-prod-ci/providers/Microsoft.Network/applicationGateways/agw-erp-prod-01/sslCertificates/ssl-cert-wildcard-ginesys-cloud",
                "ssl_certificate_name": "ssl-cert-wildcard-ginesys-cloud",
                "ssl_profile_id": "",
                "ssl_profile_name": ""
              },
              {
                "custom_error_configuration": [],
                "firewall_policy_id": "",
                "frontend_ip_configuration_id": "/subscriptions/4f070ccd-0168-41ab-a9a4-c13e2dd2626c/resourceGroups/rg-erp-prod-ci/providers/Microsoft.Network/applicationGateways/agw-erp-prod-01/frontendIPConfigurations/frontend_public_ip_configuration",
                "frontend_ip_configuration_name": "frontend_public_ip_configuration",
                "frontend_port_id": "/subscriptions/4f070ccd-0168-41ab-a9a4-c13e2dd2626c/resourceGroups/rg-erp-prod-ci/providers/Microsoft.Network/applicationGateways/agw-erp-prod-01/frontendPorts/port_443",
                "frontend_port_name": "port_443",
                "host_name": "brandstore.ginesys.cloud",
                "host_names": [],
                "id": "/subscriptions/4f070ccd-0168-41ab-a9a4-c13e2dd2626c/resourceGroups/rg-erp-prod-ci/providers/Microsoft.Network/applicationGateways/agw-erp-prod-01/httpListeners/listener_vm-erp-brandstore-prod-ci_https",
                "name": "listener_vm-erp-brandstore-prod-ci_https",
                "protocol": "Https",
                "require_sni": true,
                "ssl_certificate_id": "/subscriptions/4f070ccd-0168-41ab-a9a4-c13e2dd2626c/resourceGroups/rg-erp-prod-ci/providers/Microsoft.Network/applicationGateways/agw-erp-prod-01/sslCertificates/ssl-cert-wildcard-ginesys-cloud",
                "ssl_certificate_name": "ssl-cert-wildcard-ginesys-cloud",
                "ssl_profile_id": "",
                "ssl_profile_name": ""
              },
              {
                "custom_error_configuration": [],
                "firewall_policy_id": "",
                "frontend_ip_configuration_id": "/subscriptions/4f070ccd-0168-41ab-a9a4-c13e2dd2626c/resourceGroups/rg-erp-prod-ci/providers/Microsoft.Network/applicationGateways/agw-erp-prod-01/frontendIPConfigurations/frontend_public_ip_configuration",
                "frontend_ip_configuration_name": "frontend_public_ip_configuration",
                "frontend_port_id": "/subscriptions/4f070ccd-0168-41ab-a9a4-c13e2dd2626c/resourceGroups/rg-erp-prod-ci/providers/Microsoft.Network/applicationGateways/agw-erp-prod-01/frontendPorts/port_443",
                "frontend_port_name": "port_443",
                "host_name": "budgetshop.ginesys.cloud",
                "host_names": [],
                "id": "/subscriptions/4f070ccd-0168-41ab-a9a4-c13e2dd2626c/resourceGroups/rg-erp-prod-ci/providers/Microsoft.Network/applicationGateways/agw-erp-prod-01/httpListeners/listener_vm-erp-budgetshop-prod-ci_https",
                "name": "listener_vm-erp-budgetshop-prod-ci_https",
                "protocol": "Https",
                "require_sni": true,
                "ssl_certificate_id": "/subscriptions/4f070ccd-0168-41ab-a9a4-c13e2dd2626c/resourceGroups/rg-erp-prod-ci/providers/Microsoft.Network/applicationGateways/agw-erp-prod-01/sslCertificates/ssl-cert-wildcard-ginesys-cloud",
                "ssl_certificate_name": "ssl-cert-wildcard-ginesys-cloud",
                "ssl_profile_id": "",
                "ssl_profile_name": ""
              },
              {
                "custom_error_configuration": [],
                "firewall_policy_id": "",
                "frontend_ip_configuration_id": "/subscriptions/4f070ccd-0168-41ab-a9a4-c13e2dd2626c/resourceGroups/rg-erp-prod-ci/providers/Microsoft.Network/applicationGateways/agw-erp-prod-01/frontendIPConfigurations/frontend_public_ip_configuration",
                "frontend_ip_configuration_name": "frontend_public_ip_configuration",
                "frontend_port_id": "/subscriptions/4f070ccd-0168-41ab-a9a4-c13e2dd2626c/resourceGroups/rg-erp-prod-ci/providers/Microsoft.Network/applicationGateways/agw-erp-prod-01/frontendPorts/port_443",
                "frontend_port_name": "port_443",
                "host_name": "calcuttajun.ginesys.cloud",
                "host_names": [],
                "id": "/subscriptions/4f070ccd-0168-41ab-a9a4-c13e2dd2626c/resourceGroups/rg-erp-prod-ci/providers/Microsoft.Network/applicationGateways/agw-erp-prod-01/httpListeners/listener_vm-erp-calcuttajun-prod-ci_https",
                "name": "listener_vm-erp-calcuttajun-prod-ci_https",
                "protocol": "Https",
                "require_sni": true,
                "ssl_certificate_id": "/subscriptions/4f070ccd-0168-41ab-a9a4-c13e2dd2626c/resourceGroups/rg-erp-prod-ci/providers/Microsoft.Network/applicationGateways/agw-erp-prod-01/sslCertificates/ssl-cert-wildcard-ginesys-cloud",
                "ssl_certificate_name": "ssl-cert-wildcard-ginesys-cloud",
                "ssl_profile_id": "",
                "ssl_profile_name": ""
              },
              {
                "custom_error_configuration": [],
                "firewall_policy_id": "",
                "frontend_ip_configuration_id": "/subscriptions/4f070ccd-0168-41ab-a9a4-c13e2dd2626c/resourceGroups/rg-erp-prod-ci/providers/Microsoft.Network/applicationGateways/agw-erp-prod-01/frontendIPConfigurations/frontend_public_ip_configuration",
                "frontend_ip_configuration_name": "frontend_public_ip_configuration",
                "frontend_port_id": "/subscriptions/4f070ccd-0168-41ab-a9a4-c13e2dd2626c/resourceGroups/rg-erp-prod-ci/providers/Microsoft.Network/applicationGateways/agw-erp-prod-01/frontendPorts/port_443",
                "frontend_port_name": "port_443",
                "host_name": "chintamanis.ginesys.cloud",
                "host_names": [],
                "id": "/subscriptions/4f070ccd-0168-41ab-a9a4-c13e2dd2626c/resourceGroups/rg-erp-prod-ci/providers/Microsoft.Network/applicationGateways/agw-erp-prod-01/httpListeners/listener_vm-erp-chintamanis-prod-ci_https",
                "name": "listener_vm-erp-chintamanis-prod-ci_https",
                "protocol": "Https",
                "require_sni": true,
                "ssl_certificate_id": "/subscriptions/4f070ccd-0168-41ab-a9a4-c13e2dd2626c/resourceGroups/rg-erp-prod-ci/providers/Microsoft.Network/applicationGateways/agw-erp-prod-01/sslCertificates/ssl-cert-wildcard-ginesys-cloud",
                "ssl_certificate_name": "ssl-cert-wildcard-ginesys-cloud",
                "ssl_profile_id": "",
                "ssl_profile_name": ""
              },
              {
                "custom_error_configuration": [],
                "firewall_policy_id": "",
                "frontend_ip_configuration_id": "/subscriptions/4f070ccd-0168-41ab-a9a4-c13e2dd2626c/resourceGroups/rg-erp-prod-ci/providers/Microsoft.Network/applicationGateways/agw-erp-prod-01/frontendIPConfigurations/frontend_public_ip_configuration",
                "frontend_ip_configuration_name": "frontend_public_ip_configuration",
                "frontend_port_id": "/subscriptions/4f070ccd-0168-41ab-a9a4-c13e2dd2626c/resourceGroups/rg-erp-prod-ci/providers/Microsoft.Network/applicationGateways/agw-erp-prod-01/frontendPorts/port_443",
                "frontend_port_name": "port_443",
                "host_name": "chotteylal.ginesys.cloud",
                "host_names": [],
                "id": "/subscriptions/4f070ccd-0168-41ab-a9a4-c13e2dd2626c/resourceGroups/rg-erp-prod-ci/providers/Microsoft.Network/applicationGateways/agw-erp-prod-01/httpListeners/listener_vm-erp-chotteylal-prod-ci_https",
                "name": "listener_vm-erp-chotteylal-prod-ci_https",
                "protocol": "Https",
                "require_sni": true,
                "ssl_certificate_id": "/subscriptions/4f070ccd-0168-41ab-a9a4-c13e2dd2626c/resourceGroups/rg-erp-prod-ci/providers/Microsoft.Network/applicationGateways/agw-erp-prod-01/sslCertificates/ssl-cert-wildcard-ginesys-cloud",
                "ssl_certificate_name": "ssl-cert-wildcard-ginesys-cloud",
                "ssl_profile_id": "",
                "ssl_profile_name": ""
              },
              {
                "custom_error_configuration": [],
                "firewall_policy_id": "",
                "frontend_ip_configuration_id": "/subscriptions/4f070ccd-0168-41ab-a9a4-c13e2dd2626c/resourceGroups/rg-erp-prod-ci/providers/Microsoft.Network/applicationGateways/agw-erp-prod-01/frontendIPConfigurations/frontend_public_ip_configuration",
                "frontend_ip_configuration_name": "frontend_public_ip_configuration",
                "frontend_port_id": "/subscriptions/4f070ccd-0168-41ab-a9a4-c13e2dd2626c/resourceGroups/rg-erp-prod-ci/providers/Microsoft.Network/applicationGateways/agw-erp-prod-01/frontendPorts/port_443",
                "frontend_port_name": "port_443",
                "host_name": "cityhubretails.ginesys.cloud",
                "host_names": [],
                "id": "/subscriptions/4f070ccd-0168-41ab-a9a4-c13e2dd2626c/resourceGroups/rg-erp-prod-ci/providers/Microsoft.Network/applicationGateways/agw-erp-prod-01/httpListeners/listener_vm-erp-cityhubretails-prod-ci_https",
                "name": "listener_vm-erp-cityhubretails-prod-ci_https",
                "protocol": "Https",
                "require_sni": true,
                "ssl_certificate_id": "/subscriptions/4f070ccd-0168-41ab-a9a4-c13e2dd2626c/resourceGroups/rg-erp-prod-ci/providers/Microsoft.Network/applicationGateways/agw-erp-prod-01/sslCertificates/ssl-cert-wildcard-ginesys-cloud",
                "ssl_certificate_name": "ssl-cert-wildcard-ginesys-cloud",
                "ssl_profile_id": "",
                "ssl_profile_name": ""
              },
              {
                "custom_error_configuration": [],
                "firewall_policy_id": "",
                "frontend_ip_configuration_id": "/subscriptions/4f070ccd-0168-41ab-a9a4-c13e2dd2626c/resourceGroups/rg-erp-prod-ci/providers/Microsoft.Network/applicationGateways/agw-erp-prod-01/frontendIPConfigurations/frontend_public_ip_configuration",
                "frontend_ip_configuration_name": "frontend_public_ip_configuration",
                "frontend_port_id": "/subscriptions/4f070ccd-0168-41ab-a9a4-c13e2dd2626c/resourceGroups/rg-erp-prod-ci/providers/Microsoft.Network/applicationGateways/agw-erp-prod-01/frontendPorts/port_443",
                "frontend_port_name": "port_443",
                "host_name": "citytrends.ginesys.cloud",
                "host_names": [],
                "id": "/subscriptions/4f070ccd-0168-41ab-a9a4-c13e2dd2626c/resourceGroups/rg-erp-prod-ci/providers/Microsoft.Network/applicationGateways/agw-erp-prod-01/httpListeners/listener_vm-erp-citytrns-prod-ci_https",
                "name": "listener_vm-erp-citytrns-prod-ci_https",
                "protocol": "Https",
                "require_sni": true,
                "ssl_certificate_id": "/subscriptions/4f070ccd-0168-41ab-a9a4-c13e2dd2626c/resourceGroups/rg-erp-prod-ci/providers/Microsoft.Network/applicationGateways/agw-erp-prod-01/sslCertificates/ssl-cert-wildcard-ginesys-cloud",
                "ssl_certificate_name": "ssl-cert-wildcard-ginesys-cloud",
                "ssl_profile_id": "",
                "ssl_profile_name": ""
              },
              {
                "custom_error_configuration": [],
                "firewall_policy_id": "",
                "frontend_ip_configuration_id": "/subscriptions/4f070ccd-0168-41ab-a9a4-c13e2dd2626c/resourceGroups/rg-erp-prod-ci/providers/Microsoft.Network/applicationGateways/agw-erp-prod-01/frontendIPConfigurations/frontend_public_ip_configuration",
                "frontend_ip_configuration_name": "frontend_public_ip_configuration",
                "frontend_port_id": "/subscriptions/4f070ccd-0168-41ab-a9a4-c13e2dd2626c/resourceGroups/rg-erp-prod-ci/providers/Microsoft.Network/applicationGateways/agw-erp-prod-01/frontendPorts/port_443",
                "frontend_port_name": "port_443",
                "host_name": "dmsfouraces.ginesys.cloud",
                "host_names": [],
                "id": "/subscriptions/4f070ccd-0168-41ab-a9a4-c13e2dd2626c/resourceGroups/rg-erp-prod-ci/providers/Microsoft.Network/applicationGateways/agw-erp-prod-01/httpListeners/listener_vm-erp-dmsfouraces-prod_https",
                "name": "listener_vm-erp-dmsfouraces-prod_https",
                "protocol": "Https",
                "require_sni": true,
                "ssl_certificate_id": "/subscriptions/4f070ccd-0168-41ab-a9a4-c13e2dd2626c/resourceGroups/rg-erp-prod-ci/providers/Microsoft.Network/applicationGateways/agw-erp-prod-01/sslCertificates/ssl-cert-wildcard-ginesys-cloud",
                "ssl_certificate_name": "ssl-cert-wildcard-ginesys-cloud",
                "ssl_profile_id": "",
                "ssl_profile_name": ""
              },
              {
                "custom_error_configuration": [],
                "firewall_policy_id": "",
                "frontend_ip_configuration_id": "/subscriptions/4f070ccd-0168-41ab-a9a4-c13e2dd2626c/resourceGroups/rg-erp-prod-ci/providers/Microsoft.Network/applicationGateways/agw-erp-prod-01/frontendIPConfigurations/frontend_public_ip_configuration",
                "frontend_ip_configuration_name": "frontend_public_ip_configuration",
                "frontend_port_id": "/subscriptions/4f070ccd-0168-41ab-a9a4-c13e2dd2626c/resourceGroups/rg-erp-prod-ci/providers/Microsoft.Network/applicationGateways/agw-erp-prod-01/frontendPorts/port_443",
                "frontend_port_name": "port_443",
                "host_name": "educee.ginesys.cloud",
                "host_names": [],
                "id": "/subscriptions/4f070ccd-0168-41ab-a9a4-c13e2dd2626c/resourceGroups/rg-erp-prod-ci/providers/Microsoft.Network/applicationGateways/agw-erp-prod-01/httpListeners/listener_vm-erp-educee-prod-ci_https",
                "name": "listener_vm-erp-educee-prod-ci_https",
                "protocol": "Https",
                "require_sni": true,
                "ssl_certificate_id": "/subscriptions/4f070ccd-0168-41ab-a9a4-c13e2dd2626c/resourceGroups/rg-erp-prod-ci/providers/Microsoft.Network/applicationGateways/agw-erp-prod-01/sslCertificates/ssl-cert-wildcard-ginesys-cloud",
                "ssl_certificate_name": "ssl-cert-wildcard-ginesys-cloud",
                "ssl_profile_id": "",
                "ssl_profile_name": ""
              },
              {
                "custom_error_configuration": [],
                "firewall_policy_id": "",
                "frontend_ip_configuration_id": "/subscriptions/4f070ccd-0168-41ab-a9a4-c13e2dd2626c/resourceGroups/rg-erp-prod-ci/providers/Microsoft.Network/applicationGateways/agw-erp-prod-01/frontendIPConfigurations/frontend_public_ip_configuration",
                "frontend_ip_configuration_name": "frontend_public_ip_configuration",
                "frontend_port_id": "/subscriptions/4f070ccd-0168-41ab-a9a4-c13e2dd2626c/resourceGroups/rg-erp-prod-ci/providers/Microsoft.Network/applicationGateways/agw-erp-prod-01/frontendPorts/port_443",
                "frontend_port_name": "port_443",
                "host_name": "egloindia.ginesys.cloud",
                "host_names": [],
                "id": "/subscriptions/4f070ccd-0168-41ab-a9a4-c13e2dd2626c/resourceGroups/rg-erp-prod-ci/providers/Microsoft.Network/applicationGateways/agw-erp-prod-01/httpListeners/listener_vm-erp-egloindia-prod-ci_https",
                "name": "listener_vm-erp-egloindia-prod-ci_https",
                "protocol": "Https",
                "require_sni": true,
                "ssl_certificate_id": "/subscriptions/4f070ccd-0168-41ab-a9a4-c13e2dd2626c/resourceGroups/rg-erp-prod-ci/providers/Microsoft.Network/applicationGateways/agw-erp-prod-01/sslCertificates/ssl-cert-wildcard-ginesys-cloud",
                "ssl_certificate_name": "ssl-cert-wildcard-ginesys-cloud",
                "ssl_profile_id": "",
                "ssl_profile_name": ""
              },
              {
                "custom_error_configuration": [],
                "firewall_policy_id": "",
                "frontend_ip_configuration_id": "/subscriptions/4f070ccd-0168-41ab-a9a4-c13e2dd2626c/resourceGroups/rg-erp-prod-ci/providers/Microsoft.Network/applicationGateways/agw-erp-prod-01/frontendIPConfigurations/frontend_public_ip_configuration",
                "frontend_ip_configuration_name": "frontend_public_ip_configuration",
                "frontend_port_id": "/subscriptions/4f070ccd-0168-41ab-a9a4-c13e2dd2626c/resourceGroups/rg-erp-prod-ci/providers/Microsoft.Network/applicationGateways/agw-erp-prod-01/frontendPorts/port_443",
                "frontend_port_name": "port_443",
                "host_name": "ekdant.ginesys.cloud",
                "host_names": [],
                "id": "/subscriptions/4f070ccd-0168-41ab-a9a4-c13e2dd2626c/resourceGroups/rg-erp-prod-ci/providers/Microsoft.Network/applicationGateways/agw-erp-prod-01/httpListeners/listener_vm-erp-ekdant-prod-ci_https",
                "name": "listener_vm-erp-ekdant-prod-ci_https",
                "protocol": "Https",
                "require_sni": true,
                "ssl_certificate_id": "/subscriptions/4f070ccd-0168-41ab-a9a4-c13e2dd2626c/resourceGroups/rg-erp-prod-ci/providers/Microsoft.Network/applicationGateways/agw-erp-prod-01/sslCertificates/ssl-cert-wildcard-ginesys-cloud",
                "ssl_certificate_name": "ssl-cert-wildcard-ginesys-cloud",
                "ssl_profile_id": "",
                "ssl_profile_name": ""
              },
              {
                "custom_error_configuration": [],
                "firewall_policy_id": "",
                "frontend_ip_configuration_id": "/subscriptions/4f070ccd-0168-41ab-a9a4-c13e2dd2626c/resourceGroups/rg-erp-prod-ci/providers/Microsoft.Network/applicationGateways/agw-erp-prod-01/frontendIPConfigurations/frontend_public_ip_configuration",
                "frontend_ip_configuration_name": "frontend_public_ip_configuration",
                "frontend_port_id": "/subscriptions/4f070ccd-0168-41ab-a9a4-c13e2dd2626c/resourceGroups/rg-erp-prod-ci/providers/Microsoft.Network/applicationGateways/agw-erp-prod-01/frontendPorts/port_443",
                "frontend_port_name": "port_443",
                "host_name": "elkkaretail.ginesys.cloud",
                "host_names": [],
                "id": "/subscriptions/4f070ccd-0168-41ab-a9a4-c13e2dd2626c/resourceGroups/rg-erp-prod-ci/providers/Microsoft.Network/applicationGateways/agw-erp-prod-01/httpListeners/listener_vm-erp-elkkaretail-prod-ci_https",
                "name": "listener_vm-erp-elkkaretail-prod-ci_https",
                "protocol": "Https",
                "require_sni": true,
                "ssl_certificate_id": "/subscriptions/4f070ccd-0168-41ab-a9a4-c13e2dd2626c/resourceGroups/rg-erp-prod-ci/providers/Microsoft.Network/applicationGateways/agw-erp-prod-01/sslCertificates/ssl-cert-wildcard-ginesys-cloud",
                "ssl_certificate_name": "ssl-cert-wildcard-ginesys-cloud",
                "ssl_profile_id": "",
                "ssl_profile_name": ""
              },
              {
                "custom_error_configuration": [],
                "firewall_policy_id": "",
                "frontend_ip_configuration_id": "/subscriptions/4f070ccd-0168-41ab-a9a4-c13e2dd2626c/resourceGroups/rg-erp-prod-ci/providers/Microsoft.Network/applicationGateways/agw-erp-prod-01/frontendIPConfigurations/frontend_public_ip_configuration",
                "frontend_ip_configuration_name": "frontend_public_ip_configuration",
                "frontend_port_id": "/subscriptions/4f070ccd-0168-41ab-a9a4-c13e2dd2626c/resourceGroups/rg-erp-prod-ci/providers/Microsoft.Network/applicationGateways/agw-erp-prod-01/frontendPorts/port_443",
                "frontend_port_name": "port_443",
                "host_name": "fancymall.ginesys.cloud",
                "host_names": [],
                "id": "/subscriptions/4f070ccd-0168-41ab-a9a4-c13e2dd2626c/resourceGroups/rg-erp-prod-ci/providers/Microsoft.Network/applicationGateways/agw-erp-prod-01/httpListeners/listener_vm-erp-fancymall-prod-ci_https",
                "name": "listener_vm-erp-fancymall-prod-ci_https",
                "protocol": "Https",
                "require_sni": true,
                "ssl_certificate_id": "/subscriptions/4f070ccd-0168-41ab-a9a4-c13e2dd2626c/resourceGroups/rg-erp-prod-ci/providers/Microsoft.Network/applicationGateways/agw-erp-prod-01/sslCertificates/ssl-cert-wildcard-ginesys-cloud",
                "ssl_certificate_name": "ssl-cert-wildcard-ginesys-cloud",
                "ssl_profile_id": "",
                "ssl_profile_name": ""
              },
              {
                "custom_error_configuration": [],
                "firewall_policy_id": "",
                "frontend_ip_configuration_id": "/subscriptions/4f070ccd-0168-41ab-a9a4-c13e2dd2626c/resourceGroups/rg-erp-prod-ci/providers/Microsoft.Network/applicationGateways/agw-erp-prod-01/frontendIPConfigurations/frontend_public_ip_configuration",
                "frontend_ip_configuration_name": "frontend_public_ip_configuration",
                "frontend_port_id": "/subscriptions/4f070ccd-0168-41ab-a9a4-c13e2dd2626c/resourceGroups/rg-erp-prod-ci/providers/Microsoft.Network/applicationGateways/agw-erp-prod-01/frontendPorts/port_443",
                "frontend_port_name": "port_443",
                "host_name": "ghadgeclothing.ginesys.cloud",
                "host_names": [],
                "id": "/subscriptions/4f070ccd-0168-41ab-a9a4-c13e2dd2626c/resourceGroups/rg-erp-prod-ci/providers/Microsoft.Network/applicationGateways/agw-erp-prod-01/httpListeners/listener_vm-erp-ghadgeclothing-prod-ci_https",
                "name": "listener_vm-erp-ghadgeclothing-prod-ci_https",
                "protocol": "Https",
                "require_sni": true,
                "ssl_certificate_id": "/subscriptions/4f070ccd-0168-41ab-a9a4-c13e2dd2626c/resourceGroups/rg-erp-prod-ci/providers/Microsoft.Network/applicationGateways/agw-erp-prod-01/sslCertificates/ssl-cert-wildcard-ginesys-cloud",
                "ssl_certificate_name": "ssl-cert-wildcard-ginesys-cloud",
                "ssl_profile_id": "",
                "ssl_profile_name": ""
              },
              {
                "custom_error_configuration": [],
                "firewall_policy_id": "",
                "frontend_ip_configuration_id": "/subscriptions/4f070ccd-0168-41ab-a9a4-c13e2dd2626c/resourceGroups/rg-erp-prod-ci/providers/Microsoft.Network/applicationGateways/agw-erp-prod-01/frontendIPConfigurations/frontend_public_ip_configuration",
                "frontend_ip_configuration_name": "frontend_public_ip_configuration",
                "frontend_port_id": "/subscriptions/4f070ccd-0168-41ab-a9a4-c13e2dd2626c/resourceGroups/rg-erp-prod-ci/providers/Microsoft.Network/applicationGateways/agw-erp-prod-01/frontendPorts/port_443",
                "frontend_port_name": "port_443",
                "host_name": "gnretail.ginesys.cloud",
                "host_names": [],
                "id": "/subscriptions/4f070ccd-0168-41ab-a9a4-c13e2dd2626c/resourceGroups/rg-erp-prod-ci/providers/Microsoft.Network/applicationGateways/agw-erp-prod-01/httpListeners/listener_vm-erp-gnretail-prod-ci_https",
                "name": "listener_vm-erp-gnretail-prod-ci_https",
                "protocol": "Https",
                "require_sni": true,
                "ssl_certificate_id": "/subscriptions/4f070ccd-0168-41ab-a9a4-c13e2dd2626c/resourceGroups/rg-erp-prod-ci/providers/Microsoft.Network/applicationGateways/agw-erp-prod-01/sslCertificates/ssl-cert-wildcard-ginesys-cloud",
                "ssl_certificate_name": "ssl-cert-wildcard-ginesys-cloud",
                "ssl_profile_id": "",
                "ssl_profile_name": ""
              },
              {
                "custom_error_configuration": [],
                "firewall_policy_id": "",
                "frontend_ip_configuration_id": "/subscriptions/4f070ccd-0168-41ab-a9a4-c13e2dd2626c/resourceGroups/rg-erp-prod-ci/providers/Microsoft.Network/applicationGateways/agw-erp-prod-01/frontendIPConfigurations/frontend_public_ip_configuration",
                "frontend_ip_configuration_name": "frontend_public_ip_configuration",
                "frontend_port_id": "/subscriptions/4f070ccd-0168-41ab-a9a4-c13e2dd2626c/resourceGroups/rg-erp-prod-ci/providers/Microsoft.Network/applicationGateways/agw-erp-prod-01/frontendPorts/port_443",
                "frontend_port_name": "port_443",
                "host_name": "intrend.ginesys.cloud",
                "host_names": [],
                "id": "/subscriptions/4f070ccd-0168-41ab-a9a4-c13e2dd2626c/resourceGroups/rg-erp-prod-ci/providers/Microsoft.Network/applicationGateways/agw-erp-prod-01/httpListeners/listener_vm-erp-intrend-prod-ci_https",
                "name": "listener_vm-erp-intrend-prod-ci_https",
                "protocol": "Https",
                "require_sni": true,
                "ssl_certificate_id": "/subscriptions/4f070ccd-0168-41ab-a9a4-c13e2dd2626c/resourceGroups/rg-erp-prod-ci/providers/Microsoft.Network/applicationGateways/agw-erp-prod-01/sslCertificates/ssl-cert-wildcard-ginesys-cloud",
                "ssl_certificate_name": "ssl-cert-wildcard-ginesys-cloud",
                "ssl_profile_id": "",
                "ssl_profile_name": ""
              },
              {
                "custom_error_configuration": [],
                "firewall_policy_id": "",
                "frontend_ip_configuration_id": "/subscriptions/4f070ccd-0168-41ab-a9a4-c13e2dd2626c/resourceGroups/rg-erp-prod-ci/providers/Microsoft.Network/applicationGateways/agw-erp-prod-01/frontendIPConfigurations/frontend_public_ip_configuration",
                "frontend_ip_configuration_name": "frontend_public_ip_configuration",
                "frontend_port_id": "/subscriptions/4f070ccd-0168-41ab-a9a4-c13e2dd2626c/resourceGroups/rg-erp-prod-ci/providers/Microsoft.Network/applicationGateways/agw-erp-prod-01/frontendPorts/port_443",
                "frontend_port_name": "port_443",
                "host_name": "kalyanbahrain.ginesys.cloud",
                "host_names": [],
                "id": "/subscriptions/4f070ccd-0168-41ab-a9a4-c13e2dd2626c/resourceGroups/rg-erp-prod-ci/providers/Microsoft.Network/applicationGateways/agw-erp-prod-01/httpListeners/listener_vm-erp-kalyanbahrain-prod-ci_https",
                "name": "listener_vm-erp-kalyanbahrain-prod-ci_https",
                "protocol": "Https",
                "require_sni": true,
                "ssl_certificate_id": "/subscriptions/4f070ccd-0168-41ab-a9a4-c13e2dd2626c/resourceGroups/rg-erp-prod-ci/providers/Microsoft.Network/applicationGateways/agw-erp-prod-01/sslCertificates/ssl-cert-wildcard-ginesys-cloud",
                "ssl_certificate_name": "ssl-cert-wildcard-ginesys-cloud",
                "ssl_profile_id": "",
                "ssl_profile_name": ""
              },
              {
                "custom_error_configuration": [],
                "firewall_policy_id": "",
                "frontend_ip_configuration_id": "/subscriptions/4f070ccd-0168-41ab-a9a4-c13e2dd2626c/resourceGroups/rg-erp-prod-ci/providers/Microsoft.Network/applicationGateways/agw-erp-prod-01/frontendIPConfigurations/frontend_public_ip_configuration",
                "frontend_ip_configuration_name": "frontend_public_ip_configuration",
                "frontend_port_id": "/subscriptions/4f070ccd-0168-41ab-a9a4-c13e2dd2626c/resourceGroups/rg-erp-prod-ci/providers/Microsoft.Network/applicationGateways/agw-erp-prod-01/frontendPorts/port_443",
                "frontend_port_name": "port_443",
                "host_name": "kapasepaithani.ginesys.cloud",
                "host_names": [],
                "id": "/subscriptions/4f070ccd-0168-41ab-a9a4-c13e2dd2626c/resourceGroups/rg-erp-prod-ci/providers/Microsoft.Network/applicationGateways/agw-erp-prod-01/httpListeners/listener_vm-erp-kapasepaithani-prod-ci_https",
                "name": "listener_vm-erp-kapasepaithani-prod-ci_https",
                "protocol": "Https",
                "require_sni": true,
                "ssl_certificate_id": "/subscriptions/4f070ccd-0168-41ab-a9a4-c13e2dd2626c/resourceGroups/rg-erp-prod-ci/providers/Microsoft.Network/applicationGateways/agw-erp-prod-01/sslCertificates/ssl-cert-wildcard-ginesys-cloud",
                "ssl_certificate_name": "ssl-cert-wildcard-ginesys-cloud",
                "ssl_profile_id": "",
                "ssl_profile_name": ""
              },
              {
                "custom_error_configuration": [],
                "firewall_policy_id": "",
                "frontend_ip_configuration_id": "/subscriptions/4f070ccd-0168-41ab-a9a4-c13e2dd2626c/resourceGroups/rg-erp-prod-ci/providers/Microsoft.Network/applicationGateways/agw-erp-prod-01/frontendIPConfigurations/frontend_public_ip_configuration",
                "frontend_ip_configuration_name": "frontend_public_ip_configuration",
                "frontend_port_id": "/subscriptions/4f070ccd-0168-41ab-a9a4-c13e2dd2626c/resourceGroups/rg-erp-prod-ci/providers/Microsoft.Network/applicationGateways/agw-erp-prod-01/frontendPorts/port_443",
                "frontend_port_name": "port_443",
                "host_name": "kapoor.ginesys.cloud",
                "host_names": [],
                "id": "/subscriptions/4f070ccd-0168-41ab-a9a4-c13e2dd2626c/resourceGroups/rg-erp-prod-ci/providers/Microsoft.Network/applicationGateways/agw-erp-prod-01/httpListeners/listener_vm-erp-kapoor-prod-ci_https",
                "name": "listener_vm-erp-kapoor-prod-ci_https",
                "protocol": "Https",
                "require_sni": true,
                "ssl_certificate_id": "/subscriptions/4f070ccd-0168-41ab-a9a4-c13e2dd2626c/resourceGroups/rg-erp-prod-ci/providers/Microsoft.Network/applicationGateways/agw-erp-prod-01/sslCertificates/ssl-cert-wildcard-ginesys-cloud",
                "ssl_certificate_name": "ssl-cert-wildcard-ginesys-cloud",
                "ssl_profile_id": "",
                "ssl_profile_name": ""
              },
              {
                "custom_error_configuration": [],
                "firewall_policy_id": "",
                "frontend_ip_configuration_id": "/subscriptions/4f070ccd-0168-41ab-a9a4-c13e2dd2626c/resourceGroups/rg-erp-prod-ci/providers/Microsoft.Network/applicationGateways/agw-erp-prod-01/frontendIPConfigurations/frontend_public_ip_configuration",
                "frontend_ip_configuration_name": "frontend_public_ip_configuration",
                "frontend_port_id": "/subscriptions/4f070ccd-0168-41ab-a9a4-c13e2dd2626c/resourceGroups/rg-erp-prod-ci/providers/Microsoft.Network/applicationGateways/agw-erp-prod-01/frontendPorts/port_443",
                "frontend_port_name": "port_443",
                "host_name": "kashishuae.ginesys.cloud",
                "host_names": [],
                "id": "/subscriptions/4f070ccd-0168-41ab-a9a4-c13e2dd2626c/resourceGroups/rg-erp-prod-ci/providers/Microsoft.Network/applicationGateways/agw-erp-prod-01/httpListeners/listener_vm-erp-kashishuae-prod-ci_https",
                "name": "listener_vm-erp-kashishuae-prod-ci_https",
                "protocol": "Https",
                "require_sni": true,
                "ssl_certificate_id": "/subscriptions/4f070ccd-0168-41ab-a9a4-c13e2dd2626c/resourceGroups/rg-erp-prod-ci/providers/Microsoft.Network/applicationGateways/agw-erp-prod-01/sslCertificates/ssl-cert-wildcard-ginesys-cloud",
                "ssl_certificate_name": "ssl-cert-wildcard-ginesys-cloud",
                "ssl_profile_id": "",
                "ssl_profile_name": ""
              },
              {
                "custom_error_configuration": [],
                "firewall_policy_id": "",
                "frontend_ip_configuration_id": "/subscriptions/4f070ccd-0168-41ab-a9a4-c13e2dd2626c/resourceGroups/rg-erp-prod-ci/providers/Microsoft.Network/applicationGateways/agw-erp-prod-01/frontendIPConfigurations/frontend_public_ip_configuration",
                "frontend_ip_configuration_name": "frontend_public_ip_configuration",
                "frontend_port_id": "/subscriptions/4f070ccd-0168-41ab-a9a4-c13e2dd2626c/resourceGroups/rg-erp-prod-ci/providers/Microsoft.Network/applicationGateways/agw-erp-prod-01/frontendPorts/port_443",
                "frontend_port_name": "port_443",
                "host_name": "kgbstores.ginesys.cloud",
                "host_names": [],
                "id": "/subscriptions/4f070ccd-0168-41ab-a9a4-c13e2dd2626c/resourceGroups/rg-erp-prod-ci/providers/Microsoft.Network/applicationGateways/agw-erp-prod-01/httpListeners/listener_vm-erp-kgbstores-prod-ci_https",
                "name": "listener_vm-erp-kgbstores-prod-ci_https",
                "protocol": "Https",
                "require_sni": true,
                "ssl_certificate_id": "/subscriptions/4f070ccd-0168-41ab-a9a4-c13e2dd2626c/resourceGroups/rg-erp-prod-ci/providers/Microsoft.Network/applicationGateways/agw-erp-prod-01/sslCertificates/ssl-cert-wildcard-ginesys-cloud",
                "ssl_certificate_name": "ssl-cert-wildcard-ginesys-cloud",
                "ssl_profile_id": "",
                "ssl_profile_name": ""
              },
              {
                "custom_error_configuration": [],
                "firewall_policy_id": "",
                "frontend_ip_configuration_id": "/subscriptions/4f070ccd-0168-41ab-a9a4-c13e2dd2626c/resourceGroups/rg-erp-prod-ci/providers/Microsoft.Network/applicationGateways/agw-erp-prod-01/frontendIPConfigurations/frontend_public_ip_configuration",
                "frontend_ip_configuration_name": "frontend_public_ip_configuration",
                "frontend_port_id": "/subscriptions/4f070ccd-0168-41ab-a9a4-c13e2dd2626c/resourceGroups/rg-erp-prod-ci/providers/Microsoft.Network/applicationGateways/agw-erp-prod-01/frontendPorts/port_443",
                "frontend_port_name": "port_443",
                "host_name": "kkaprc.ginesys.cloud",
                "host_names": [],
                "id": "/subscriptions/4f070ccd-0168-41ab-a9a4-c13e2dd2626c/resourceGroups/rg-erp-prod-ci/providers/Microsoft.Network/applicationGateways/agw-erp-prod-01/httpListeners/listener_vm-erp-kkaprc-prod-ci_https",
                "name": "listener_vm-erp-kkaprc-prod-ci_https",
                "protocol": "Https",
                "require_sni": true,
                "ssl_certificate_id": "/subscriptions/4f070ccd-0168-41ab-a9a4-c13e2dd2626c/resourceGroups/rg-erp-prod-ci/providers/Microsoft.Network/applicationGateways/agw-erp-prod-01/sslCertificates/ssl-cert-wildcard-ginesys-cloud",
                "ssl_certificate_name": "ssl-cert-wildcard-ginesys-cloud",
                "ssl_profile_id": "",
                "ssl_profile_name": ""
              },
              {
                "custom_error_configuration": [],
                "firewall_policy_id": "",
                "frontend_ip_configuration_id": "/subscriptions/4f070ccd-0168-41ab-a9a4-c13e2dd2626c/resourceGroups/rg-erp-prod-ci/providers/Microsoft.Network/applicationGateways/agw-erp-prod-01/frontendIPConfigurations/frontend_public_ip_configuration",
                "frontend_ip_configuration_name": "frontend_public_ip_configuration",
                "frontend_port_id": "/subscriptions/4f070ccd-0168-41ab-a9a4-c13e2dd2626c/resourceGroups/rg-erp-prod-ci/providers/Microsoft.Network/applicationGateways/agw-erp-prod-01/frontendPorts/port_443",
                "frontend_port_name": "port_443",
                "host_name": "lambodara.ginesys.cloud",
                "host_names": [],
                "id": "/subscriptions/4f070ccd-0168-41ab-a9a4-c13e2dd2626c/resourceGroups/rg-erp-prod-ci/providers/Microsoft.Network/applicationGateways/agw-erp-prod-01/httpListeners/listener_vm-erp-lambodara-prod-ci_https",
                "name": "listener_vm-erp-lambodara-prod-ci_https",
                "protocol": "Https",
                "require_sni": true,
                "ssl_certificate_id": "/subscriptions/4f070ccd-0168-41ab-a9a4-c13e2dd2626c/resourceGroups/rg-erp-prod-ci/providers/Microsoft.Network/applicationGateways/agw-erp-prod-01/sslCertificates/ssl-cert-wildcard-ginesys-cloud",
                "ssl_certificate_name": "ssl-cert-wildcard-ginesys-cloud",
                "ssl_profile_id": "",
                "ssl_profile_name": ""
              },
              {
                "custom_error_configuration": [],
                "firewall_policy_id": "",
                "frontend_ip_configuration_id": "/subscriptions/4f070ccd-0168-41ab-a9a4-c13e2dd2626c/resourceGroups/rg-erp-prod-ci/providers/Microsoft.Network/applicationGateways/agw-erp-prod-01/frontendIPConfigurations/frontend_public_ip_configuration",
                "frontend_ip_configuration_name": "frontend_public_ip_configuration",
                "frontend_port_id": "/subscriptions/4f070ccd-0168-41ab-a9a4-c13e2dd2626c/resourceGroups/rg-erp-prod-ci/providers/Microsoft.Network/applicationGateways/agw-erp-prod-01/frontendPorts/port_443",
                "frontend_port_name": "port_443",
                "host_name": "mithaipotlam.ginesys.cloud",
                "host_names": [],
                "id": "/subscriptions/4f070ccd-0168-41ab-a9a4-c13e2dd2626c/resourceGroups/rg-erp-prod-ci/providers/Microsoft.Network/applicationGateways/agw-erp-prod-01/httpListeners/listener_vm-erp-mithaipotlam-prod-ci_https",
                "name": "listener_vm-erp-mithaipotlam-prod-ci_https",
                "protocol": "Https",
                "require_sni": true,
                "ssl_certificate_id": "/subscriptions/4f070ccd-0168-41ab-a9a4-c13e2dd2626c/resourceGroups/rg-erp-prod-ci/providers/Microsoft.Network/applicationGateways/agw-erp-prod-01/sslCertificates/ssl-cert-wildcard-ginesys-cloud",
                "ssl_certificate_name": "ssl-cert-wildcard-ginesys-cloud",
                "ssl_profile_id": "",
                "ssl_profile_name": ""
              },
              {
                "custom_error_configuration": [],
                "firewall_policy_id": "",
                "frontend_ip_configuration_id": "/subscriptions/4f070ccd-0168-41ab-a9a4-c13e2dd2626c/resourceGroups/rg-erp-prod-ci/providers/Microsoft.Network/applicationGateways/agw-erp-prod-01/frontendIPConfigurations/frontend_public_ip_configuration",
                "frontend_ip_configuration_name": "frontend_public_ip_configuration",
                "frontend_port_id": "/subscriptions/4f070ccd-0168-41ab-a9a4-c13e2dd2626c/resourceGroups/rg-erp-prod-ci/providers/Microsoft.Network/applicationGateways/agw-erp-prod-01/frontendPorts/port_443",
                "frontend_port_name": "port_443",
                "host_name": "nidhidecor.ginesys.cloud",
                "host_names": [],
                "id": "/subscriptions/4f070ccd-0168-41ab-a9a4-c13e2dd2626c/resourceGroups/rg-erp-prod-ci/providers/Microsoft.Network/applicationGateways/agw-erp-prod-01/httpListeners/listener_vm-erp-nidhidecor-prod-ci_https",
                "name": "listener_vm-erp-nidhidecor-prod-ci_https",
                "protocol": "Https",
                "require_sni": true,
                "ssl_certificate_id": "/subscriptions/4f070ccd-0168-41ab-a9a4-c13e2dd2626c/resourceGroups/rg-erp-prod-ci/providers/Microsoft.Network/applicationGateways/agw-erp-prod-01/sslCertificates/ssl-cert-wildcard-ginesys-cloud",
                "ssl_certificate_name": "ssl-cert-wildcard-ginesys-cloud",
                "ssl_profile_id": "",
                "ssl_profile_name": ""
              },
              {
                "custom_error_configuration": [],
                "firewall_policy_id": "",
                "frontend_ip_configuration_id": "/subscriptions/4f070ccd-0168-41ab-a9a4-c13e2dd2626c/resourceGroups/rg-erp-prod-ci/providers/Microsoft.Network/applicationGateways/agw-erp-prod-01/frontendIPConfigurations/frontend_public_ip_configuration",
                "frontend_ip_configuration_name": "frontend_public_ip_configuration",
                "frontend_port_id": "/subscriptions/4f070ccd-0168-41ab-a9a4-c13e2dd2626c/resourceGroups/rg-erp-prod-ci/providers/Microsoft.Network/applicationGateways/agw-erp-prod-01/frontendPorts/port_443",
                "frontend_port_name": "port_443",
                "host_name": "nmfrontieruk.ginesys.cloud",
                "host_names": [],
                "id": "/subscriptions/4f070ccd-0168-41ab-a9a4-c13e2dd2626c/resourceGroups/rg-erp-prod-ci/providers/Microsoft.Network/applicationGateways/agw-erp-prod-01/httpListeners/listener_vm-erp-nmfrontieruk-prod-ci_https",
                "name": "listener_vm-erp-nmfrontieruk-prod-ci_https",
                "protocol": "Https",
                "require_sni": true,
                "ssl_certificate_id": "/subscriptions/4f070ccd-0168-41ab-a9a4-c13e2dd2626c/resourceGroups/rg-erp-prod-ci/providers/Microsoft.Network/applicationGateways/agw-erp-prod-01/sslCertificates/ssl-cert-wildcard-ginesys-cloud",
                "ssl_certificate_name": "ssl-cert-wildcard-ginesys-cloud",
                "ssl_profile_id": "",
                "ssl_profile_name": ""
              },
              {
                "custom_error_configuration": [],
                "firewall_policy_id": "",
                "frontend_ip_configuration_id": "/subscriptions/4f070ccd-0168-41ab-a9a4-c13e2dd2626c/resourceGroups/rg-erp-prod-ci/providers/Microsoft.Network/applicationGateways/agw-erp-prod-01/frontendIPConfigurations/frontend_public_ip_configuration",
                "frontend_ip_configuration_name": "frontend_public_ip_configuration",
                "frontend_port_id": "/subscriptions/4f070ccd-0168-41ab-a9a4-c13e2dd2626c/resourceGroups/rg-erp-prod-ci/providers/Microsoft.Network/applicationGateways/agw-erp-prod-01/frontendPorts/port_443",
                "frontend_port_name": "port_443",
                "host_name": "nohmapparels.ginesys.cloud",
                "host_names": [],
                "id": "/subscriptions/4f070ccd-0168-41ab-a9a4-c13e2dd2626c/resourceGroups/rg-erp-prod-ci/providers/Microsoft.Network/applicationGateways/agw-erp-prod-01/httpListeners/listener_vm-erp-nohmapparels-prod-ci_https",
                "name": "listener_vm-erp-nohmapparels-prod-ci_https",
                "protocol": "Https",
                "require_sni": true,
                "ssl_certificate_id": "/subscriptions/4f070ccd-0168-41ab-a9a4-c13e2dd2626c/resourceGroups/rg-erp-prod-ci/providers/Microsoft.Network/applicationGateways/agw-erp-prod-01/sslCertificates/ssl-cert-wildcard-ginesys-cloud",
                "ssl_certificate_name": "ssl-cert-wildcard-ginesys-cloud",
                "ssl_profile_id": "",
                "ssl_profile_name": ""
              },
              {
                "custom_error_configuration": [],
                "firewall_policy_id": "",
                "frontend_ip_configuration_id": "/subscriptions/4f070ccd-0168-41ab-a9a4-c13e2dd2626c/resourceGroups/rg-erp-prod-ci/providers/Microsoft.Network/applicationGateways/agw-erp-prod-01/frontendIPConfigurations/frontend_public_ip_configuration",
                "frontend_ip_configuration_name": "frontend_public_ip_configuration",
                "frontend_port_id": "/subscriptions/4f070ccd-0168-41ab-a9a4-c13e2dd2626c/resourceGroups/rg-erp-prod-ci/providers/Microsoft.Network/applicationGateways/agw-erp-prod-01/frontendPorts/port_443",
                "frontend_port_name": "port_443",
                "host_name": "occasion.ginesys.cloud",
                "host_names": [],
                "id": "/subscriptions/4f070ccd-0168-41ab-a9a4-c13e2dd2626c/resourceGroups/rg-erp-prod-ci/providers/Microsoft.Network/applicationGateways/agw-erp-prod-01/httpListeners/listener_vm-erp-occasion-prod-ci_https",
                "name": "listener_vm-erp-occasion-prod-ci_https",
                "protocol": "Https",
                "require_sni": true,
                "ssl_certificate_id": "/subscriptions/4f070ccd-0168-41ab-a9a4-c13e2dd2626c/resourceGroups/rg-erp-prod-ci/providers/Microsoft.Network/applicationGateways/agw-erp-prod-01/sslCertificates/ssl-cert-wildcard-ginesys-cloud",
                "ssl_certificate_name": "ssl-cert-wildcard-ginesys-cloud",
                "ssl_profile_id": "",
                "ssl_profile_name": ""
              },
              {
                "custom_error_configuration": [],
                "firewall_policy_id": "",
                "frontend_ip_configuration_id": "/subscriptions/4f070ccd-0168-41ab-a9a4-c13e2dd2626c/resourceGroups/rg-erp-prod-ci/providers/Microsoft.Network/applicationGateways/agw-erp-prod-01/frontendIPConfigurations/frontend_public_ip_configuration",
                "frontend_ip_configuration_name": "frontend_public_ip_configuration",
                "frontend_port_id": "/subscriptions/4f070ccd-0168-41ab-a9a4-c13e2dd2626c/resourceGroups/rg-erp-prod-ci/providers/Microsoft.Network/applicationGateways/agw-erp-prod-01/frontendPorts/port_443",
                "frontend_port_name": "port_443",
                "host_name": "phonex.ginesys.cloud",
                "host_names": [],
                "id": "/subscriptions/4f070ccd-0168-41ab-a9a4-c13e2dd2626c/resourceGroups/rg-erp-prod-ci/providers/Microsoft.Network/applicationGateways/agw-erp-prod-01/httpListeners/listener_vm-erp-phonex-prod-ci_https",
                "name": "listener_vm-erp-phonex-prod-ci_https",
                "protocol": "Https",
                "require_sni": true,
                "ssl_certificate_id": "/subscriptions/4f070ccd-0168-41ab-a9a4-c13e2dd2626c/resourceGroups/rg-erp-prod-ci/providers/Microsoft.Network/applicationGateways/agw-erp-prod-01/sslCertificates/ssl-cert-wildcard-ginesys-cloud",
                "ssl_certificate_name": "ssl-cert-wildcard-ginesys-cloud",
                "ssl_profile_id": "",
                "ssl_profile_name": ""
              },
              {
                "custom_error_configuration": [],
                "firewall_policy_id": "",
                "frontend_ip_configuration_id": "/subscriptions/4f070ccd-0168-41ab-a9a4-c13e2dd2626c/resourceGroups/rg-erp-prod-ci/providers/Microsoft.Network/applicationGateways/agw-erp-prod-01/frontendIPConfigurations/frontend_public_ip_configuration",
                "frontend_ip_configuration_name": "frontend_public_ip_configuration",
                "frontend_port_id": "/subscriptions/4f070ccd-0168-41ab-a9a4-c13e2dd2626c/resourceGroups/rg-erp-prod-ci/providers/Microsoft.Network/applicationGateways/agw-erp-prod-01/frontendPorts/port_443",
                "frontend_port_name": "port_443",
                "host_name": "pizunalinens.ginesys.cloud",
                "host_names": [],
                "id": "/subscriptions/4f070ccd-0168-41ab-a9a4-c13e2dd2626c/resourceGroups/rg-erp-prod-ci/providers/Microsoft.Network/applicationGateways/agw-erp-prod-01/httpListeners/listener_vm-erp-pizunalinens-prod-ci_https",
                "name": "listener_vm-erp-pizunalinens-prod-ci_https",
                "protocol": "Https",
                "require_sni": true,
                "ssl_certificate_id": "/subscriptions/4f070ccd-0168-41ab-a9a4-c13e2dd2626c/resourceGroups/rg-erp-prod-ci/providers/Microsoft.Network/applicationGateways/agw-erp-prod-01/sslCertificates/ssl-cert-wildcard-ginesys-cloud",
                "ssl_certificate_name": "ssl-cert-wildcard-ginesys-cloud",
                "ssl_profile_id": "",
                "ssl_profile_name": ""
              },
              {
                "custom_error_configuration": [],
                "firewall_policy_id": "",
                "frontend_ip_configuration_id": "/subscriptions/4f070ccd-0168-41ab-a9a4-c13e2dd2626c/resourceGroups/rg-erp-prod-ci/providers/Microsoft.Network/applicationGateways/agw-erp-prod-01/frontendIPConfigurations/frontend_public_ip_configuration",
                "frontend_ip_configuration_name": "frontend_public_ip_configuration",
                "frontend_port_id": "/subscriptions/4f070ccd-0168-41ab-a9a4-c13e2dd2626c/resourceGroups/rg-erp-prod-ci/providers/Microsoft.Network/applicationGateways/agw-erp-prod-01/frontendPorts/port_443",
                "frontend_port_name": "port_443",
                "host_name": "radheshyamstore.ginesys.cloud",
                "host_names": [],
                "id": "/subscriptions/4f070ccd-0168-41ab-a9a4-c13e2dd2626c/resourceGroups/rg-erp-prod-ci/providers/Microsoft.Network/applicationGateways/agw-erp-prod-01/httpListeners/listener_vm-erp-radheshyamstore-prod-ci_https",
                "name": "listener_vm-erp-radheshyamstore-prod-ci_https",
                "protocol": "Https",
                "require_sni": true,
                "ssl_certificate_id": "/subscriptions/4f070ccd-0168-41ab-a9a4-c13e2dd2626c/resourceGroups/rg-erp-prod-ci/providers/Microsoft.Network/applicationGateways/agw-erp-prod-01/sslCertificates/ssl-cert-wildcard-ginesys-cloud",
                "ssl_certificate_name": "ssl-cert-wildcard-ginesys-cloud",
                "ssl_profile_id": "",
                "ssl_profile_name": ""
              },
              {
                "custom_error_configuration": [],
                "firewall_policy_id": "",
                "frontend_ip_configuration_id": "/subscriptions/4f070ccd-0168-41ab-a9a4-c13e2dd2626c/resourceGroups/rg-erp-prod-ci/providers/Microsoft.Network/applicationGateways/agw-erp-prod-01/frontendIPConfigurations/frontend_public_ip_configuration",
                "frontend_ip_configuration_name": "frontend_public_ip_configuration",
                "frontend_port_id": "/subscriptions/4f070ccd-0168-41ab-a9a4-c13e2dd2626c/resourceGroups/rg-erp-prod-ci/providers/Microsoft.Network/applicationGateways/agw-erp-prod-01/frontendPorts/port_443",
                "frontend_port_name": "port_443",
                "host_name": "raisinglobal.ginesys.cloud",
                "host_names": [],
                "id": "/subscriptions/4f070ccd-0168-41ab-a9a4-c13e2dd2626c/resourceGroups/rg-erp-prod-ci/providers/Microsoft.Network/applicationGateways/agw-erp-prod-01/httpListeners/listener_vm-erp-raisinglobal-prod-ci_https",
                "name": "listener_vm-erp-raisinglobal-prod-ci_https",
                "protocol": "Https",
                "require_sni": true,
                "ssl_certificate_id": "/subscriptions/4f070ccd-0168-41ab-a9a4-c13e2dd2626c/resourceGroups/rg-erp-prod-ci/providers/Microsoft.Network/applicationGateways/agw-erp-prod-01/sslCertificates/ssl-cert-wildcard-ginesys-cloud",
                "ssl_certificate_name": "ssl-cert-wildcard-ginesys-cloud",
                "ssl_profile_id": "",
                "ssl_profile_name": ""
              },
              {
                "custom_error_configuration": [],
                "firewall_policy_id": "",
                "frontend_ip_configuration_id": "/subscriptions/4f070ccd-0168-41ab-a9a4-c13e2dd2626c/resourceGroups/rg-erp-prod-ci/providers/Microsoft.Network/applicationGateways/agw-erp-prod-01/frontendIPConfigurations/frontend_public_ip_configuration",
                "frontend_ip_configuration_name": "frontend_public_ip_configuration",
                "frontend_port_id": "/subscriptions/4f070ccd-0168-41ab-a9a4-c13e2dd2626c/resourceGroups/rg-erp-prod-ci/providers/Microsoft.Network/applicationGateways/agw-erp-prod-01/frontendPorts/port_443",
                "frontend_port_name": "port_443",
                "host_name": "ridhimehra.ginesys.cloud",
                "host_names": [],
                "id": "/subscriptions/4f070ccd-0168-41ab-a9a4-c13e2dd2626c/resourceGroups/rg-erp-prod-ci/providers/Microsoft.Network/applicationGateways/agw-erp-prod-01/httpListeners/listener_vm-erp-ridhimehra-prod-ci_https",
                "name": "listener_vm-erp-ridhimehra-prod-ci_https",
                "protocol": "Https",
                "require_sni": true,
                "ssl_certificate_id": "/subscriptions/4f070ccd-0168-41ab-a9a4-c13e2dd2626c/resourceGroups/rg-erp-prod-ci/providers/Microsoft.Network/applicationGateways/agw-erp-prod-01/sslCertificates/ssl-cert-wildcard-ginesys-cloud",
                "ssl_certificate_name": "ssl-cert-wildcard-ginesys-cloud",
                "ssl_profile_id": "",
                "ssl_profile_name": ""
              },
              {
                "custom_error_configuration": [],
                "firewall_policy_id": "",
                "frontend_ip_configuration_id": "/subscriptions/4f070ccd-0168-41ab-a9a4-c13e2dd2626c/resourceGroups/rg-erp-prod-ci/providers/Microsoft.Network/applicationGateways/agw-erp-prod-01/frontendIPConfigurations/frontend_public_ip_configuration",
                "frontend_ip_configuration_name": "frontend_public_ip_configuration",
                "frontend_port_id": "/subscriptions/4f070ccd-0168-41ab-a9a4-c13e2dd2626c/resourceGroups/rg-erp-prod-ci/providers/Microsoft.Network/applicationGateways/agw-erp-prod-01/frontendPorts/port_443",
                "frontend_port_name": "port_443",
                "host_name": "rithika.ginesys.cloud",
                "host_names": [],
                "id": "/subscriptions/4f070ccd-0168-41ab-a9a4-c13e2dd2626c/resourceGroups/rg-erp-prod-ci/providers/Microsoft.Network/applicationGateways/agw-erp-prod-01/httpListeners/listener_vm-erp-rithika-prod-ci_https",
                "name": "listener_vm-erp-rithika-prod-ci_https",
                "protocol": "Https",
                "require_sni": true,
                "ssl_certificate_id": "/subscriptions/4f070ccd-0168-41ab-a9a4-c13e2dd2626c/resourceGroups/rg-erp-prod-ci/providers/Microsoft.Network/applicationGateways/agw-erp-prod-01/sslCertificates/ssl-cert-wildcard-ginesys-cloud",
                "ssl_certificate_name": "ssl-cert-wildcard-ginesys-cloud",
                "ssl_profile_id": "",
                "ssl_profile_name": ""
              },
              {
                "custom_error_configuration": [],
                "firewall_policy_id": "",
                "frontend_ip_configuration_id": "/subscriptions/4f070ccd-0168-41ab-a9a4-c13e2dd2626c/resourceGroups/rg-erp-prod-ci/providers/Microsoft.Network/applicationGateways/agw-erp-prod-01/frontendIPConfigurations/frontend_public_ip_configuration",
                "frontend_ip_configuration_name": "frontend_public_ip_configuration",
                "frontend_port_id": "/subscriptions/4f070ccd-0168-41ab-a9a4-c13e2dd2626c/resourceGroups/rg-erp-prod-ci/providers/Microsoft.Network/applicationGateways/agw-erp-prod-01/frontendPorts/port_443",
                "frontend_port_name": "port_443",
                "host_name": "rkclothing.ginesys.cloud",
                "host_names": [],
                "id": "/subscriptions/4f070ccd-0168-41ab-a9a4-c13e2dd2626c/resourceGroups/rg-erp-prod-ci/providers/Microsoft.Network/applicationGateways/agw-erp-prod-01/httpListeners/listener_vm-erp-rkclothing-prod-ci_https",
                "name": "listener_vm-erp-rkclothing-prod-ci_https",
                "protocol": "Https",
                "require_sni": true,
                "ssl_certificate_id": "/subscriptions/4f070ccd-0168-41ab-a9a4-c13e2dd2626c/resourceGroups/rg-erp-prod-ci/providers/Microsoft.Network/applicationGateways/agw-erp-prod-01/sslCertificates/ssl-cert-wildcard-ginesys-cloud",
                "ssl_certificate_name": "ssl-cert-wildcard-ginesys-cloud",
                "ssl_profile_id": "",
                "ssl_profile_name": ""
              },
              {
                "custom_error_configuration": [],
                "firewall_policy_id": "",
                "frontend_ip_configuration_id": "/subscriptions/4f070ccd-0168-41ab-a9a4-c13e2dd2626c/resourceGroups/rg-erp-prod-ci/providers/Microsoft.Network/applicationGateways/agw-erp-prod-01/frontendIPConfigurations/frontend_public_ip_configuration",
                "frontend_ip_configuration_name": "frontend_public_ip_configuration",
                "frontend_port_id": "/subscriptions/4f070ccd-0168-41ab-a9a4-c13e2dd2626c/resourceGroups/rg-erp-prod-ci/providers/Microsoft.Network/applicationGateways/agw-erp-prod-01/frontendPorts/port_443",
                "frontend_port_name": "port_443",
                "host_name": "rkfamilystore.ginesys.cloud",
                "host_names": [],
                "id": "/subscriptions/4f070ccd-0168-41ab-a9a4-c13e2dd2626c/resourceGroups/rg-erp-prod-ci/providers/Microsoft.Network/applicationGateways/agw-erp-prod-01/httpListeners/listener_vm-erp-rkfamilystore-prod-ci_https",
                "name": "listener_vm-erp-rkfamilystore-prod-ci_https",
                "protocol": "Https",
                "require_sni": true,
                "ssl_certificate_id": "/subscriptions/4f070ccd-0168-41ab-a9a4-c13e2dd2626c/resourceGroups/rg-erp-prod-ci/providers/Microsoft.Network/applicationGateways/agw-erp-prod-01/sslCertificates/ssl-cert-wildcard-ginesys-cloud",
                "ssl_certificate_name": "ssl-cert-wildcard-ginesys-cloud",
                "ssl_profile_id": "",
                "ssl_profile_name": ""
              },
              {
                "custom_error_configuration": [],
                "firewall_policy_id": "",
                "frontend_ip_configuration_id": "/subscriptions/4f070ccd-0168-41ab-a9a4-c13e2dd2626c/resourceGroups/rg-erp-prod-ci/providers/Microsoft.Network/applicationGateways/agw-erp-prod-01/frontendIPConfigurations/frontend_public_ip_configuration",
                "frontend_ip_configuration_name": "frontend_public_ip_configuration",
                "frontend_port_id": "/subscriptions/4f070ccd-0168-41ab-a9a4-c13e2dd2626c/resourceGroups/rg-erp-prod-ci/providers/Microsoft.Network/applicationGateways/agw-erp-prod-01/frontendPorts/port_443",
                "frontend_port_name": "port_443",
                "host_name": "sabkaabazar.ginesys.cloud",
                "host_names": [],
                "id": "/subscriptions/4f070ccd-0168-41ab-a9a4-c13e2dd2626c/resourceGroups/rg-erp-prod-ci/providers/Microsoft.Network/applicationGateways/agw-erp-prod-01/httpListeners/listener_vm-erp-sabkaabazar-prod-ci_https",
                "name": "listener_vm-erp-sabkaabazar-prod-ci_https",
                "protocol": "Https",
                "require_sni": true,
                "ssl_certificate_id": "/subscriptions/4f070ccd-0168-41ab-a9a4-c13e2dd2626c/resourceGroups/rg-erp-prod-ci/providers/Microsoft.Network/applicationGateways/agw-erp-prod-01/sslCertificates/ssl-cert-wildcard-ginesys-cloud",
                "ssl_certificate_name": "ssl-cert-wildcard-ginesys-cloud",
                "ssl_profile_id": "",
                "ssl_profile_name": ""
              },
              {
                "custom_error_configuration": [],
                "firewall_policy_id": "",
                "frontend_ip_configuration_id": "/subscriptions/4f070ccd-0168-41ab-a9a4-c13e2dd2626c/resourceGroups/rg-erp-prod-ci/providers/Microsoft.Network/applicationGateways/agw-erp-prod-01/frontendIPConfigurations/frontend_public_ip_configuration",
                "frontend_ip_configuration_name": "frontend_public_ip_configuration",
                "frontend_port_id": "/subscriptions/4f070ccd-0168-41ab-a9a4-c13e2dd2626c/resourceGroups/rg-erp-prod-ci/providers/Microsoft.Network/applicationGateways/agw-erp-prod-01/frontendPorts/port_443",
                "frontend_port_name": "port_443",
                "host_name": "sbaazarmetro.ginesys.cloud",
                "host_names": [],
                "id": "/subscriptions/4f070ccd-0168-41ab-a9a4-c13e2dd2626c/resourceGroups/rg-erp-prod-ci/providers/Microsoft.Network/applicationGateways/agw-erp-prod-01/httpListeners/listener_vm-erp-sbaazarmetro-prod-ci_https",
                "name": "listener_vm-erp-sbaazarmetro-prod-ci_https",
                "protocol": "Https",
                "require_sni": true,
                "ssl_certificate_id": "/subscriptions/4f070ccd-0168-41ab-a9a4-c13e2dd2626c/resourceGroups/rg-erp-prod-ci/providers/Microsoft.Network/applicationGateways/agw-erp-prod-01/sslCertificates/ssl-cert-wildcard-ginesys-cloud",
                "ssl_certificate_name": "ssl-cert-wildcard-ginesys-cloud",
                "ssl_profile_id": "",
                "ssl_profile_name": ""
              },
              {
                "custom_error_configuration": [],
                "firewall_policy_id": "",
                "frontend_ip_configuration_id": "/subscriptions/4f070ccd-0168-41ab-a9a4-c13e2dd2626c/resourceGroups/rg-erp-prod-ci/providers/Microsoft.Network/applicationGateways/agw-erp-prod-01/frontendIPConfigurations/frontend_public_ip_configuration",
                "frontend_ip_configuration_name": "frontend_public_ip_configuration",
                "frontend_port_id": "/subscriptions/4f070ccd-0168-41ab-a9a4-c13e2dd2626c/resourceGroups/rg-erp-prod-ci/providers/Microsoft.Network/applicationGateways/agw-erp-prod-01/frontendPorts/port_443",
                "frontend_port_name": "port_443",
                "host_name": "shayartex.ginesys.cloud",
                "host_names": [],
                "id": "/subscriptions/4f070ccd-0168-41ab-a9a4-c13e2dd2626c/resourceGroups/rg-erp-prod-ci/providers/Microsoft.Network/applicationGateways/agw-erp-prod-01/httpListeners/listener_vm-erp-shayartex-prod-ci_https",
                "name": "listener_vm-erp-shayartex-prod-ci_https",
                "protocol": "Https",
                "require_sni": true,
                "ssl_certificate_id": "/subscriptions/4f070ccd-0168-41ab-a9a4-c13e2dd2626c/resourceGroups/rg-erp-prod-ci/providers/Microsoft.Network/applicationGateways/agw-erp-prod-01/sslCertificates/ssl-cert-wildcard-ginesys-cloud",
                "ssl_certificate_name": "ssl-cert-wildcard-ginesys-cloud",
                "ssl_profile_id": "",
                "ssl_profile_name": ""
              },
              {
                "custom_error_configuration": [],
                "firewall_policy_id": "",
                "frontend_ip_configuration_id": "/subscriptions/4f070ccd-0168-41ab-a9a4-c13e2dd2626c/resourceGroups/rg-erp-prod-ci/providers/Microsoft.Network/applicationGateways/agw-erp-prod-01/frontendIPConfigurations/frontend_public_ip_configuration",
                "frontend_ip_configuration_name": "frontend_public_ip_configuration",
                "frontend_port_id": "/subscriptions/4f070ccd-0168-41ab-a9a4-c13e2dd2626c/resourceGroups/rg-erp-prod-ci/providers/Microsoft.Network/applicationGateways/agw-erp-prod-01/frontendPorts/port_443",
                "frontend_port_name": "port_443",
                "host_name": "shrujanchanda.ginesys.cloud",
                "host_names": [],
                "id": "/subscriptions/4f070ccd-0168-41ab-a9a4-c13e2dd2626c/resourceGroups/rg-erp-prod-ci/providers/Microsoft.Network/applicationGateways/agw-erp-prod-01/httpListeners/listener_vm-erp-shrujanchanda-prod-ci_https",
                "name": "listener_vm-erp-shrujanchanda-prod-ci_https",
                "protocol": "Https",
                "require_sni": true,
                "ssl_certificate_id": "/subscriptions/4f070ccd-0168-41ab-a9a4-c13e2dd2626c/resourceGroups/rg-erp-prod-ci/providers/Microsoft.Network/applicationGateways/agw-erp-prod-01/sslCertificates/ssl-cert-wildcard-ginesys-cloud",
                "ssl_certificate_name": "ssl-cert-wildcard-ginesys-cloud",
                "ssl_profile_id": "",
                "ssl_profile_name": ""
              },
              {
                "custom_error_configuration": [],
                "firewall_policy_id": "",
                "frontend_ip_configuration_id": "/subscriptions/4f070ccd-0168-41ab-a9a4-c13e2dd2626c/resourceGroups/rg-erp-prod-ci/providers/Microsoft.Network/applicationGateways/agw-erp-prod-01/frontendIPConfigurations/frontend_public_ip_configuration",
                "frontend_ip_configuration_name": "frontend_public_ip_configuration",
                "frontend_port_id": "/subscriptions/4f070ccd-0168-41ab-a9a4-c13e2dd2626c/resourceGroups/rg-erp-prod-ci/providers/Microsoft.Network/applicationGateways/agw-erp-prod-01/frontendPorts/port_443",
                "frontend_port_name": "port_443",
                "host_name": "sithara.ginesys.cloud",
                "host_names": [],
                "id": "/subscriptions/4f070ccd-0168-41ab-a9a4-c13e2dd2626c/resourceGroups/rg-erp-prod-ci/providers/Microsoft.Network/applicationGateways/agw-erp-prod-01/httpListeners/listener_vm-erp-sithara-prod_https",
                "name": "listener_vm-erp-sithara-prod_https",
                "protocol": "Https",
                "require_sni": true,
                "ssl_certificate_id": "/subscriptions/4f070ccd-0168-41ab-a9a4-c13e2dd2626c/resourceGroups/rg-erp-prod-ci/providers/Microsoft.Network/applicationGateways/agw-erp-prod-01/sslCertificates/ssl-cert-wildcard-ginesys-cloud",
                "ssl_certificate_name": "ssl-cert-wildcard-ginesys-cloud",
                "ssl_profile_id": "",
                "ssl_profile_name": ""
              },
              {
                "custom_error_configuration": [],
                "firewall_policy_id": "",
                "frontend_ip_configuration_id": "/subscriptions/4f070ccd-0168-41ab-a9a4-c13e2dd2626c/resourceGroups/rg-erp-prod-ci/providers/Microsoft.Network/applicationGateways/agw-erp-prod-01/frontendIPConfigurations/frontend_public_ip_configuration",
                "frontend_ip_configuration_name": "frontend_public_ip_configuration",
                "frontend_port_id": "/subscriptions/4f070ccd-0168-41ab-a9a4-c13e2dd2626c/resourceGroups/rg-erp-prod-ci/providers/Microsoft.Network/applicationGateways/agw-erp-prod-01/frontendPorts/port_443",
                "frontend_port_name": "port_443",
                "host_name": "solitario.ginesys.cloud",
                "host_names": [],
                "id": "/subscriptions/4f070ccd-0168-41ab-a9a4-c13e2dd2626c/resourceGroups/rg-erp-prod-ci/providers/Microsoft.Network/applicationGateways/agw-erp-prod-01/httpListeners/listener_vm-erp-solitario-prod-ci_https",
                "name": "listener_vm-erp-solitario-prod-ci_https",
                "protocol": "Https",
                "require_sni": true,
                "ssl_certificate_id": "/subscriptions/4f070ccd-0168-41ab-a9a4-c13e2dd2626c/resourceGroups/rg-erp-prod-ci/providers/Microsoft.Network/applicationGateways/agw-erp-prod-01/sslCertificates/ssl-cert-wildcard-ginesys-cloud",
                "ssl_certificate_name": "ssl-cert-wildcard-ginesys-cloud",
                "ssl_profile_id": "",
                "ssl_profile_name": ""
              },
              {
                "custom_error_configuration": [],
                "firewall_policy_id": "",
                "frontend_ip_configuration_id": "/subscriptions/4f070ccd-0168-41ab-a9a4-c13e2dd2626c/resourceGroups/rg-erp-prod-ci/providers/Microsoft.Network/applicationGateways/agw-erp-prod-01/frontendIPConfigurations/frontend_public_ip_configuration",
                "frontend_ip_configuration_name": "frontend_public_ip_configuration",
                "frontend_port_id": "/subscriptions/4f070ccd-0168-41ab-a9a4-c13e2dd2626c/resourceGroups/rg-erp-prod-ci/providers/Microsoft.Network/applicationGateways/agw-erp-prod-01/frontendPorts/port_443",
                "frontend_port_name": "port_443",
                "host_name": "sulsaho.ginesys.cloud",
                "host_names": [],
                "id": "/subscriptions/4f070ccd-0168-41ab-a9a4-c13e2dd2626c/resourceGroups/rg-erp-prod-ci/providers/Microsoft.Network/applicationGateways/agw-erp-prod-01/httpListeners/listener_vm-erp-sulsaho-prod_https",
                "name": "listener_vm-erp-sulsaho-prod_https",
                "protocol": "Https",
                "require_sni": true,
                "ssl_certificate_id": "/subscriptions/4f070ccd-0168-41ab-a9a4-c13e2dd2626c/resourceGroups/rg-erp-prod-ci/providers/Microsoft.Network/applicationGateways/agw-erp-prod-01/sslCertificates/ssl-cert-wildcard-ginesys-cloud",
                "ssl_certificate_name": "ssl-cert-wildcard-ginesys-cloud",
                "ssl_profile_id": "",
                "ssl_profile_name": ""
              },
              {
                "custom_error_configuration": [],
                "firewall_policy_id": "",
                "frontend_ip_configuration_id": "/subscriptions/4f070ccd-0168-41ab-a9a4-c13e2dd2626c/resourceGroups/rg-erp-prod-ci/providers/Microsoft.Network/applicationGateways/agw-erp-prod-01/frontendIPConfigurations/frontend_public_ip_configuration",
                "frontend_ip_configuration_name": "frontend_public_ip_configuration",
                "frontend_port_id": "/subscriptions/4f070ccd-0168-41ab-a9a4-c13e2dd2626c/resourceGroups/rg-erp-prod-ci/providers/Microsoft.Network/applicationGateways/agw-erp-prod-01/frontendPorts/port_443",
                "frontend_port_name": "port_443",
                "host_name": "texonltd.ginesys.cloud",
                "host_names": [],
                "id": "/subscriptions/4f070ccd-0168-41ab-a9a4-c13e2dd2626c/resourceGroups/rg-erp-prod-ci/providers/Microsoft.Network/applicationGateways/agw-erp-prod-01/httpListeners/listener_vm-erp-texonltd-prod-ci_https",
                "name": "listener_vm-erp-texonltd-prod-ci_https",
                "protocol": "Https",
                "require_sni": true,
                "ssl_certificate_id": "/subscriptions/4f070ccd-0168-41ab-a9a4-c13e2dd2626c/resourceGroups/rg-erp-prod-ci/providers/Microsoft.Network/applicationGateways/agw-erp-prod-01/sslCertificates/ssl-cert-wildcard-ginesys-cloud",
                "ssl_certificate_name": "ssl-cert-wildcard-ginesys-cloud",
                "ssl_profile_id": "",
                "ssl_profile_name": ""
              },
              {
                "custom_error_configuration": [],
                "firewall_policy_id": "",
                "frontend_ip_configuration_id": "/subscriptions/4f070ccd-0168-41ab-a9a4-c13e2dd2626c/resourceGroups/rg-erp-prod-ci/providers/Microsoft.Network/applicationGateways/agw-erp-prod-01/frontendIPConfigurations/frontend_public_ip_configuration",
                "frontend_ip_configuration_name": "frontend_public_ip_configuration",
                "frontend_port_id": "/subscriptions/4f070ccd-0168-41ab-a9a4-c13e2dd2626c/resourceGroups/rg-erp-prod-ci/providers/Microsoft.Network/applicationGateways/agw-erp-prod-01/frontendPorts/port_443",
                "frontend_port_name": "port_443",
                "host_name": "thesajelife.ginesys.cloud",
                "host_names": [],
                "id": "/subscriptions/4f070ccd-0168-41ab-a9a4-c13e2dd2626c/resourceGroups/rg-erp-prod-ci/providers/Microsoft.Network/applicationGateways/agw-erp-prod-01/httpListeners/listener_vm-erp-thesajelife-prod-ci_https",
                "name": "listener_vm-erp-thesajelife-prod-ci_https",
                "protocol": "Https",
                "require_sni": true,
                "ssl_certificate_id": "/subscriptions/4f070ccd-0168-41ab-a9a4-c13e2dd2626c/resourceGroups/rg-erp-prod-ci/providers/Microsoft.Network/applicationGateways/agw-erp-prod-01/sslCertificates/ssl-cert-wildcard-ginesys-cloud",
                "ssl_certificate_name": "ssl-cert-wildcard-ginesys-cloud",
                "ssl_profile_id": "",
                "ssl_profile_name": ""
              },
              {
                "custom_error_configuration": [],
                "firewall_policy_id": "",
                "frontend_ip_configuration_id": "/subscriptions/4f070ccd-0168-41ab-a9a4-c13e2dd2626c/resourceGroups/rg-erp-prod-ci/providers/Microsoft.Network/applicationGateways/agw-erp-prod-01/frontendIPConfigurations/frontend_public_ip_configuration",
                "frontend_ip_configuration_name": "frontend_public_ip_configuration",
                "frontend_port_id": "/subscriptions/4f070ccd-0168-41ab-a9a4-c13e2dd2626c/resourceGroups/rg-erp-prod-ci/providers/Microsoft.Network/applicationGateways/agw-erp-prod-01/frontendPorts/port_443",
                "frontend_port_name": "port_443",
                "host_name": "tiramisu.ginesys.cloud",
                "host_names": [],
                "id": "/subscriptions/4f070ccd-0168-41ab-a9a4-c13e2dd2626c/resourceGroups/rg-erp-prod-ci/providers/Microsoft.Network/applicationGateways/agw-erp-prod-01/httpListeners/listener_vm-erp-tiramisu-prod-ci_https",
                "name": "listener_vm-erp-tiramisu-prod-ci_https",
                "protocol": "Https",
                "require_sni": true,
                "ssl_certificate_id": "/subscriptions/4f070ccd-0168-41ab-a9a4-c13e2dd2626c/resourceGroups/rg-erp-prod-ci/providers/Microsoft.Network/applicationGateways/agw-erp-prod-01/sslCertificates/ssl-cert-wildcard-ginesys-cloud",
                "ssl_certificate_name": "ssl-cert-wildcard-ginesys-cloud",
                "ssl_profile_id": "",
                "ssl_profile_name": ""
              },
              {
                "custom_error_configuration": [],
                "firewall_policy_id": "",
                "frontend_ip_configuration_id": "/subscriptions/4f070ccd-0168-41ab-a9a4-c13e2dd2626c/resourceGroups/rg-erp-prod-ci/providers/Microsoft.Network/applicationGateways/agw-erp-prod-01/frontendIPConfigurations/frontend_public_ip_configuration",
                "frontend_ip_configuration_name": "frontend_public_ip_configuration",
                "frontend_port_id": "/subscriptions/4f070ccd-0168-41ab-a9a4-c13e2dd2626c/resourceGroups/rg-erp-prod-ci/providers/Microsoft.Network/applicationGateways/agw-erp-prod-01/frontendPorts/port_443",
                "frontend_port_name": "port_443",
                "host_name": "tonirossi.ginesys.cloud",
                "host_names": [],
                "id": "/subscriptions/4f070ccd-0168-41ab-a9a4-c13e2dd2626c/resourceGroups/rg-erp-prod-ci/providers/Microsoft.Network/applicationGateways/agw-erp-prod-01/httpListeners/listener_vm-erp-tonirossi-prod-ci_https",
                "name": "listener_vm-erp-tonirossi-prod-ci_https",
                "protocol": "Https",
                "require_sni": true,
                "ssl_certificate_id": "/subscriptions/4f070ccd-0168-41ab-a9a4-c13e2dd2626c/resourceGroups/rg-erp-prod-ci/providers/Microsoft.Network/applicationGateways/agw-erp-prod-01/sslCertificates/ssl-cert-wildcard-ginesys-cloud",
                "ssl_certificate_name": "ssl-cert-wildcard-ginesys-cloud",
                "ssl_profile_id": "",
                "ssl_profile_name": ""
              },
              {
                "custom_error_configuration": [],
                "firewall_policy_id": "",
                "frontend_ip_configuration_id": "/subscriptions/4f070ccd-0168-41ab-a9a4-c13e2dd2626c/resourceGroups/rg-erp-prod-ci/providers/Microsoft.Network/applicationGateways/agw-erp-prod-01/frontendIPConfigurations/frontend_public_ip_configuration",
                "frontend_ip_configuration_name": "frontend_public_ip_configuration",
                "frontend_port_id": "/subscriptions/4f070ccd-0168-41ab-a9a4-c13e2dd2626c/resourceGroups/rg-erp-prod-ci/providers/Microsoft.Network/applicationGateways/agw-erp-prod-01/frontendPorts/port_443",
                "frontend_port_name": "port_443",
                "host_name": "uniseoul.ginesys.cloud",
                "host_names": [],
                "id": "/subscriptions/4f070ccd-0168-41ab-a9a4-c13e2dd2626c/resourceGroups/rg-erp-prod-ci/providers/Microsoft.Network/applicationGateways/agw-erp-prod-01/httpListeners/listener_vm-erp-uniseoul-prod-ci_https",
                "name": "listener_vm-erp-uniseoul-prod-ci_https",
                "protocol": "Https",
                "require_sni": true,
                "ssl_certificate_id": "/subscriptions/4f070ccd-0168-41ab-a9a4-c13e2dd2626c/resourceGroups/rg-erp-prod-ci/providers/Microsoft.Network/applicationGateways/agw-erp-prod-01/sslCertificates/ssl-cert-wildcard-ginesys-cloud",
                "ssl_certificate_name": "ssl-cert-wildcard-ginesys-cloud",
                "ssl_profile_id": "",
                "ssl_profile_name": ""
              },
              {
                "custom_error_configuration": [],
                "firewall_policy_id": "",
                "frontend_ip_configuration_id": "/subscriptions/4f070ccd-0168-41ab-a9a4-c13e2dd2626c/resourceGroups/rg-erp-prod-ci/providers/Microsoft.Network/applicationGateways/agw-erp-prod-01/frontendIPConfigurations/frontend_public_ip_configuration",
                "frontend_ip_configuration_name": "frontend_public_ip_configuration",
                "frontend_port_id": "/subscriptions/4f070ccd-0168-41ab-a9a4-c13e2dd2626c/resourceGroups/rg-erp-prod-ci/providers/Microsoft.Network/applicationGateways/agw-erp-prod-01/frontendPorts/port_443",
                "frontend_port_name": "port_443",
                "host_name": "varundha.ginesys.cloud",
                "host_names": [],
                "id": "/subscriptions/4f070ccd-0168-41ab-a9a4-c13e2dd2626c/resourceGroups/rg-erp-prod-ci/providers/Microsoft.Network/applicationGateways/agw-erp-prod-01/httpListeners/listener_vm-erp-varundha-prod-ci_https",
                "name": "listener_vm-erp-varundha-prod-ci_https",
                "protocol": "Https",
                "require_sni": true,
                "ssl_certificate_id": "/subscriptions/4f070ccd-0168-41ab-a9a4-c13e2dd2626c/resourceGroups/rg-erp-prod-ci/providers/Microsoft.Network/applicationGateways/agw-erp-prod-01/sslCertificates/ssl-cert-wildcard-ginesys-cloud",
                "ssl_certificate_name": "ssl-cert-wildcard-ginesys-cloud",
                "ssl_profile_id": "",
                "ssl_profile_name": ""
              },
              {
                "custom_error_configuration": [],
                "firewall_policy_id": "",
                "frontend_ip_configuration_id": "/subscriptions/4f070ccd-0168-41ab-a9a4-c13e2dd2626c/resourceGroups/rg-erp-prod-ci/providers/Microsoft.Network/applicationGateways/agw-erp-prod-01/frontendIPConfigurations/frontend_public_ip_configuration",
                "frontend_ip_configuration_name": "frontend_public_ip_configuration",
                "frontend_port_id": "/subscriptions/4f070ccd-0168-41ab-a9a4-c13e2dd2626c/resourceGroups/rg-erp-prod-ci/providers/Microsoft.Network/applicationGateways/agw-erp-prod-01/frontendPorts/port_443",
                "frontend_port_name": "port_443",
                "host_name": "zykazfashion.ginesys.cloud",
                "host_names": [],
                "id": "/subscriptions/4f070ccd-0168-41ab-a9a4-c13e2dd2626c/resourceGroups/rg-erp-prod-ci/providers/Microsoft.Network/applicationGateways/agw-erp-prod-01/httpListeners/listener_vm-erp-zykazfashion-prod_https",
                "name": "listener_vm-erp-zykazfashion-prod_https",
                "protocol": "Https",
                "require_sni": true,
                "ssl_certificate_id": "/subscriptions/4f070ccd-0168-41ab-a9a4-c13e2dd2626c/resourceGroups/rg-erp-prod-ci/providers/Microsoft.Network/applicationGateways/agw-erp-prod-01/sslCertificates/ssl-cert-wildcard-ginesys-cloud",
                "ssl_certificate_name": "ssl-cert-wildcard-ginesys-cloud",
                "ssl_profile_id": "",
                "ssl_profile_name": ""
              }
            ],
            "id": "/subscriptions/4f070ccd-0168-41ab-a9a4-c13e2dd2626c/resourceGroups/rg-erp-prod-ci/providers/Microsoft.Network/applicationGateways/agw-erp-prod-01",
            "identity": [
              {
                "identity_ids": [
                  "/subscriptions/4f070ccd-0168-41ab-a9a4-c13e2dd2626c/resourceGroups/rg-system-prod-ci/providers/Microsoft.ManagedIdentity/userAssignedIdentities/mngid_g1-erp_systems_prod"
                ],
                "principal_id": "",
                "tenant_id": "",
                "type": "UserAssigned"
              }
            ],
            "location": "centralindia",
            "name": "agw-erp-prod-01",
            "private_endpoint_connection": [],
            "private_link_configuration": [],
            "probe": [],
            "redirect_configuration": [],
            "request_routing_rule": [
              {
                "backend_address_pool_id": "/subscriptions/4f070ccd-0168-41ab-a9a4-c13e2dd2626c/resourceGroups/rg-erp-prod-ci/providers/Microsoft.Network/applicationGateways/agw-erp-prod-01/backendAddressPools/backpool_vm-erp-a1bazaar-prod-ci",
                "backend_address_pool_name": "backpool_vm-erp-a1bazaar-prod-ci",
                "backend_http_settings_id": "/subscriptions/4f070ccd-0168-41ab-a9a4-c13e2dd2626c/resourceGroups/rg-erp-prod-ci/providers/Microsoft.Network/applicationGateways/agw-erp-prod-01/backendHttpSettingsCollection/setting_http",
                "backend_http_settings_name": "setting_http",
                "http_listener_id": "/subscriptions/4f070ccd-0168-41ab-a9a4-c13e2dd2626c/resourceGroups/rg-erp-prod-ci/providers/Microsoft.Network/applicationGateways/agw-erp-prod-01/httpListeners/listener_vm-erp-a1bazaar-prod-ci_https",
                "http_listener_name": "listener_vm-erp-a1bazaar-prod-ci_https",
                "id": "/subscriptions/4f070ccd-0168-41ab-a9a4-c13e2dd2626c/resourceGroups/rg-erp-prod-ci/providers/Microsoft.Network/applicationGateways/agw-erp-prod-01/requestRoutingRules/rule_vm-erp-a1bazaar-prod-ci_https",
                "name": "rule_vm-erp-a1bazaar-prod-ci_https",
                "priority": 100,
                "redirect_configuration_id": "",
                "redirect_configuration_name": "",
                "rewrite_rule_set_id": "",
                "rewrite_rule_set_name": "",
                "rule_type": "Basic",
                "url_path_map_id": "",
                "url_path_map_name": ""
              },
              {
                "backend_address_pool_id": "/subscriptions/4f070ccd-0168-41ab-a9a4-c13e2dd2626c/resourceGroups/rg-erp-prod-ci/providers/Microsoft.Network/applicationGateways/agw-erp-prod-01/backendAddressPools/backpool_vm-erp-arbaztextiles-prod-ci",
                "backend_address_pool_name": "backpool_vm-erp-arbaztextiles-prod-ci",
                "backend_http_settings_id": "/subscriptions/4f070ccd-0168-41ab-a9a4-c13e2dd2626c/resourceGroups/rg-erp-prod-ci/providers/Microsoft.Network/applicationGateways/agw-erp-prod-01/backendHttpSettingsCollection/setting_http",
                "backend_http_settings_name": "setting_http",
                "http_listener_id": "/subscriptions/4f070ccd-0168-41ab-a9a4-c13e2dd2626c/resourceGroups/rg-erp-prod-ci/providers/Microsoft.Network/applicationGateways/agw-erp-prod-01/httpListeners/listener_vm-erp-arbaztextiles-prod-ci_https",
                "http_listener_name": "listener_vm-erp-arbaztextiles-prod-ci_https",
                "id": "/subscriptions/4f070ccd-0168-41ab-a9a4-c13e2dd2626c/resourceGroups/rg-erp-prod-ci/providers/Microsoft.Network/applicationGateways/agw-erp-prod-01/requestRoutingRules/rule_vm-erp-arbaztextiles-prod-ci_https",
                "name": "rule_vm-erp-arbaztextiles-prod-ci_https",
                "priority": 101,
                "redirect_configuration_id": "",
                "redirect_configuration_name": "",
                "rewrite_rule_set_id": "",
                "rewrite_rule_set_name": "",
                "rule_type": "Basic",
                "url_path_map_id": "",
                "url_path_map_name": ""
              },
              {
                "backend_address_pool_id": "/subscriptions/4f070ccd-0168-41ab-a9a4-c13e2dd2626c/resourceGroups/rg-erp-prod-ci/providers/Microsoft.Network/applicationGateways/agw-erp-prod-01/backendAddressPools/backpool_vm-erp-arnika-prod-ci",
                "backend_address_pool_name": "backpool_vm-erp-arnika-prod-ci",
                "backend_http_settings_id": "/subscriptions/4f070ccd-0168-41ab-a9a4-c13e2dd2626c/resourceGroups/rg-erp-prod-ci/providers/Microsoft.Network/applicationGateways/agw-erp-prod-01/backendHttpSettingsCollection/setting_http",
                "backend_http_settings_name": "setting_http",
                "http_listener_id": "/subscriptions/4f070ccd-0168-41ab-a9a4-c13e2dd2626c/resourceGroups/rg-erp-prod-ci/providers/Microsoft.Network/applicationGateways/agw-erp-prod-01/httpListeners/listener_vm-erp-arnika-prod-ci_https",
                "http_listener_name": "listener_vm-erp-arnika-prod-ci_https",
                "id": "/subscriptions/4f070ccd-0168-41ab-a9a4-c13e2dd2626c/resourceGroups/rg-erp-prod-ci/providers/Microsoft.Network/applicationGateways/agw-erp-prod-01/requestRoutingRules/rule_vm-erp-arnika-prod-ci_https",
                "name": "rule_vm-erp-arnika-prod-ci_https",
                "priority": 102,
                "redirect_configuration_id": "",
                "redirect_configuration_name": "",
                "rewrite_rule_set_id": "",
                "rewrite_rule_set_name": "",
                "rule_type": "Basic",
                "url_path_map_id": "",
                "url_path_map_name": ""
              },
              {
                "backend_address_pool_id": "/subscriptions/4f070ccd-0168-41ab-a9a4-c13e2dd2626c/resourceGroups/rg-erp-prod-ci/providers/Microsoft.Network/applicationGateways/agw-erp-prod-01/backendAddressPools/backpool_vm-erp-befitclothing-prod-ci",
                "backend_address_pool_name": "backpool_vm-erp-befitclothing-prod-ci",
                "backend_http_settings_id": "/subscriptions/4f070ccd-0168-41ab-a9a4-c13e2dd2626c/resourceGroups/rg-erp-prod-ci/providers/Microsoft.Network/applicationGateways/agw-erp-prod-01/backendHttpSettingsCollection/setting_http",
                "backend_http_settings_name": "setting_http",
                "http_listener_id": "/subscriptions/4f070ccd-0168-41ab-a9a4-c13e2dd2626c/resourceGroups/rg-erp-prod-ci/providers/Microsoft.Network/applicationGateways/agw-erp-prod-01/httpListeners/listener_vm-erp-befitclothing-prod-ci_https",
                "http_listener_name": "listener_vm-erp-befitclothing-prod-ci_https",
                "id": "/subscriptions/4f070ccd-0168-41ab-a9a4-c13e2dd2626c/resourceGroups/rg-erp-prod-ci/providers/Microsoft.Network/applicationGateways/agw-erp-prod-01/requestRoutingRules/rule_vm-erp-befitclothing-prod-ci_https",
                "name": "rule_vm-erp-befitclothing-prod-ci_https",
                "priority": 103,
                "redirect_configuration_id": "",
                "redirect_configuration_name": "",
                "rewrite_rule_set_id": "",
                "rewrite_rule_set_name": "",
                "rule_type": "Basic",
                "url_path_map_id": "",
                "url_path_map_name": ""
              },
              {
                "backend_address_pool_id": "/subscriptions/4f070ccd-0168-41ab-a9a4-c13e2dd2626c/resourceGroups/rg-erp-prod-ci/providers/Microsoft.Network/applicationGateways/agw-erp-prod-01/backendAddressPools/backpool_vm-erp-blingroom-prod-ci",
                "backend_address_pool_name": "backpool_vm-erp-blingroom-prod-ci",
                "backend_http_settings_id": "/subscriptions/4f070ccd-0168-41ab-a9a4-c13e2dd2626c/resourceGroups/rg-erp-prod-ci/providers/Microsoft.Network/applicationGateways/agw-erp-prod-01/backendHttpSettingsCollection/setting_http",
                "backend_http_settings_name": "setting_http",
                "http_listener_id": "/subscriptions/4f070ccd-0168-41ab-a9a4-c13e2dd2626c/resourceGroups/rg-erp-prod-ci/providers/Microsoft.Network/applicationGateways/agw-erp-prod-01/httpListeners/listener_vm-erp-blingroom-prod-ci_https",
                "http_listener_name": "listener_vm-erp-blingroom-prod-ci_https",
                "id": "/subscriptions/4f070ccd-0168-41ab-a9a4-c13e2dd2626c/resourceGroups/rg-erp-prod-ci/providers/Microsoft.Network/applicationGateways/agw-erp-prod-01/requestRoutingRules/rule_vm-erp-blingroom-prod-ci_https",
                "name": "rule_vm-erp-blingroom-prod-ci_https",
                "priority": 104,
                "redirect_configuration_id": "",
                "redirect_configuration_name": "",
                "rewrite_rule_set_id": "",
                "rewrite_rule_set_name": "",
                "rule_type": "Basic",
                "url_path_map_id": "",
                "url_path_map_name": ""
              },
              {
                "backend_address_pool_id": "/subscriptions/4f070ccd-0168-41ab-a9a4-c13e2dd2626c/resourceGroups/rg-erp-prod-ci/providers/Microsoft.Network/applicationGateways/agw-erp-prod-01/backendAddressPools/backpool_vm-erp-brandstore-prod-ci",
                "backend_address_pool_name": "backpool_vm-erp-brandstore-prod-ci",
                "backend_http_settings_id": "/subscriptions/4f070ccd-0168-41ab-a9a4-c13e2dd2626c/resourceGroups/rg-erp-prod-ci/providers/Microsoft.Network/applicationGateways/agw-erp-prod-01/backendHttpSettingsCollection/setting_http",
                "backend_http_settings_name": "setting_http",
                "http_listener_id": "/subscriptions/4f070ccd-0168-41ab-a9a4-c13e2dd2626c/resourceGroups/rg-erp-prod-ci/providers/Microsoft.Network/applicationGateways/agw-erp-prod-01/httpListeners/listener_vm-erp-brandstore-prod-ci_https",
                "http_listener_name": "listener_vm-erp-brandstore-prod-ci_https",
                "id": "/subscriptions/4f070ccd-0168-41ab-a9a4-c13e2dd2626c/resourceGroups/rg-erp-prod-ci/providers/Microsoft.Network/applicationGateways/agw-erp-prod-01/requestRoutingRules/rule_vm-erp-brandstore-prod-ci_https",
                "name": "rule_vm-erp-brandstore-prod-ci_https",
                "priority": 105,
                "redirect_configuration_id": "",
                "redirect_configuration_name": "",
                "rewrite_rule_set_id": "",
                "rewrite_rule_set_name": "",
                "rule_type": "Basic",
                "url_path_map_id": "",
                "url_path_map_name": ""
              },
              {
                "backend_address_pool_id": "/subscriptions/4f070ccd-0168-41ab-a9a4-c13e2dd2626c/resourceGroups/rg-erp-prod-ci/providers/Microsoft.Network/applicationGateways/agw-erp-prod-01/backendAddressPools/backpool_vm-erp-budgetshop-prod-ci",
                "backend_address_pool_name": "backpool_vm-erp-budgetshop-prod-ci",
                "backend_http_settings_id": "/subscriptions/4f070ccd-0168-41ab-a9a4-c13e2dd2626c/resourceGroups/rg-erp-prod-ci/providers/Microsoft.Network/applicationGateways/agw-erp-prod-01/backendHttpSettingsCollection/setting_http",
                "backend_http_settings_name": "setting_http",
                "http_listener_id": "/subscriptions/4f070ccd-0168-41ab-a9a4-c13e2dd2626c/resourceGroups/rg-erp-prod-ci/providers/Microsoft.Network/applicationGateways/agw-erp-prod-01/httpListeners/listener_vm-erp-budgetshop-prod-ci_https",
                "http_listener_name": "listener_vm-erp-budgetshop-prod-ci_https",
                "id": "/subscriptions/4f070ccd-0168-41ab-a9a4-c13e2dd2626c/resourceGroups/rg-erp-prod-ci/providers/Microsoft.Network/applicationGateways/agw-erp-prod-01/requestRoutingRules/rule_vm-erp-budgetshop-prod-ci_https",
                "name": "rule_vm-erp-budgetshop-prod-ci_https",
                "priority": 106,
                "redirect_configuration_id": "",
                "redirect_configuration_name": "",
                "rewrite_rule_set_id": "",
                "rewrite_rule_set_name": "",
                "rule_type": "Basic",
                "url_path_map_id": "",
                "url_path_map_name": ""
              },
              {
                "backend_address_pool_id": "/subscriptions/4f070ccd-0168-41ab-a9a4-c13e2dd2626c/resourceGroups/rg-erp-prod-ci/providers/Microsoft.Network/applicationGateways/agw-erp-prod-01/backendAddressPools/backpool_vm-erp-calcuttajun-prod-ci",
                "backend_address_pool_name": "backpool_vm-erp-calcuttajun-prod-ci",
                "backend_http_settings_id": "/subscriptions/4f070ccd-0168-41ab-a9a4-c13e2dd2626c/resourceGroups/rg-erp-prod-ci/providers/Microsoft.Network/applicationGateways/agw-erp-prod-01/backendHttpSettingsCollection/setting_http",
                "backend_http_settings_name": "setting_http",
                "http_listener_id": "/subscriptions/4f070ccd-0168-41ab-a9a4-c13e2dd2626c/resourceGroups/rg-erp-prod-ci/providers/Microsoft.Network/applicationGateways/agw-erp-prod-01/httpListeners/listener_vm-erp-calcuttajun-prod-ci_https",
                "http_listener_name": "listener_vm-erp-calcuttajun-prod-ci_https",
                "id": "/subscriptions/4f070ccd-0168-41ab-a9a4-c13e2dd2626c/resourceGroups/rg-erp-prod-ci/providers/Microsoft.Network/applicationGateways/agw-erp-prod-01/requestRoutingRules/rule_vm-erp-calcuttajun-prod-ci_https",
                "name": "rule_vm-erp-calcuttajun-prod-ci_https",
                "priority": 107,
                "redirect_configuration_id": "",
                "redirect_configuration_name": "",
                "rewrite_rule_set_id": "",
                "rewrite_rule_set_name": "",
                "rule_type": "Basic",
                "url_path_map_id": "",
                "url_path_map_name": ""
              },
              {
                "backend_address_pool_id": "/subscriptions/4f070ccd-0168-41ab-a9a4-c13e2dd2626c/resourceGroups/rg-erp-prod-ci/providers/Microsoft.Network/applicationGateways/agw-erp-prod-01/backendAddressPools/backpool_vm-erp-chintamanis-prod-ci",
                "backend_address_pool_name": "backpool_vm-erp-chintamanis-prod-ci",
                "backend_http_settings_id": "/subscriptions/4f070ccd-0168-41ab-a9a4-c13e2dd2626c/resourceGroups/rg-erp-prod-ci/providers/Microsoft.Network/applicationGateways/agw-erp-prod-01/backendHttpSettingsCollection/setting_http",
                "backend_http_settings_name": "setting_http",
                "http_listener_id": "/subscriptions/4f070ccd-0168-41ab-a9a4-c13e2dd2626c/resourceGroups/rg-erp-prod-ci/providers/Microsoft.Network/applicationGateways/agw-erp-prod-01/httpListeners/listener_vm-erp-chintamanis-prod-ci_https",
                "http_listener_name": "listener_vm-erp-chintamanis-prod-ci_https",
                "id": "/subscriptions/4f070ccd-0168-41ab-a9a4-c13e2dd2626c/resourceGroups/rg-erp-prod-ci/providers/Microsoft.Network/applicationGateways/agw-erp-prod-01/requestRoutingRules/rule_vm-erp-chintamanis-prod-ci_https",
                "name": "rule_vm-erp-chintamanis-prod-ci_https",
                "priority": 108,
                "redirect_configuration_id": "",
                "redirect_configuration_name": "",
                "rewrite_rule_set_id": "",
                "rewrite_rule_set_name": "",
                "rule_type": "Basic",
                "url_path_map_id": "",
                "url_path_map_name": ""
              },
              {
                "backend_address_pool_id": "/subscriptions/4f070ccd-0168-41ab-a9a4-c13e2dd2626c/resourceGroups/rg-erp-prod-ci/providers/Microsoft.Network/applicationGateways/agw-erp-prod-01/backendAddressPools/backpool_vm-erp-chotteylal-prod-ci",
                "backend_address_pool_name": "backpool_vm-erp-chotteylal-prod-ci",
                "backend_http_settings_id": "/subscriptions/4f070ccd-0168-41ab-a9a4-c13e2dd2626c/resourceGroups/rg-erp-prod-ci/providers/Microsoft.Network/applicationGateways/agw-erp-prod-01/backendHttpSettingsCollection/setting_http",
                "backend_http_settings_name": "setting_http",
                "http_listener_id": "/subscriptions/4f070ccd-0168-41ab-a9a4-c13e2dd2626c/resourceGroups/rg-erp-prod-ci/providers/Microsoft.Network/applicationGateways/agw-erp-prod-01/httpListeners/listener_vm-erp-chotteylal-prod-ci_https",
                "http_listener_name": "listener_vm-erp-chotteylal-prod-ci_https",
                "id": "/subscriptions/4f070ccd-0168-41ab-a9a4-c13e2dd2626c/resourceGroups/rg-erp-prod-ci/providers/Microsoft.Network/applicationGateways/agw-erp-prod-01/requestRoutingRules/rule_vm-erp-chotteylal-prod-ci_https",
                "name": "rule_vm-erp-chotteylal-prod-ci_https",
                "priority": 109,
                "redirect_configuration_id": "",
                "redirect_configuration_name": "",
                "rewrite_rule_set_id": "",
                "rewrite_rule_set_name": "",
                "rule_type": "Basic",
                "url_path_map_id": "",
                "url_path_map_name": ""
              },
              {
                "backend_address_pool_id": "/subscriptions/4f070ccd-0168-41ab-a9a4-c13e2dd2626c/resourceGroups/rg-erp-prod-ci/providers/Microsoft.Network/applicationGateways/agw-erp-prod-01/backendAddressPools/backpool_vm-erp-cityhubretails-prod-ci",
                "backend_address_pool_name": "backpool_vm-erp-cityhubretails-prod-ci",
                "backend_http_settings_id": "/subscriptions/4f070ccd-0168-41ab-a9a4-c13e2dd2626c/resourceGroups/rg-erp-prod-ci/providers/Microsoft.Network/applicationGateways/agw-erp-prod-01/backendHttpSettingsCollection/setting_http",
                "backend_http_settings_name": "setting_http",
                "http_listener_id": "/subscriptions/4f070ccd-0168-41ab-a9a4-c13e2dd2626c/resourceGroups/rg-erp-prod-ci/providers/Microsoft.Network/applicationGateways/agw-erp-prod-01/httpListeners/listener_vm-erp-cityhubretails-prod-ci_https",
                "http_listener_name": "listener_vm-erp-cityhubretails-prod-ci_https",
                "id": "/subscriptions/4f070ccd-0168-41ab-a9a4-c13e2dd2626c/resourceGroups/rg-erp-prod-ci/providers/Microsoft.Network/applicationGateways/agw-erp-prod-01/requestRoutingRules/rule_vm-erp-cityhubretails-prod-ci_https",
                "name": "rule_vm-erp-cityhubretails-prod-ci_https",
                "priority": 110,
                "redirect_configuration_id": "",
                "redirect_configuration_name": "",
                "rewrite_rule_set_id": "",
                "rewrite_rule_set_name": "",
                "rule_type": "Basic",
                "url_path_map_id": "",
                "url_path_map_name": ""
              },
              {
                "backend_address_pool_id": "/subscriptions/4f070ccd-0168-41ab-a9a4-c13e2dd2626c/resourceGroups/rg-erp-prod-ci/providers/Microsoft.Network/applicationGateways/agw-erp-prod-01/backendAddressPools/backpool_vm-erp-citytrns-prod-ci",
                "backend_address_pool_name": "backpool_vm-erp-citytrns-prod-ci",
                "backend_http_settings_id": "/subscriptions/4f070ccd-0168-41ab-a9a4-c13e2dd2626c/resourceGroups/rg-erp-prod-ci/providers/Microsoft.Network/applicationGateways/agw-erp-prod-01/backendHttpSettingsCollection/setting_http",
                "backend_http_settings_name": "setting_http",
                "http_listener_id": "/subscriptions/4f070ccd-0168-41ab-a9a4-c13e2dd2626c/resourceGroups/rg-erp-prod-ci/providers/Microsoft.Network/applicationGateways/agw-erp-prod-01/httpListeners/listener_vm-erp-citytrns-prod-ci_https",
                "http_listener_name": "listener_vm-erp-citytrns-prod-ci_https",
                "id": "/subscriptions/4f070ccd-0168-41ab-a9a4-c13e2dd2626c/resourceGroups/rg-erp-prod-ci/providers/Microsoft.Network/applicationGateways/agw-erp-prod-01/requestRoutingRules/rule_vm-erp-citytrns-prod-ci_https",
                "name": "rule_vm-erp-citytrns-prod-ci_https",
                "priority": 111,
                "redirect_configuration_id": "",
                "redirect_configuration_name": "",
                "rewrite_rule_set_id": "",
                "rewrite_rule_set_name": "",
                "rule_type": "Basic",
                "url_path_map_id": "",
                "url_path_map_name": ""
              },
              {
                "backend_address_pool_id": "/subscriptions/4f070ccd-0168-41ab-a9a4-c13e2dd2626c/resourceGroups/rg-erp-prod-ci/providers/Microsoft.Network/applicationGateways/agw-erp-prod-01/backendAddressPools/backpool_vm-erp-dmsfouraces-prod",
                "backend_address_pool_name": "backpool_vm-erp-dmsfouraces-prod",
                "backend_http_settings_id": "/subscriptions/4f070ccd-0168-41ab-a9a4-c13e2dd2626c/resourceGroups/rg-erp-prod-ci/providers/Microsoft.Network/applicationGateways/agw-erp-prod-01/backendHttpSettingsCollection/setting_http",
                "backend_http_settings_name": "setting_http",
                "http_listener_id": "/subscriptions/4f070ccd-0168-41ab-a9a4-c13e2dd2626c/resourceGroups/rg-erp-prod-ci/providers/Microsoft.Network/applicationGateways/agw-erp-prod-01/httpListeners/listener_vm-erp-dmsfouraces-prod_https",
                "http_listener_name": "listener_vm-erp-dmsfouraces-prod_https",
                "id": "/subscriptions/4f070ccd-0168-41ab-a9a4-c13e2dd2626c/resourceGroups/rg-erp-prod-ci/providers/Microsoft.Network/applicationGateways/agw-erp-prod-01/requestRoutingRules/rule_vm-erp-dmsfouraces-prod_https",
                "name": "rule_vm-erp-dmsfouraces-prod_https",
                "priority": 112,
                "redirect_configuration_id": "",
                "redirect_configuration_name": "",
                "rewrite_rule_set_id": "",
                "rewrite_rule_set_name": "",
                "rule_type": "Basic",
                "url_path_map_id": "",
                "url_path_map_name": ""
              },
              {
                "backend_address_pool_id": "/subscriptions/4f070ccd-0168-41ab-a9a4-c13e2dd2626c/resourceGroups/rg-erp-prod-ci/providers/Microsoft.Network/applicationGateways/agw-erp-prod-01/backendAddressPools/backpool_vm-erp-educee-prod-ci",
                "backend_address_pool_name": "backpool_vm-erp-educee-prod-ci",
                "backend_http_settings_id": "/subscriptions/4f070ccd-0168-41ab-a9a4-c13e2dd2626c/resourceGroups/rg-erp-prod-ci/providers/Microsoft.Network/applicationGateways/agw-erp-prod-01/backendHttpSettingsCollection/setting_http",
                "backend_http_settings_name": "setting_http",
                "http_listener_id": "/subscriptions/4f070ccd-0168-41ab-a9a4-c13e2dd2626c/resourceGroups/rg-erp-prod-ci/providers/Microsoft.Network/applicationGateways/agw-erp-prod-01/httpListeners/listener_vm-erp-educee-prod-ci_https",
                "http_listener_name": "listener_vm-erp-educee-prod-ci_https",
                "id": "/subscriptions/4f070ccd-0168-41ab-a9a4-c13e2dd2626c/resourceGroups/rg-erp-prod-ci/providers/Microsoft.Network/applicationGateways/agw-erp-prod-01/requestRoutingRules/rule_vm-erp-educee-prod-ci_https",
                "name": "rule_vm-erp-educee-prod-ci_https",
                "priority": 113,
                "redirect_configuration_id": "",
                "redirect_configuration_name": "",
                "rewrite_rule_set_id": "",
                "rewrite_rule_set_name": "",
                "rule_type": "Basic",
                "url_path_map_id": "",
                "url_path_map_name": ""
              },
              {
                "backend_address_pool_id": "/subscriptions/4f070ccd-0168-41ab-a9a4-c13e2dd2626c/resourceGroups/rg-erp-prod-ci/providers/Microsoft.Network/applicationGateways/agw-erp-prod-01/backendAddressPools/backpool_vm-erp-egloindia-prod-ci",
                "backend_address_pool_name": "backpool_vm-erp-egloindia-prod-ci",
                "backend_http_settings_id": "/subscriptions/4f070ccd-0168-41ab-a9a4-c13e2dd2626c/resourceGroups/rg-erp-prod-ci/providers/Microsoft.Network/applicationGateways/agw-erp-prod-01/backendHttpSettingsCollection/setting_http",
                "backend_http_settings_name": "setting_http",
                "http_listener_id": "/subscriptions/4f070ccd-0168-41ab-a9a4-c13e2dd2626c/resourceGroups/rg-erp-prod-ci/providers/Microsoft.Network/applicationGateways/agw-erp-prod-01/httpListeners/listener_vm-erp-egloindia-prod-ci_https",
                "http_listener_name": "listener_vm-erp-egloindia-prod-ci_https",
                "id": "/subscriptions/4f070ccd-0168-41ab-a9a4-c13e2dd2626c/resourceGroups/rg-erp-prod-ci/providers/Microsoft.Network/applicationGateways/agw-erp-prod-01/requestRoutingRules/rule_vm-erp-egloindia-prod-ci_https",
                "name": "rule_vm-erp-egloindia-prod-ci_https",
                "priority": 114,
                "redirect_configuration_id": "",
                "redirect_configuration_name": "",
                "rewrite_rule_set_id": "",
                "rewrite_rule_set_name": "",
                "rule_type": "Basic",
                "url_path_map_id": "",
                "url_path_map_name": ""
              },
              {
                "backend_address_pool_id": "/subscriptions/4f070ccd-0168-41ab-a9a4-c13e2dd2626c/resourceGroups/rg-erp-prod-ci/providers/Microsoft.Network/applicationGateways/agw-erp-prod-01/backendAddressPools/backpool_vm-erp-ekdant-prod-ci",
                "backend_address_pool_name": "backpool_vm-erp-ekdant-prod-ci",
                "backend_http_settings_id": "/subscriptions/4f070ccd-0168-41ab-a9a4-c13e2dd2626c/resourceGroups/rg-erp-prod-ci/providers/Microsoft.Network/applicationGateways/agw-erp-prod-01/backendHttpSettingsCollection/setting_http",
                "backend_http_settings_name": "setting_http",
                "http_listener_id": "/subscriptions/4f070ccd-0168-41ab-a9a4-c13e2dd2626c/resourceGroups/rg-erp-prod-ci/providers/Microsoft.Network/applicationGateways/agw-erp-prod-01/httpListeners/listener_vm-erp-ekdant-prod-ci_https",
                "http_listener_name": "listener_vm-erp-ekdant-prod-ci_https",
                "id": "/subscriptions/4f070ccd-0168-41ab-a9a4-c13e2dd2626c/resourceGroups/rg-erp-prod-ci/providers/Microsoft.Network/applicationGateways/agw-erp-prod-01/requestRoutingRules/rule_vm-erp-ekdant-prod-ci_https",
                "name": "rule_vm-erp-ekdant-prod-ci_https",
                "priority": 115,
                "redirect_configuration_id": "",
                "redirect_configuration_name": "",
                "rewrite_rule_set_id": "",
                "rewrite_rule_set_name": "",
                "rule_type": "Basic",
                "url_path_map_id": "",
                "url_path_map_name": ""
              },
              {
                "backend_address_pool_id": "/subscriptions/4f070ccd-0168-41ab-a9a4-c13e2dd2626c/resourceGroups/rg-erp-prod-ci/providers/Microsoft.Network/applicationGateways/agw-erp-prod-01/backendAddressPools/backpool_vm-erp-elkkaretail-prod-ci",
                "backend_address_pool_name": "backpool_vm-erp-elkkaretail-prod-ci",
                "backend_http_settings_id": "/subscriptions/4f070ccd-0168-41ab-a9a4-c13e2dd2626c/resourceGroups/rg-erp-prod-ci/providers/Microsoft.Network/applicationGateways/agw-erp-prod-01/backendHttpSettingsCollection/setting_http",
                "backend_http_settings_name": "setting_http",
                "http_listener_id": "/subscriptions/4f070ccd-0168-41ab-a9a4-c13e2dd2626c/resourceGroups/rg-erp-prod-ci/providers/Microsoft.Network/applicationGateways/agw-erp-prod-01/httpListeners/listener_vm-erp-elkkaretail-prod-ci_https",
                "http_listener_name": "listener_vm-erp-elkkaretail-prod-ci_https",
                "id": "/subscriptions/4f070ccd-0168-41ab-a9a4-c13e2dd2626c/resourceGroups/rg-erp-prod-ci/providers/Microsoft.Network/applicationGateways/agw-erp-prod-01/requestRoutingRules/rule_vm-erp-elkkaretail-prod-ci_https",
                "name": "rule_vm-erp-elkkaretail-prod-ci_https",
                "priority": 116,
                "redirect_configuration_id": "",
                "redirect_configuration_name": "",
                "rewrite_rule_set_id": "",
                "rewrite_rule_set_name": "",
                "rule_type": "Basic",
                "url_path_map_id": "",
                "url_path_map_name": ""
              },
              {
                "backend_address_pool_id": "/subscriptions/4f070ccd-0168-41ab-a9a4-c13e2dd2626c/resourceGroups/rg-erp-prod-ci/providers/Microsoft.Network/applicationGateways/agw-erp-prod-01/backendAddressPools/backpool_vm-erp-fancymall-prod-ci",
                "backend_address_pool_name": "backpool_vm-erp-fancymall-prod-ci",
                "backend_http_settings_id": "/subscriptions/4f070ccd-0168-41ab-a9a4-c13e2dd2626c/resourceGroups/rg-erp-prod-ci/providers/Microsoft.Network/applicationGateways/agw-erp-prod-01/backendHttpSettingsCollection/setting_http",
                "backend_http_settings_name": "setting_http",
                "http_listener_id": "/subscriptions/4f070ccd-0168-41ab-a9a4-c13e2dd2626c/resourceGroups/rg-erp-prod-ci/providers/Microsoft.Network/applicationGateways/agw-erp-prod-01/httpListeners/listener_vm-erp-fancymall-prod-ci_https",
                "http_listener_name": "listener_vm-erp-fancymall-prod-ci_https",
                "id": "/subscriptions/4f070ccd-0168-41ab-a9a4-c13e2dd2626c/resourceGroups/rg-erp-prod-ci/providers/Microsoft.Network/applicationGateways/agw-erp-prod-01/requestRoutingRules/rule_vm-erp-fancymall-prod-ci_https",
                "name": "rule_vm-erp-fancymall-prod-ci_https",
                "priority": 117,
                "redirect_configuration_id": "",
                "redirect_configuration_name": "",
                "rewrite_rule_set_id": "",
                "rewrite_rule_set_name": "",
                "rule_type": "Basic",
                "url_path_map_id": "",
                "url_path_map_name": ""
              },
              {
                "backend_address_pool_id": "/subscriptions/4f070ccd-0168-41ab-a9a4-c13e2dd2626c/resourceGroups/rg-erp-prod-ci/providers/Microsoft.Network/applicationGateways/agw-erp-prod-01/backendAddressPools/backpool_vm-erp-ghadgeclothing-prod-ci",
                "backend_address_pool_name": "backpool_vm-erp-ghadgeclothing-prod-ci",
                "backend_http_settings_id": "/subscriptions/4f070ccd-0168-41ab-a9a4-c13e2dd2626c/resourceGroups/rg-erp-prod-ci/providers/Microsoft.Network/applicationGateways/agw-erp-prod-01/backendHttpSettingsCollection/setting_http",
                "backend_http_settings_name": "setting_http",
                "http_listener_id": "/subscriptions/4f070ccd-0168-41ab-a9a4-c13e2dd2626c/resourceGroups/rg-erp-prod-ci/providers/Microsoft.Network/applicationGateways/agw-erp-prod-01/httpListeners/listener_vm-erp-ghadgeclothing-prod-ci_https",
                "http_listener_name": "listener_vm-erp-ghadgeclothing-prod-ci_https",
                "id": "/subscriptions/4f070ccd-0168-41ab-a9a4-c13e2dd2626c/resourceGroups/rg-erp-prod-ci/providers/Microsoft.Network/applicationGateways/agw-erp-prod-01/requestRoutingRules/rule_vm-erp-ghadgeclothing-prod-ci_https",
                "name": "rule_vm-erp-ghadgeclothing-prod-ci_https",
                "priority": 118,
                "redirect_configuration_id": "",
                "redirect_configuration_name": "",
                "rewrite_rule_set_id": "",
                "rewrite_rule_set_name": "",
                "rule_type": "Basic",
                "url_path_map_id": "",
                "url_path_map_name": ""
              },
              {
                "backend_address_pool_id": "/subscriptions/4f070ccd-0168-41ab-a9a4-c13e2dd2626c/resourceGroups/rg-erp-prod-ci/providers/Microsoft.Network/applicationGateways/agw-erp-prod-01/backendAddressPools/backpool_vm-erp-gnretail-prod-ci",
                "backend_address_pool_name": "backpool_vm-erp-gnretail-prod-ci",
                "backend_http_settings_id": "/subscriptions/4f070ccd-0168-41ab-a9a4-c13e2dd2626c/resourceGroups/rg-erp-prod-ci/providers/Microsoft.Network/applicationGateways/agw-erp-prod-01/backendHttpSettingsCollection/setting_http",
                "backend_http_settings_name": "setting_http",
                "http_listener_id": "/subscriptions/4f070ccd-0168-41ab-a9a4-c13e2dd2626c/resourceGroups/rg-erp-prod-ci/providers/Microsoft.Network/applicationGateways/agw-erp-prod-01/httpListeners/listener_vm-erp-gnretail-prod-ci_https",
                "http_listener_name": "listener_vm-erp-gnretail-prod-ci_https",
                "id": "/subscriptions/4f070ccd-0168-41ab-a9a4-c13e2dd2626c/resourceGroups/rg-erp-prod-ci/providers/Microsoft.Network/applicationGateways/agw-erp-prod-01/requestRoutingRules/rule_vm-erp-gnretail-prod-ci_https",
                "name": "rule_vm-erp-gnretail-prod-ci_https",
                "priority": 119,
                "redirect_configuration_id": "",
                "redirect_configuration_name": "",
                "rewrite_rule_set_id": "",
                "rewrite_rule_set_name": "",
                "rule_type": "Basic",
                "url_path_map_id": "",
                "url_path_map_name": ""
              },
              {
                "backend_address_pool_id": "/subscriptions/4f070ccd-0168-41ab-a9a4-c13e2dd2626c/resourceGroups/rg-erp-prod-ci/providers/Microsoft.Network/applicationGateways/agw-erp-prod-01/backendAddressPools/backpool_vm-erp-intrend-prod-ci",
                "backend_address_pool_name": "backpool_vm-erp-intrend-prod-ci",
                "backend_http_settings_id": "/subscriptions/4f070ccd-0168-41ab-a9a4-c13e2dd2626c/resourceGroups/rg-erp-prod-ci/providers/Microsoft.Network/applicationGateways/agw-erp-prod-01/backendHttpSettingsCollection/setting_http",
                "backend_http_settings_name": "setting_http",
                "http_listener_id": "/subscriptions/4f070ccd-0168-41ab-a9a4-c13e2dd2626c/resourceGroups/rg-erp-prod-ci/providers/Microsoft.Network/applicationGateways/agw-erp-prod-01/httpListeners/listener_vm-erp-intrend-prod-ci_https",
                "http_listener_name": "listener_vm-erp-intrend-prod-ci_https",
                "id": "/subscriptions/4f070ccd-0168-41ab-a9a4-c13e2dd2626c/resourceGroups/rg-erp-prod-ci/providers/Microsoft.Network/applicationGateways/agw-erp-prod-01/requestRoutingRules/rule_vm-erp-intrend-prod-ci_https",
                "name": "rule_vm-erp-intrend-prod-ci_https",
                "priority": 120,
                "redirect_configuration_id": "",
                "redirect_configuration_name": "",
                "rewrite_rule_set_id": "",
                "rewrite_rule_set_name": "",
                "rule_type": "Basic",
                "url_path_map_id": "",
                "url_path_map_name": ""
              },
              {
                "backend_address_pool_id": "/subscriptions/4f070ccd-0168-41ab-a9a4-c13e2dd2626c/resourceGroups/rg-erp-prod-ci/providers/Microsoft.Network/applicationGateways/agw-erp-prod-01/backendAddressPools/backpool_vm-erp-kalyanbahrain-prod-ci",
                "backend_address_pool_name": "backpool_vm-erp-kalyanbahrain-prod-ci",
                "backend_http_settings_id": "/subscriptions/4f070ccd-0168-41ab-a9a4-c13e2dd2626c/resourceGroups/rg-erp-prod-ci/providers/Microsoft.Network/applicationGateways/agw-erp-prod-01/backendHttpSettingsCollection/setting_http",
                "backend_http_settings_name": "setting_http",
                "http_listener_id": "/subscriptions/4f070ccd-0168-41ab-a9a4-c13e2dd2626c/resourceGroups/rg-erp-prod-ci/providers/Microsoft.Network/applicationGateways/agw-erp-prod-01/httpListeners/listener_vm-erp-kalyanbahrain-prod-ci_https",
                "http_listener_name": "listener_vm-erp-kalyanbahrain-prod-ci_https",
                "id": "/subscriptions/4f070ccd-0168-41ab-a9a4-c13e2dd2626c/resourceGroups/rg-erp-prod-ci/providers/Microsoft.Network/applicationGateways/agw-erp-prod-01/requestRoutingRules/rule_vm-erp-kalyanbahrain-prod-ci_https",
                "name": "rule_vm-erp-kalyanbahrain-prod-ci_https",
                "priority": 121,
                "redirect_configuration_id": "",
                "redirect_configuration_name": "",
                "rewrite_rule_set_id": "",
                "rewrite_rule_set_name": "",
                "rule_type": "Basic",
                "url_path_map_id": "",
                "url_path_map_name": ""
              },
              {
                "backend_address_pool_id": "/subscriptions/4f070ccd-0168-41ab-a9a4-c13e2dd2626c/resourceGroups/rg-erp-prod-ci/providers/Microsoft.Network/applicationGateways/agw-erp-prod-01/backendAddressPools/backpool_vm-erp-kapasepaithani-prod-ci",
                "backend_address_pool_name": "backpool_vm-erp-kapasepaithani-prod-ci",
                "backend_http_settings_id": "/subscriptions/4f070ccd-0168-41ab-a9a4-c13e2dd2626c/resourceGroups/rg-erp-prod-ci/providers/Microsoft.Network/applicationGateways/agw-erp-prod-01/backendHttpSettingsCollection/setting_http",
                "backend_http_settings_name": "setting_http",
                "http_listener_id": "/subscriptions/4f070ccd-0168-41ab-a9a4-c13e2dd2626c/resourceGroups/rg-erp-prod-ci/providers/Microsoft.Network/applicationGateways/agw-erp-prod-01/httpListeners/listener_vm-erp-kapasepaithani-prod-ci_https",
                "http_listener_name": "listener_vm-erp-kapasepaithani-prod-ci_https",
                "id": "/subscriptions/4f070ccd-0168-41ab-a9a4-c13e2dd2626c/resourceGroups/rg-erp-prod-ci/providers/Microsoft.Network/applicationGateways/agw-erp-prod-01/requestRoutingRules/rule_vm-erp-kapasepaithani-prod-ci_https",
                "name": "rule_vm-erp-kapasepaithani-prod-ci_https",
                "priority": 122,
                "redirect_configuration_id": "",
                "redirect_configuration_name": "",
                "rewrite_rule_set_id": "",
                "rewrite_rule_set_name": "",
                "rule_type": "Basic",
                "url_path_map_id": "",
                "url_path_map_name": ""
              },
              {
                "backend_address_pool_id": "/subscriptions/4f070ccd-0168-41ab-a9a4-c13e2dd2626c/resourceGroups/rg-erp-prod-ci/providers/Microsoft.Network/applicationGateways/agw-erp-prod-01/backendAddressPools/backpool_vm-erp-kapoor-prod-ci",
                "backend_address_pool_name": "backpool_vm-erp-kapoor-prod-ci",
                "backend_http_settings_id": "/subscriptions/4f070ccd-0168-41ab-a9a4-c13e2dd2626c/resourceGroups/rg-erp-prod-ci/providers/Microsoft.Network/applicationGateways/agw-erp-prod-01/backendHttpSettingsCollection/setting_http",
                "backend_http_settings_name": "setting_http",
                "http_listener_id": "/subscriptions/4f070ccd-0168-41ab-a9a4-c13e2dd2626c/resourceGroups/rg-erp-prod-ci/providers/Microsoft.Network/applicationGateways/agw-erp-prod-01/httpListeners/listener_vm-erp-kapoor-prod-ci_https",
                "http_listener_name": "listener_vm-erp-kapoor-prod-ci_https",
                "id": "/subscriptions/4f070ccd-0168-41ab-a9a4-c13e2dd2626c/resourceGroups/rg-erp-prod-ci/providers/Microsoft.Network/applicationGateways/agw-erp-prod-01/requestRoutingRules/rule_vm-erp-kapoor-prod-ci_https",
                "name": "rule_vm-erp-kapoor-prod-ci_https",
                "priority": 123,
                "redirect_configuration_id": "",
                "redirect_configuration_name": "",
                "rewrite_rule_set_id": "",
                "rewrite_rule_set_name": "",
                "rule_type": "Basic",
                "url_path_map_id": "",
                "url_path_map_name": ""
              },
              {
                "backend_address_pool_id": "/subscriptions/4f070ccd-0168-41ab-a9a4-c13e2dd2626c/resourceGroups/rg-erp-prod-ci/providers/Microsoft.Network/applicationGateways/agw-erp-prod-01/backendAddressPools/backpool_vm-erp-kashishuae-prod-ci",
                "backend_address_pool_name": "backpool_vm-erp-kashishuae-prod-ci",
                "backend_http_settings_id": "/subscriptions/4f070ccd-0168-41ab-a9a4-c13e2dd2626c/resourceGroups/rg-erp-prod-ci/providers/Microsoft.Network/applicationGateways/agw-erp-prod-01/backendHttpSettingsCollection/setting_http",
                "backend_http_settings_name": "setting_http",
                "http_listener_id": "/subscriptions/4f070ccd-0168-41ab-a9a4-c13e2dd2626c/resourceGroups/rg-erp-prod-ci/providers/Microsoft.Network/applicationGateways/agw-erp-prod-01/httpListeners/listener_vm-erp-kashishuae-prod-ci_https",
                "http_listener_name": "listener_vm-erp-kashishuae-prod-ci_https",
                "id": "/subscriptions/4f070ccd-0168-41ab-a9a4-c13e2dd2626c/resourceGroups/rg-erp-prod-ci/providers/Microsoft.Network/applicationGateways/agw-erp-prod-01/requestRoutingRules/rule_vm-erp-kashishuae-prod-ci_https",
                "name": "rule_vm-erp-kashishuae-prod-ci_https",
                "priority": 124,
                "redirect_configuration_id": "",
                "redirect_configuration_name": "",
                "rewrite_rule_set_id": "",
                "rewrite_rule_set_name": "",
                "rule_type": "Basic",
                "url_path_map_id": "",
                "url_path_map_name": ""
              },
              {
                "backend_address_pool_id": "/subscriptions/4f070ccd-0168-41ab-a9a4-c13e2dd2626c/resourceGroups/rg-erp-prod-ci/providers/Microsoft.Network/applicationGateways/agw-erp-prod-01/backendAddressPools/backpool_vm-erp-kgbstores-prod-ci",
                "backend_address_pool_name": "backpool_vm-erp-kgbstores-prod-ci",
                "backend_http_settings_id": "/subscriptions/4f070ccd-0168-41ab-a9a4-c13e2dd2626c/resourceGroups/rg-erp-prod-ci/providers/Microsoft.Network/applicationGateways/agw-erp-prod-01/backendHttpSettingsCollection/setting_http",
                "backend_http_settings_name": "setting_http",
                "http_listener_id": "/subscriptions/4f070ccd-0168-41ab-a9a4-c13e2dd2626c/resourceGroups/rg-erp-prod-ci/providers/Microsoft.Network/applicationGateways/agw-erp-prod-01/httpListeners/listener_vm-erp-kgbstores-prod-ci_https",
                "http_listener_name": "listener_vm-erp-kgbstores-prod-ci_https",
                "id": "/subscriptions/4f070ccd-0168-41ab-a9a4-c13e2dd2626c/resourceGroups/rg-erp-prod-ci/providers/Microsoft.Network/applicationGateways/agw-erp-prod-01/requestRoutingRules/rule_vm-erp-kgbstores-prod-ci_https",
                "name": "rule_vm-erp-kgbstores-prod-ci_https",
                "priority": 125,
                "redirect_configuration_id": "",
                "redirect_configuration_name": "",
                "rewrite_rule_set_id": "",
                "rewrite_rule_set_name": "",
                "rule_type": "Basic",
                "url_path_map_id": "",
                "url_path_map_name": ""
              },
              {
                "backend_address_pool_id": "/subscriptions/4f070ccd-0168-41ab-a9a4-c13e2dd2626c/resourceGroups/rg-erp-prod-ci/providers/Microsoft.Network/applicationGateways/agw-erp-prod-01/backendAddressPools/backpool_vm-erp-kkaprc-prod-ci",
                "backend_address_pool_name": "backpool_vm-erp-kkaprc-prod-ci",
                "backend_http_settings_id": "/subscriptions/4f070ccd-0168-41ab-a9a4-c13e2dd2626c/resourceGroups/rg-erp-prod-ci/providers/Microsoft.Network/applicationGateways/agw-erp-prod-01/backendHttpSettingsCollection/setting_http",
                "backend_http_settings_name": "setting_http",
                "http_listener_id": "/subscriptions/4f070ccd-0168-41ab-a9a4-c13e2dd2626c/resourceGroups/rg-erp-prod-ci/providers/Microsoft.Network/applicationGateways/agw-erp-prod-01/httpListeners/listener_vm-erp-kkaprc-prod-ci_https",
                "http_listener_name": "listener_vm-erp-kkaprc-prod-ci_https",
                "id": "/subscriptions/4f070ccd-0168-41ab-a9a4-c13e2dd2626c/resourceGroups/rg-erp-prod-ci/providers/Microsoft.Network/applicationGateways/agw-erp-prod-01/requestRoutingRules/rule_vm-erp-kkaprc-prod-ci_https",
                "name": "rule_vm-erp-kkaprc-prod-ci_https",
                "priority": 126,
                "redirect_configuration_id": "",
                "redirect_configuration_name": "",
                "rewrite_rule_set_id": "",
                "rewrite_rule_set_name": "",
                "rule_type": "Basic",
                "url_path_map_id": "",
                "url_path_map_name": ""
              },
              {
                "backend_address_pool_id": "/subscriptions/4f070ccd-0168-41ab-a9a4-c13e2dd2626c/resourceGroups/rg-erp-prod-ci/providers/Microsoft.Network/applicationGateways/agw-erp-prod-01/backendAddressPools/backpool_vm-erp-lambodara-prod-ci",
                "backend_address_pool_name": "backpool_vm-erp-lambodara-prod-ci",
                "backend_http_settings_id": "/subscriptions/4f070ccd-0168-41ab-a9a4-c13e2dd2626c/resourceGroups/rg-erp-prod-ci/providers/Microsoft.Network/applicationGateways/agw-erp-prod-01/backendHttpSettingsCollection/setting_http",
                "backend_http_settings_name": "setting_http",
                "http_listener_id": "/subscriptions/4f070ccd-0168-41ab-a9a4-c13e2dd2626c/resourceGroups/rg-erp-prod-ci/providers/Microsoft.Network/applicationGateways/agw-erp-prod-01/httpListeners/listener_vm-erp-lambodara-prod-ci_https",
                "http_listener_name": "listener_vm-erp-lambodara-prod-ci_https",
                "id": "/subscriptions/4f070ccd-0168-41ab-a9a4-c13e2dd2626c/resourceGroups/rg-erp-prod-ci/providers/Microsoft.Network/applicationGateways/agw-erp-prod-01/requestRoutingRules/rule_vm-erp-lambodara-prod-ci_https",
                "name": "rule_vm-erp-lambodara-prod-ci_https",
                "priority": 127,
                "redirect_configuration_id": "",
                "redirect_configuration_name": "",
                "rewrite_rule_set_id": "",
                "rewrite_rule_set_name": "",
                "rule_type": "Basic",
                "url_path_map_id": "",
                "url_path_map_name": ""
              },
              {
                "backend_address_pool_id": "/subscriptions/4f070ccd-0168-41ab-a9a4-c13e2dd2626c/resourceGroups/rg-erp-prod-ci/providers/Microsoft.Network/applicationGateways/agw-erp-prod-01/backendAddressPools/backpool_vm-erp-mithaipotlam-prod-ci",
                "backend_address_pool_name": "backpool_vm-erp-mithaipotlam-prod-ci",
                "backend_http_settings_id": "/subscriptions/4f070ccd-0168-41ab-a9a4-c13e2dd2626c/resourceGroups/rg-erp-prod-ci/providers/Microsoft.Network/applicationGateways/agw-erp-prod-01/backendHttpSettingsCollection/setting_http",
                "backend_http_settings_name": "setting_http",
                "http_listener_id": "/subscriptions/4f070ccd-0168-41ab-a9a4-c13e2dd2626c/resourceGroups/rg-erp-prod-ci/providers/Microsoft.Network/applicationGateways/agw-erp-prod-01/httpListeners/listener_vm-erp-mithaipotlam-prod-ci_https",
                "http_listener_name": "listener_vm-erp-mithaipotlam-prod-ci_https",
                "id": "/subscriptions/4f070ccd-0168-41ab-a9a4-c13e2dd2626c/resourceGroups/rg-erp-prod-ci/providers/Microsoft.Network/applicationGateways/agw-erp-prod-01/requestRoutingRules/rule_vm-erp-mithaipotlam-prod-ci_https",
                "name": "rule_vm-erp-mithaipotlam-prod-ci_https",
                "priority": 128,
                "redirect_configuration_id": "",
                "redirect_configuration_name": "",
                "rewrite_rule_set_id": "",
                "rewrite_rule_set_name": "",
                "rule_type": "Basic",
                "url_path_map_id": "",
                "url_path_map_name": ""
              },
              {
                "backend_address_pool_id": "/subscriptions/4f070ccd-0168-41ab-a9a4-c13e2dd2626c/resourceGroups/rg-erp-prod-ci/providers/Microsoft.Network/applicationGateways/agw-erp-prod-01/backendAddressPools/backpool_vm-erp-nidhidecor-prod-ci",
                "backend_address_pool_name": "backpool_vm-erp-nidhidecor-prod-ci",
                "backend_http_settings_id": "/subscriptions/4f070ccd-0168-41ab-a9a4-c13e2dd2626c/resourceGroups/rg-erp-prod-ci/providers/Microsoft.Network/applicationGateways/agw-erp-prod-01/backendHttpSettingsCollection/setting_http",
                "backend_http_settings_name": "setting_http",
                "http_listener_id": "/subscriptions/4f070ccd-0168-41ab-a9a4-c13e2dd2626c/resourceGroups/rg-erp-prod-ci/providers/Microsoft.Network/applicationGateways/agw-erp-prod-01/httpListeners/listener_vm-erp-nidhidecor-prod-ci_https",
                "http_listener_name": "listener_vm-erp-nidhidecor-prod-ci_https",
                "id": "/subscriptions/4f070ccd-0168-41ab-a9a4-c13e2dd2626c/resourceGroups/rg-erp-prod-ci/providers/Microsoft.Network/applicationGateways/agw-erp-prod-01/requestRoutingRules/rule_vm-erp-nidhidecor-prod-ci_https",
                "name": "rule_vm-erp-nidhidecor-prod-ci_https",
                "priority": 129,
                "redirect_configuration_id": "",
                "redirect_configuration_name": "",
                "rewrite_rule_set_id": "",
                "rewrite_rule_set_name": "",
                "rule_type": "Basic",
                "url_path_map_id": "",
                "url_path_map_name": ""
              },
              {
                "backend_address_pool_id": "/subscriptions/4f070ccd-0168-41ab-a9a4-c13e2dd2626c/resourceGroups/rg-erp-prod-ci/providers/Microsoft.Network/applicationGateways/agw-erp-prod-01/backendAddressPools/backpool_vm-erp-nmfrontieruk-prod-ci",
                "backend_address_pool_name": "backpool_vm-erp-nmfrontieruk-prod-ci",
                "backend_http_settings_id": "/subscriptions/4f070ccd-0168-41ab-a9a4-c13e2dd2626c/resourceGroups/rg-erp-prod-ci/providers/Microsoft.Network/applicationGateways/agw-erp-prod-01/backendHttpSettingsCollection/setting_http",
                "backend_http_settings_name": "setting_http",
                "http_listener_id": "/subscriptions/4f070ccd-0168-41ab-a9a4-c13e2dd2626c/resourceGroups/rg-erp-prod-ci/providers/Microsoft.Network/applicationGateways/agw-erp-prod-01/httpListeners/listener_vm-erp-nmfrontieruk-prod-ci_https",
                "http_listener_name": "listener_vm-erp-nmfrontieruk-prod-ci_https",
                "id": "/subscriptions/4f070ccd-0168-41ab-a9a4-c13e2dd2626c/resourceGroups/rg-erp-prod-ci/providers/Microsoft.Network/applicationGateways/agw-erp-prod-01/requestRoutingRules/rule_vm-erp-nmfrontieruk-prod-ci_https",
                "name": "rule_vm-erp-nmfrontieruk-prod-ci_https",
                "priority": 130,
                "redirect_configuration_id": "",
                "redirect_configuration_name": "",
                "rewrite_rule_set_id": "",
                "rewrite_rule_set_name": "",
                "rule_type": "Basic",
                "url_path_map_id": "",
                "url_path_map_name": ""
              },
              {
                "backend_address_pool_id": "/subscriptions/4f070ccd-0168-41ab-a9a4-c13e2dd2626c/resourceGroups/rg-erp-prod-ci/providers/Microsoft.Network/applicationGateways/agw-erp-prod-01/backendAddressPools/backpool_vm-erp-nohmapparels-prod-ci",
                "backend_address_pool_name": "backpool_vm-erp-nohmapparels-prod-ci",
                "backend_http_settings_id": "/subscriptions/4f070ccd-0168-41ab-a9a4-c13e2dd2626c/resourceGroups/rg-erp-prod-ci/providers/Microsoft.Network/applicationGateways/agw-erp-prod-01/backendHttpSettingsCollection/setting_http",
                "backend_http_settings_name": "setting_http",
                "http_listener_id": "/subscriptions/4f070ccd-0168-41ab-a9a4-c13e2dd2626c/resourceGroups/rg-erp-prod-ci/providers/Microsoft.Network/applicationGateways/agw-erp-prod-01/httpListeners/listener_vm-erp-nohmapparels-prod-ci_https",
                "http_listener_name": "listener_vm-erp-nohmapparels-prod-ci_https",
                "id": "/subscriptions/4f070ccd-0168-41ab-a9a4-c13e2dd2626c/resourceGroups/rg-erp-prod-ci/providers/Microsoft.Network/applicationGateways/agw-erp-prod-01/requestRoutingRules/rule_vm-erp-nohmapparels-prod-ci_https",
                "name": "rule_vm-erp-nohmapparels-prod-ci_https",
                "priority": 131,
                "redirect_configuration_id": "",
                "redirect_configuration_name": "",
                "rewrite_rule_set_id": "",
                "rewrite_rule_set_name": "",
                "rule_type": "Basic",
                "url_path_map_id": "",
                "url_path_map_name": ""
              },
              {
                "backend_address_pool_id": "/subscriptions/4f070ccd-0168-41ab-a9a4-c13e2dd2626c/resourceGroups/rg-erp-prod-ci/providers/Microsoft.Network/applicationGateways/agw-erp-prod-01/backendAddressPools/backpool_vm-erp-occasion-prod-ci",
                "backend_address_pool_name": "backpool_vm-erp-occasion-prod-ci",
                "backend_http_settings_id": "/subscriptions/4f070ccd-0168-41ab-a9a4-c13e2dd2626c/resourceGroups/rg-erp-prod-ci/providers/Microsoft.Network/applicationGateways/agw-erp-prod-01/backendHttpSettingsCollection/setting_http",
                "backend_http_settings_name": "setting_http",
                "http_listener_id": "/subscriptions/4f070ccd-0168-41ab-a9a4-c13e2dd2626c/resourceGroups/rg-erp-prod-ci/providers/Microsoft.Network/applicationGateways/agw-erp-prod-01/httpListeners/listener_vm-erp-occasion-prod-ci_https",
                "http_listener_name": "listener_vm-erp-occasion-prod-ci_https",
                "id": "/subscriptions/4f070ccd-0168-41ab-a9a4-c13e2dd2626c/resourceGroups/rg-erp-prod-ci/providers/Microsoft.Network/applicationGateways/agw-erp-prod-01/requestRoutingRules/rule_vm-erp-occasion-prod-ci_https",
                "name": "rule_vm-erp-occasion-prod-ci_https",
                "priority": 132,
                "redirect_configuration_id": "",
                "redirect_configuration_name": "",
                "rewrite_rule_set_id": "",
                "rewrite_rule_set_name": "",
                "rule_type": "Basic",
                "url_path_map_id": "",
                "url_path_map_name": ""
              },
              {
                "backend_address_pool_id": "/subscriptions/4f070ccd-0168-41ab-a9a4-c13e2dd2626c/resourceGroups/rg-erp-prod-ci/providers/Microsoft.Network/applicationGateways/agw-erp-prod-01/backendAddressPools/backpool_vm-erp-phonex-prod-ci",
                "backend_address_pool_name": "backpool_vm-erp-phonex-prod-ci",
                "backend_http_settings_id": "/subscriptions/4f070ccd-0168-41ab-a9a4-c13e2dd2626c/resourceGroups/rg-erp-prod-ci/providers/Microsoft.Network/applicationGateways/agw-erp-prod-01/backendHttpSettingsCollection/setting_http",
                "backend_http_settings_name": "setting_http",
                "http_listener_id": "/subscriptions/4f070ccd-0168-41ab-a9a4-c13e2dd2626c/resourceGroups/rg-erp-prod-ci/providers/Microsoft.Network/applicationGateways/agw-erp-prod-01/httpListeners/listener_vm-erp-phonex-prod-ci_https",
                "http_listener_name": "listener_vm-erp-phonex-prod-ci_https",
                "id": "/subscriptions/4f070ccd-0168-41ab-a9a4-c13e2dd2626c/resourceGroups/rg-erp-prod-ci/providers/Microsoft.Network/applicationGateways/agw-erp-prod-01/requestRoutingRules/rule_vm-erp-phonex-prod-ci_https",
                "name": "rule_vm-erp-phonex-prod-ci_https",
                "priority": 133,
                "redirect_configuration_id": "",
                "redirect_configuration_name": "",
                "rewrite_rule_set_id": "",
                "rewrite_rule_set_name": "",
                "rule_type": "Basic",
                "url_path_map_id": "",
                "url_path_map_name": ""
              },
              {
                "backend_address_pool_id": "/subscriptions/4f070ccd-0168-41ab-a9a4-c13e2dd2626c/resourceGroups/rg-erp-prod-ci/providers/Microsoft.Network/applicationGateways/agw-erp-prod-01/backendAddressPools/backpool_vm-erp-pizunalinens-prod-ci",
                "backend_address_pool_name": "backpool_vm-erp-pizunalinens-prod-ci",
                "backend_http_settings_id": "/subscriptions/4f070ccd-0168-41ab-a9a4-c13e2dd2626c/resourceGroups/rg-erp-prod-ci/providers/Microsoft.Network/applicationGateways/agw-erp-prod-01/backendHttpSettingsCollection/setting_http",
                "backend_http_settings_name": "setting_http",
                "http_listener_id": "/subscriptions/4f070ccd-0168-41ab-a9a4-c13e2dd2626c/resourceGroups/rg-erp-prod-ci/providers/Microsoft.Network/applicationGateways/agw-erp-prod-01/httpListeners/listener_vm-erp-pizunalinens-prod-ci_https",
                "http_listener_name": "listener_vm-erp-pizunalinens-prod-ci_https",
                "id": "/subscriptions/4f070ccd-0168-41ab-a9a4-c13e2dd2626c/resourceGroups/rg-erp-prod-ci/providers/Microsoft.Network/applicationGateways/agw-erp-prod-01/requestRoutingRules/rule_vm-erp-pizunalinens-prod-ci_https",
                "name": "rule_vm-erp-pizunalinens-prod-ci_https",
                "priority": 134,
                "redirect_configuration_id": "",
                "redirect_configuration_name": "",
                "rewrite_rule_set_id": "",
                "rewrite_rule_set_name": "",
                "rule_type": "Basic",
                "url_path_map_id": "",
                "url_path_map_name": ""
              },
              {
                "backend_address_pool_id": "/subscriptions/4f070ccd-0168-41ab-a9a4-c13e2dd2626c/resourceGroups/rg-erp-prod-ci/providers/Microsoft.Network/applicationGateways/agw-erp-prod-01/backendAddressPools/backpool_vm-erp-radheshyamstore-prod-ci",
                "backend_address_pool_name": "backpool_vm-erp-radheshyamstore-prod-ci",
                "backend_http_settings_id": "/subscriptions/4f070ccd-0168-41ab-a9a4-c13e2dd2626c/resourceGroups/rg-erp-prod-ci/providers/Microsoft.Network/applicationGateways/agw-erp-prod-01/backendHttpSettingsCollection/setting_http",
                "backend_http_settings_name": "setting_http",
                "http_listener_id": "/subscriptions/4f070ccd-0168-41ab-a9a4-c13e2dd2626c/resourceGroups/rg-erp-prod-ci/providers/Microsoft.Network/applicationGateways/agw-erp-prod-01/httpListeners/listener_vm-erp-radheshyamstore-prod-ci_https",
                "http_listener_name": "listener_vm-erp-radheshyamstore-prod-ci_https",
                "id": "/subscriptions/4f070ccd-0168-41ab-a9a4-c13e2dd2626c/resourceGroups/rg-erp-prod-ci/providers/Microsoft.Network/applicationGateways/agw-erp-prod-01/requestRoutingRules/rule_vm-erp-radheshyamstore-prod-ci_https",
                "name": "rule_vm-erp-radheshyamstore-prod-ci_https",
                "priority": 135,
                "redirect_configuration_id": "",
                "redirect_configuration_name": "",
                "rewrite_rule_set_id": "",
                "rewrite_rule_set_name": "",
                "rule_type": "Basic",
                "url_path_map_id": "",
                "url_path_map_name": ""
              },
              {
                "backend_address_pool_id": "/subscriptions/4f070ccd-0168-41ab-a9a4-c13e2dd2626c/resourceGroups/rg-erp-prod-ci/providers/Microsoft.Network/applicationGateways/agw-erp-prod-01/backendAddressPools/backpool_vm-erp-raisinglobal-prod-ci",
                "backend_address_pool_name": "backpool_vm-erp-raisinglobal-prod-ci",
                "backend_http_settings_id": "/subscriptions/4f070ccd-0168-41ab-a9a4-c13e2dd2626c/resourceGroups/rg-erp-prod-ci/providers/Microsoft.Network/applicationGateways/agw-erp-prod-01/backendHttpSettingsCollection/setting_http",
                "backend_http_settings_name": "setting_http",
                "http_listener_id": "/subscriptions/4f070ccd-0168-41ab-a9a4-c13e2dd2626c/resourceGroups/rg-erp-prod-ci/providers/Microsoft.Network/applicationGateways/agw-erp-prod-01/httpListeners/listener_vm-erp-raisinglobal-prod-ci_https",
                "http_listener_name": "listener_vm-erp-raisinglobal-prod-ci_https",
                "id": "/subscriptions/4f070ccd-0168-41ab-a9a4-c13e2dd2626c/resourceGroups/rg-erp-prod-ci/providers/Microsoft.Network/applicationGateways/agw-erp-prod-01/requestRoutingRules/rule_vm-erp-raisinglobal-prod-ci_https",
                "name": "rule_vm-erp-raisinglobal-prod-ci_https",
                "priority": 136,
                "redirect_configuration_id": "",
                "redirect_configuration_name": "",
                "rewrite_rule_set_id": "",
                "rewrite_rule_set_name": "",
                "rule_type": "Basic",
                "url_path_map_id": "",
                "url_path_map_name": ""
              },
              {
                "backend_address_pool_id": "/subscriptions/4f070ccd-0168-41ab-a9a4-c13e2dd2626c/resourceGroups/rg-erp-prod-ci/providers/Microsoft.Network/applicationGateways/agw-erp-prod-01/backendAddressPools/backpool_vm-erp-ridhimehra-prod-ci",
                "backend_address_pool_name": "backpool_vm-erp-ridhimehra-prod-ci",
                "backend_http_settings_id": "/subscriptions/4f070ccd-0168-41ab-a9a4-c13e2dd2626c/resourceGroups/rg-erp-prod-ci/providers/Microsoft.Network/applicationGateways/agw-erp-prod-01/backendHttpSettingsCollection/setting_http",
                "backend_http_settings_name": "setting_http",
                "http_listener_id": "/subscriptions/4f070ccd-0168-41ab-a9a4-c13e2dd2626c/resourceGroups/rg-erp-prod-ci/providers/Microsoft.Network/applicationGateways/agw-erp-prod-01/httpListeners/listener_vm-erp-ridhimehra-prod-ci_https",
                "http_listener_name": "listener_vm-erp-ridhimehra-prod-ci_https",
                "id": "/subscriptions/4f070ccd-0168-41ab-a9a4-c13e2dd2626c/resourceGroups/rg-erp-prod-ci/providers/Microsoft.Network/applicationGateways/agw-erp-prod-01/requestRoutingRules/rule_vm-erp-ridhimehra-prod-ci_https",
                "name": "rule_vm-erp-ridhimehra-prod-ci_https",
                "priority": 137,
                "redirect_configuration_id": "",
                "redirect_configuration_name": "",
                "rewrite_rule_set_id": "",
                "rewrite_rule_set_name": "",
                "rule_type": "Basic",
                "url_path_map_id": "",
                "url_path_map_name": ""
              },
              {
                "backend_address_pool_id": "/subscriptions/4f070ccd-0168-41ab-a9a4-c13e2dd2626c/resourceGroups/rg-erp-prod-ci/providers/Microsoft.Network/applicationGateways/agw-erp-prod-01/backendAddressPools/backpool_vm-erp-rithika-prod-ci",
                "backend_address_pool_name": "backpool_vm-erp-rithika-prod-ci",
                "backend_http_settings_id": "/subscriptions/4f070ccd-0168-41ab-a9a4-c13e2dd2626c/resourceGroups/rg-erp-prod-ci/providers/Microsoft.Network/applicationGateways/agw-erp-prod-01/backendHttpSettingsCollection/setting_http",
                "backend_http_settings_name": "setting_http",
                "http_listener_id": "/subscriptions/4f070ccd-0168-41ab-a9a4-c13e2dd2626c/resourceGroups/rg-erp-prod-ci/providers/Microsoft.Network/applicationGateways/agw-erp-prod-01/httpListeners/listener_vm-erp-rithika-prod-ci_https",
                "http_listener_name": "listener_vm-erp-rithika-prod-ci_https",
                "id": "/subscriptions/4f070ccd-0168-41ab-a9a4-c13e2dd2626c/resourceGroups/rg-erp-prod-ci/providers/Microsoft.Network/applicationGateways/agw-erp-prod-01/requestRoutingRules/rule_vm-erp-rithika-prod-ci_https",
                "name": "rule_vm-erp-rithika-prod-ci_https",
                "priority": 138,
                "redirect_configuration_id": "",
                "redirect_configuration_name": "",
                "rewrite_rule_set_id": "",
                "rewrite_rule_set_name": "",
                "rule_type": "Basic",
                "url_path_map_id": "",
                "url_path_map_name": ""
              },
              {
                "backend_address_pool_id": "/subscriptions/4f070ccd-0168-41ab-a9a4-c13e2dd2626c/resourceGroups/rg-erp-prod-ci/providers/Microsoft.Network/applicationGateways/agw-erp-prod-01/backendAddressPools/backpool_vm-erp-rkclothing-prod-ci",
                "backend_address_pool_name": "backpool_vm-erp-rkclothing-prod-ci",
                "backend_http_settings_id": "/subscriptions/4f070ccd-0168-41ab-a9a4-c13e2dd2626c/resourceGroups/rg-erp-prod-ci/providers/Microsoft.Network/applicationGateways/agw-erp-prod-01/backendHttpSettingsCollection/setting_http",
                "backend_http_settings_name": "setting_http",
                "http_listener_id": "/subscriptions/4f070ccd-0168-41ab-a9a4-c13e2dd2626c/resourceGroups/rg-erp-prod-ci/providers/Microsoft.Network/applicationGateways/agw-erp-prod-01/httpListeners/listener_vm-erp-rkclothing-prod-ci_https",
                "http_listener_name": "listener_vm-erp-rkclothing-prod-ci_https",
                "id": "/subscriptions/4f070ccd-0168-41ab-a9a4-c13e2dd2626c/resourceGroups/rg-erp-prod-ci/providers/Microsoft.Network/applicationGateways/agw-erp-prod-01/requestRoutingRules/rule_vm-erp-rkclothing-prod-ci_https",
                "name": "rule_vm-erp-rkclothing-prod-ci_https",
                "priority": 139,
                "redirect_configuration_id": "",
                "redirect_configuration_name": "",
                "rewrite_rule_set_id": "",
                "rewrite_rule_set_name": "",
                "rule_type": "Basic",
                "url_path_map_id": "",
                "url_path_map_name": ""
              },
              {
                "backend_address_pool_id": "/subscriptions/4f070ccd-0168-41ab-a9a4-c13e2dd2626c/resourceGroups/rg-erp-prod-ci/providers/Microsoft.Network/applicationGateways/agw-erp-prod-01/backendAddressPools/backpool_vm-erp-rkfamilystore-prod-ci",
                "backend_address_pool_name": "backpool_vm-erp-rkfamilystore-prod-ci",
                "backend_http_settings_id": "/subscriptions/4f070ccd-0168-41ab-a9a4-c13e2dd2626c/resourceGroups/rg-erp-prod-ci/providers/Microsoft.Network/applicationGateways/agw-erp-prod-01/backendHttpSettingsCollection/setting_http",
                "backend_http_settings_name": "setting_http",
                "http_listener_id": "/subscriptions/4f070ccd-0168-41ab-a9a4-c13e2dd2626c/resourceGroups/rg-erp-prod-ci/providers/Microsoft.Network/applicationGateways/agw-erp-prod-01/httpListeners/listener_vm-erp-rkfamilystore-prod-ci_https",
                "http_listener_name": "listener_vm-erp-rkfamilystore-prod-ci_https",
                "id": "/subscriptions/4f070ccd-0168-41ab-a9a4-c13e2dd2626c/resourceGroups/rg-erp-prod-ci/providers/Microsoft.Network/applicationGateways/agw-erp-prod-01/requestRoutingRules/rule_vm-erp-rkfamilystore-prod-ci_https",
                "name": "rule_vm-erp-rkfamilystore-prod-ci_https",
                "priority": 140,
                "redirect_configuration_id": "",
                "redirect_configuration_name": "",
                "rewrite_rule_set_id": "",
                "rewrite_rule_set_name": "",
                "rule_type": "Basic",
                "url_path_map_id": "",
                "url_path_map_name": ""
              },
              {
                "backend_address_pool_id": "/subscriptions/4f070ccd-0168-41ab-a9a4-c13e2dd2626c/resourceGroups/rg-erp-prod-ci/providers/Microsoft.Network/applicationGateways/agw-erp-prod-01/backendAddressPools/backpool_vm-erp-sabkaabazar-prod-ci",
                "backend_address_pool_name": "backpool_vm-erp-sabkaabazar-prod-ci",
                "backend_http_settings_id": "/subscriptions/4f070ccd-0168-41ab-a9a4-c13e2dd2626c/resourceGroups/rg-erp-prod-ci/providers/Microsoft.Network/applicationGateways/agw-erp-prod-01/backendHttpSettingsCollection/setting_http",
                "backend_http_settings_name": "setting_http",
                "http_listener_id": "/subscriptions/4f070ccd-0168-41ab-a9a4-c13e2dd2626c/resourceGroups/rg-erp-prod-ci/providers/Microsoft.Network/applicationGateways/agw-erp-prod-01/httpListeners/listener_vm-erp-sabkaabazar-prod-ci_https",
                "http_listener_name": "listener_vm-erp-sabkaabazar-prod-ci_https",
                "id": "/subscriptions/4f070ccd-0168-41ab-a9a4-c13e2dd2626c/resourceGroups/rg-erp-prod-ci/providers/Microsoft.Network/applicationGateways/agw-erp-prod-01/requestRoutingRules/rule_vm-erp-sabkaabazar-prod-ci_https",
                "name": "rule_vm-erp-sabkaabazar-prod-ci_https",
                "priority": 141,
                "redirect_configuration_id": "",
                "redirect_configuration_name": "",
                "rewrite_rule_set_id": "",
                "rewrite_rule_set_name": "",
                "rule_type": "Basic",
                "url_path_map_id": "",
                "url_path_map_name": ""
              },
              {
                "backend_address_pool_id": "/subscriptions/4f070ccd-0168-41ab-a9a4-c13e2dd2626c/resourceGroups/rg-erp-prod-ci/providers/Microsoft.Network/applicationGateways/agw-erp-prod-01/backendAddressPools/backpool_vm-erp-sbaazarmetro-prod-ci",
                "backend_address_pool_name": "backpool_vm-erp-sbaazarmetro-prod-ci",
                "backend_http_settings_id": "/subscriptions/4f070ccd-0168-41ab-a9a4-c13e2dd2626c/resourceGroups/rg-erp-prod-ci/providers/Microsoft.Network/applicationGateways/agw-erp-prod-01/backendHttpSettingsCollection/setting_http",
                "backend_http_settings_name": "setting_http",
                "http_listener_id": "/subscriptions/4f070ccd-0168-41ab-a9a4-c13e2dd2626c/resourceGroups/rg-erp-prod-ci/providers/Microsoft.Network/applicationGateways/agw-erp-prod-01/httpListeners/listener_vm-erp-sbaazarmetro-prod-ci_https",
                "http_listener_name": "listener_vm-erp-sbaazarmetro-prod-ci_https",
                "id": "/subscriptions/4f070ccd-0168-41ab-a9a4-c13e2dd2626c/resourceGroups/rg-erp-prod-ci/providers/Microsoft.Network/applicationGateways/agw-erp-prod-01/requestRoutingRules/rule_vm-erp-sbaazarmetro-prod-ci_https",
                "name": "rule_vm-erp-sbaazarmetro-prod-ci_https",
                "priority": 142,
                "redirect_configuration_id": "",
                "redirect_configuration_name": "",
                "rewrite_rule_set_id": "",
                "rewrite_rule_set_name": "",
                "rule_type": "Basic",
                "url_path_map_id": "",
                "url_path_map_name": ""
              },
              {
                "backend_address_pool_id": "/subscriptions/4f070ccd-0168-41ab-a9a4-c13e2dd2626c/resourceGroups/rg-erp-prod-ci/providers/Microsoft.Network/applicationGateways/agw-erp-prod-01/backendAddressPools/backpool_vm-erp-shayartex-prod-ci",
                "backend_address_pool_name": "backpool_vm-erp-shayartex-prod-ci",
                "backend_http_settings_id": "/subscriptions/4f070ccd-0168-41ab-a9a4-c13e2dd2626c/resourceGroups/rg-erp-prod-ci/providers/Microsoft.Network/applicationGateways/agw-erp-prod-01/backendHttpSettingsCollection/setting_http",
                "backend_http_settings_name": "setting_http",
                "http_listener_id": "/subscriptions/4f070ccd-0168-41ab-a9a4-c13e2dd2626c/resourceGroups/rg-erp-prod-ci/providers/Microsoft.Network/applicationGateways/agw-erp-prod-01/httpListeners/listener_vm-erp-shayartex-prod-ci_https",
                "http_listener_name": "listener_vm-erp-shayartex-prod-ci_https",
                "id": "/subscriptions/4f070ccd-0168-41ab-a9a4-c13e2dd2626c/resourceGroups/rg-erp-prod-ci/providers/Microsoft.Network/applicationGateways/agw-erp-prod-01/requestRoutingRules/rule_vm-erp-shayartex-prod-ci_https",
                "name": "rule_vm-erp-shayartex-prod-ci_https",
                "priority": 143,
                "redirect_configuration_id": "",
                "redirect_configuration_name": "",
                "rewrite_rule_set_id": "",
                "rewrite_rule_set_name": "",
                "rule_type": "Basic",
                "url_path_map_id": "",
                "url_path_map_name": ""
              },
              {
                "backend_address_pool_id": "/subscriptions/4f070ccd-0168-41ab-a9a4-c13e2dd2626c/resourceGroups/rg-erp-prod-ci/providers/Microsoft.Network/applicationGateways/agw-erp-prod-01/backendAddressPools/backpool_vm-erp-shrujanchanda-prod-ci",
                "backend_address_pool_name": "backpool_vm-erp-shrujanchanda-prod-ci",
                "backend_http_settings_id": "/subscriptions/4f070ccd-0168-41ab-a9a4-c13e2dd2626c/resourceGroups/rg-erp-prod-ci/providers/Microsoft.Network/applicationGateways/agw-erp-prod-01/backendHttpSettingsCollection/setting_http",
                "backend_http_settings_name": "setting_http",
                "http_listener_id": "/subscriptions/4f070ccd-0168-41ab-a9a4-c13e2dd2626c/resourceGroups/rg-erp-prod-ci/providers/Microsoft.Network/applicationGateways/agw-erp-prod-01/httpListeners/listener_vm-erp-shrujanchanda-prod-ci_https",
                "http_listener_name": "listener_vm-erp-shrujanchanda-prod-ci_https",
                "id": "/subscriptions/4f070ccd-0168-41ab-a9a4-c13e2dd2626c/resourceGroups/rg-erp-prod-ci/providers/Microsoft.Network/applicationGateways/agw-erp-prod-01/requestRoutingRules/rule_vm-erp-shrujanchanda-prod-ci_https",
                "name": "rule_vm-erp-shrujanchanda-prod-ci_https",
                "priority": 144,
                "redirect_configuration_id": "",
                "redirect_configuration_name": "",
                "rewrite_rule_set_id": "",
                "rewrite_rule_set_name": "",
                "rule_type": "Basic",
                "url_path_map_id": "",
                "url_path_map_name": ""
              },
              {
                "backend_address_pool_id": "/subscriptions/4f070ccd-0168-41ab-a9a4-c13e2dd2626c/resourceGroups/rg-erp-prod-ci/providers/Microsoft.Network/applicationGateways/agw-erp-prod-01/backendAddressPools/backpool_vm-erp-sithara-prod",
                "backend_address_pool_name": "backpool_vm-erp-sithara-prod",
                "backend_http_settings_id": "/subscriptions/4f070ccd-0168-41ab-a9a4-c13e2dd2626c/resourceGroups/rg-erp-prod-ci/providers/Microsoft.Network/applicationGateways/agw-erp-prod-01/backendHttpSettingsCollection/setting_http",
                "backend_http_settings_name": "setting_http",
                "http_listener_id": "/subscriptions/4f070ccd-0168-41ab-a9a4-c13e2dd2626c/resourceGroups/rg-erp-prod-ci/providers/Microsoft.Network/applicationGateways/agw-erp-prod-01/httpListeners/listener_vm-erp-sithara-prod_https",
                "http_listener_name": "listener_vm-erp-sithara-prod_https",
                "id": "/subscriptions/4f070ccd-0168-41ab-a9a4-c13e2dd2626c/resourceGroups/rg-erp-prod-ci/providers/Microsoft.Network/applicationGateways/agw-erp-prod-01/requestRoutingRules/rule_vm-erp-sithara-prod_https",
                "name": "rule_vm-erp-sithara-prod_https",
                "priority": 145,
                "redirect_configuration_id": "",
                "redirect_configuration_name": "",
                "rewrite_rule_set_id": "",
                "rewrite_rule_set_name": "",
                "rule_type": "Basic",
                "url_path_map_id": "",
                "url_path_map_name": ""
              },
              {
                "backend_address_pool_id": "/subscriptions/4f070ccd-0168-41ab-a9a4-c13e2dd2626c/resourceGroups/rg-erp-prod-ci/providers/Microsoft.Network/applicationGateways/agw-erp-prod-01/backendAddressPools/backpool_vm-erp-solitario-prod-ci",
                "backend_address_pool_name": "backpool_vm-erp-solitario-prod-ci",
                "backend_http_settings_id": "/subscriptions/4f070ccd-0168-41ab-a9a4-c13e2dd2626c/resourceGroups/rg-erp-prod-ci/providers/Microsoft.Network/applicationGateways/agw-erp-prod-01/backendHttpSettingsCollection/setting_http",
                "backend_http_settings_name": "setting_http",
                "http_listener_id": "/subscriptions/4f070ccd-0168-41ab-a9a4-c13e2dd2626c/resourceGroups/rg-erp-prod-ci/providers/Microsoft.Network/applicationGateways/agw-erp-prod-01/httpListeners/listener_vm-erp-solitario-prod-ci_https",
                "http_listener_name": "listener_vm-erp-solitario-prod-ci_https",
                "id": "/subscriptions/4f070ccd-0168-41ab-a9a4-c13e2dd2626c/resourceGroups/rg-erp-prod-ci/providers/Microsoft.Network/applicationGateways/agw-erp-prod-01/requestRoutingRules/rule_vm-erp-solitario-prod-ci_https",
                "name": "rule_vm-erp-solitario-prod-ci_https",
                "priority": 146,
                "redirect_configuration_id": "",
                "redirect_configuration_name": "",
                "rewrite_rule_set_id": "",
                "rewrite_rule_set_name": "",
                "rule_type": "Basic",
                "url_path_map_id": "",
                "url_path_map_name": ""
              },
              {
                "backend_address_pool_id": "/subscriptions/4f070ccd-0168-41ab-a9a4-c13e2dd2626c/resourceGroups/rg-erp-prod-ci/providers/Microsoft.Network/applicationGateways/agw-erp-prod-01/backendAddressPools/backpool_vm-erp-sulsaho-prod",
                "backend_address_pool_name": "backpool_vm-erp-sulsaho-prod",
                "backend_http_settings_id": "/subscriptions/4f070ccd-0168-41ab-a9a4-c13e2dd2626c/resourceGroups/rg-erp-prod-ci/providers/Microsoft.Network/applicationGateways/agw-erp-prod-01/backendHttpSettingsCollection/setting_http",
                "backend_http_settings_name": "setting_http",
                "http_listener_id": "/subscriptions/4f070ccd-0168-41ab-a9a4-c13e2dd2626c/resourceGroups/rg-erp-prod-ci/providers/Microsoft.Network/applicationGateways/agw-erp-prod-01/httpListeners/listener_vm-erp-sulsaho-prod_https",
                "http_listener_name": "listener_vm-erp-sulsaho-prod_https",
                "id": "/subscriptions/4f070ccd-0168-41ab-a9a4-c13e2dd2626c/resourceGroups/rg-erp-prod-ci/providers/Microsoft.Network/applicationGateways/agw-erp-prod-01/requestRoutingRules/rule_vm-erp-sulsaho-prod_https",
                "name": "rule_vm-erp-sulsaho-prod_https",
                "priority": 147,
                "redirect_configuration_id": "",
                "redirect_configuration_name": "",
                "rewrite_rule_set_id": "",
                "rewrite_rule_set_name": "",
                "rule_type": "Basic",
                "url_path_map_id": "",
                "url_path_map_name": ""
              },
              {
                "backend_address_pool_id": "/subscriptions/4f070ccd-0168-41ab-a9a4-c13e2dd2626c/resourceGroups/rg-erp-prod-ci/providers/Microsoft.Network/applicationGateways/agw-erp-prod-01/backendAddressPools/backpool_vm-erp-texonltd-prod-ci",
                "backend_address_pool_name": "backpool_vm-erp-texonltd-prod-ci",
                "backend_http_settings_id": "/subscriptions/4f070ccd-0168-41ab-a9a4-c13e2dd2626c/resourceGroups/rg-erp-prod-ci/providers/Microsoft.Network/applicationGateways/agw-erp-prod-01/backendHttpSettingsCollection/setting_http",
                "backend_http_settings_name": "setting_http",
                "http_listener_id": "/subscriptions/4f070ccd-0168-41ab-a9a4-c13e2dd2626c/resourceGroups/rg-erp-prod-ci/providers/Microsoft.Network/applicationGateways/agw-erp-prod-01/httpListeners/listener_vm-erp-texonltd-prod-ci_https",
                "http_listener_name": "listener_vm-erp-texonltd-prod-ci_https",
                "id": "/subscriptions/4f070ccd-0168-41ab-a9a4-c13e2dd2626c/resourceGroups/rg-erp-prod-ci/providers/Microsoft.Network/applicationGateways/agw-erp-prod-01/requestRoutingRules/rule_vm-erp-texonltd-prod-ci_https",
                "name": "rule_vm-erp-texonltd-prod-ci_https",
                "priority": 148,
                "redirect_configuration_id": "",
                "redirect_configuration_name": "",
                "rewrite_rule_set_id": "",
                "rewrite_rule_set_name": "",
                "rule_type": "Basic",
                "url_path_map_id": "",
                "url_path_map_name": ""
              },
              {
                "backend_address_pool_id": "/subscriptions/4f070ccd-0168-41ab-a9a4-c13e2dd2626c/resourceGroups/rg-erp-prod-ci/providers/Microsoft.Network/applicationGateways/agw-erp-prod-01/backendAddressPools/backpool_vm-erp-thesajelife-prod-ci",
                "backend_address_pool_name": "backpool_vm-erp-thesajelife-prod-ci",
                "backend_http_settings_id": "/subscriptions/4f070ccd-0168-41ab-a9a4-c13e2dd2626c/resourceGroups/rg-erp-prod-ci/providers/Microsoft.Network/applicationGateways/agw-erp-prod-01/backendHttpSettingsCollection/setting_http",
                "backend_http_settings_name": "setting_http",
                "http_listener_id": "/subscriptions/4f070ccd-0168-41ab-a9a4-c13e2dd2626c/resourceGroups/rg-erp-prod-ci/providers/Microsoft.Network/applicationGateways/agw-erp-prod-01/httpListeners/listener_vm-erp-thesajelife-prod-ci_https",
                "http_listener_name": "listener_vm-erp-thesajelife-prod-ci_https",
                "id": "/subscriptions/4f070ccd-0168-41ab-a9a4-c13e2dd2626c/resourceGroups/rg-erp-prod-ci/providers/Microsoft.Network/applicationGateways/agw-erp-prod-01/requestRoutingRules/rule_vm-erp-thesajelife-prod-ci_https",
                "name": "rule_vm-erp-thesajelife-prod-ci_https",
                "priority": 149,
                "redirect_configuration_id": "",
                "redirect_configuration_name": "",
                "rewrite_rule_set_id": "",
                "rewrite_rule_set_name": "",
                "rule_type": "Basic",
                "url_path_map_id": "",
                "url_path_map_name": ""
              },
              {
                "backend_address_pool_id": "/subscriptions/4f070ccd-0168-41ab-a9a4-c13e2dd2626c/resourceGroups/rg-erp-prod-ci/providers/Microsoft.Network/applicationGateways/agw-erp-prod-01/backendAddressPools/backpool_vm-erp-tiramisu-prod-ci",
                "backend_address_pool_name": "backpool_vm-erp-tiramisu-prod-ci",
                "backend_http_settings_id": "/subscriptions/4f070ccd-0168-41ab-a9a4-c13e2dd2626c/resourceGroups/rg-erp-prod-ci/providers/Microsoft.Network/applicationGateways/agw-erp-prod-01/backendHttpSettingsCollection/setting_http",
                "backend_http_settings_name": "setting_http",
                "http_listener_id": "/subscriptions/4f070ccd-0168-41ab-a9a4-c13e2dd2626c/resourceGroups/rg-erp-prod-ci/providers/Microsoft.Network/applicationGateways/agw-erp-prod-01/httpListeners/listener_vm-erp-tiramisu-prod-ci_https",
                "http_listener_name": "listener_vm-erp-tiramisu-prod-ci_https",
                "id": "/subscriptions/4f070ccd-0168-41ab-a9a4-c13e2dd2626c/resourceGroups/rg-erp-prod-ci/providers/Microsoft.Network/applicationGateways/agw-erp-prod-01/requestRoutingRules/rule_vm-erp-tiramisu-prod-ci_https",
                "name": "rule_vm-erp-tiramisu-prod-ci_https",
                "priority": 150,
                "redirect_configuration_id": "",
                "redirect_configuration_name": "",
                "rewrite_rule_set_id": "",
                "rewrite_rule_set_name": "",
                "rule_type": "Basic",
                "url_path_map_id": "",
                "url_path_map_name": ""
              },
              {
                "backend_address_pool_id": "/subscriptions/4f070ccd-0168-41ab-a9a4-c13e2dd2626c/resourceGroups/rg-erp-prod-ci/providers/Microsoft.Network/applicationGateways/agw-erp-prod-01/backendAddressPools/backpool_vm-erp-tonirossi-prod-ci",
                "backend_address_pool_name": "backpool_vm-erp-tonirossi-prod-ci",
                "backend_http_settings_id": "/subscriptions/4f070ccd-0168-41ab-a9a4-c13e2dd2626c/resourceGroups/rg-erp-prod-ci/providers/Microsoft.Network/applicationGateways/agw-erp-prod-01/backendHttpSettingsCollection/setting_http",
                "backend_http_settings_name": "setting_http",
                "http_listener_id": "/subscriptions/4f070ccd-0168-41ab-a9a4-c13e2dd2626c/resourceGroups/rg-erp-prod-ci/providers/Microsoft.Network/applicationGateways/agw-erp-prod-01/httpListeners/listener_vm-erp-tonirossi-prod-ci_https",
                "http_listener_name": "listener_vm-erp-tonirossi-prod-ci_https",
                "id": "/subscriptions/4f070ccd-0168-41ab-a9a4-c13e2dd2626c/resourceGroups/rg-erp-prod-ci/providers/Microsoft.Network/applicationGateways/agw-erp-prod-01/requestRoutingRules/rule_vm-erp-tonirossi-prod-ci_https",
                "name": "rule_vm-erp-tonirossi-prod-ci_https",
                "priority": 151,
                "redirect_configuration_id": "",
                "redirect_configuration_name": "",
                "rewrite_rule_set_id": "",
                "rewrite_rule_set_name": "",
                "rule_type": "Basic",
                "url_path_map_id": "",
                "url_path_map_name": ""
              },
              {
                "backend_address_pool_id": "/subscriptions/4f070ccd-0168-41ab-a9a4-c13e2dd2626c/resourceGroups/rg-erp-prod-ci/providers/Microsoft.Network/applicationGateways/agw-erp-prod-01/backendAddressPools/backpool_vm-erp-uniseoul-prod-ci",
                "backend_address_pool_name": "backpool_vm-erp-uniseoul-prod-ci",
                "backend_http_settings_id": "/subscriptions/4f070ccd-0168-41ab-a9a4-c13e2dd2626c/resourceGroups/rg-erp-prod-ci/providers/Microsoft.Network/applicationGateways/agw-erp-prod-01/backendHttpSettingsCollection/setting_http",
                "backend_http_settings_name": "setting_http",
                "http_listener_id": "/subscriptions/4f070ccd-0168-41ab-a9a4-c13e2dd2626c/resourceGroups/rg-erp-prod-ci/providers/Microsoft.Network/applicationGateways/agw-erp-prod-01/httpListeners/listener_vm-erp-uniseoul-prod-ci_https",
                "http_listener_name": "listener_vm-erp-uniseoul-prod-ci_https",
                "id": "/subscriptions/4f070ccd-0168-41ab-a9a4-c13e2dd2626c/resourceGroups/rg-erp-prod-ci/providers/Microsoft.Network/applicationGateways/agw-erp-prod-01/requestRoutingRules/rule_vm-erp-uniseoul-prod-ci_https",
                "name": "rule_vm-erp-uniseoul-prod-ci_https",
                "priority": 152,
                "redirect_configuration_id": "",
                "redirect_configuration_name": "",
                "rewrite_rule_set_id": "",
                "rewrite_rule_set_name": "",
                "rule_type": "Basic",
                "url_path_map_id": "",
                "url_path_map_name": ""
              },
              {
                "backend_address_pool_id": "/subscriptions/4f070ccd-0168-41ab-a9a4-c13e2dd2626c/resourceGroups/rg-erp-prod-ci/providers/Microsoft.Network/applicationGateways/agw-erp-prod-01/backendAddressPools/backpool_vm-erp-varundha-prod-ci",
                "backend_address_pool_name": "backpool_vm-erp-varundha-prod-ci",
                "backend_http_settings_id": "/subscriptions/4f070ccd-0168-41ab-a9a4-c13e2dd2626c/resourceGroups/rg-erp-prod-ci/providers/Microsoft.Network/applicationGateways/agw-erp-prod-01/backendHttpSettingsCollection/setting_http",
                "backend_http_settings_name": "setting_http",
                "http_listener_id": "/subscriptions/4f070ccd-0168-41ab-a9a4-c13e2dd2626c/resourceGroups/rg-erp-prod-ci/providers/Microsoft.Network/applicationGateways/agw-erp-prod-01/httpListeners/listener_vm-erp-varundha-prod-ci_https",
                "http_listener_name": "listener_vm-erp-varundha-prod-ci_https",
                "id": "/subscriptions/4f070ccd-0168-41ab-a9a4-c13e2dd2626c/resourceGroups/rg-erp-prod-ci/providers/Microsoft.Network/applicationGateways/agw-erp-prod-01/requestRoutingRules/rule_vm-erp-varundha-prod-ci_https",
                "name": "rule_vm-erp-varundha-prod-ci_https",
                "priority": 153,
                "redirect_configuration_id": "",
                "redirect_configuration_name": "",
                "rewrite_rule_set_id": "",
                "rewrite_rule_set_name": "",
                "rule_type": "Basic",
                "url_path_map_id": "",
                "url_path_map_name": ""
              },
              {
                "backend_address_pool_id": "/subscriptions/4f070ccd-0168-41ab-a9a4-c13e2dd2626c/resourceGroups/rg-erp-prod-ci/providers/Microsoft.Network/applicationGateways/agw-erp-prod-01/backendAddressPools/backpool_vm-erp-zykazfashion-prod",
                "backend_address_pool_name": "backpool_vm-erp-zykazfashion-prod",
                "backend_http_settings_id": "/subscriptions/4f070ccd-0168-41ab-a9a4-c13e2dd2626c/resourceGroups/rg-erp-prod-ci/providers/Microsoft.Network/applicationGateways/agw-erp-prod-01/backendHttpSettingsCollection/setting_http",
                "backend_http_settings_name": "setting_http",
                "http_listener_id": "/subscriptions/4f070ccd-0168-41ab-a9a4-c13e2dd2626c/resourceGroups/rg-erp-prod-ci/providers/Microsoft.Network/applicationGateways/agw-erp-prod-01/httpListeners/listener_vm-erp-zykazfashion-prod_https",
                "http_listener_name": "listener_vm-erp-zykazfashion-prod_https",
                "id": "/subscriptions/4f070ccd-0168-41ab-a9a4-c13e2dd2626c/resourceGroups/rg-erp-prod-ci/providers/Microsoft.Network/applicationGateways/agw-erp-prod-01/requestRoutingRules/rule_vm-erp-zykazfashion-prod_https",
                "name": "rule_vm-erp-zykazfashion-prod_https",
                "priority": 154,
                "redirect_configuration_id": "",
                "redirect_configuration_name": "",
                "rewrite_rule_set_id": "",
                "rewrite_rule_set_name": "",
                "rule_type": "Basic",
                "url_path_map_id": "",
                "url_path_map_name": ""
              }
            ],
            "resource_group_name": "rg-erp-prod-ci",
            "rewrite_rule_set": [],
            "sku": [
              {
                "capacity": 1,
                "name": "Standard_v2",
                "tier": "Standard_v2"
              }
            ],
            "ssl_certificate": [
              {
                "data": "",
                "id": "/subscriptions/4f070ccd-0168-41ab-a9a4-c13e2dd2626c/resourceGroups/rg-erp-prod-ci/providers/Microsoft.Network/applicationGateways/agw-erp-prod-01/sslCertificates/ssl-cert-wildcard-ginesys-cloud",
                "key_vault_secret_id": "https://keyvaultg1erpprod01.vault.azure.net:443/secrets/ssl-cert-wildcard-ginesys-cloud/",
                "name": "ssl-cert-wildcard-ginesys-cloud",
                "password": "",
                "public_cert_data": ""
              }
            ],
            "ssl_policy": [
              {
                "cipher_suites": [],
                "disabled_protocols": [],
                "min_protocol_version": "",
                "policy_name": "AppGwSslPolicy20220101",
                "policy_type": "Predefined"
              }
            ],
            "ssl_profile": [],
            "tags": {
              "BACode": "None",
              "Billing": "CustomerShared",
              "CreatedBy": "AbdurRashidMondal",
              "CreatedOn": "2025-12-18",
              "Division": "None",
              "Environment": "Production",
              "IaC": "Terraform",
              "LifeSpan": "Permanent",
              "Owner": "RajarshiBasuRoy",
              "Product": "ERP",
              "Purpose": "Connectivity",
              "Usage": "Platform",
              "ValidTill": "None"
            },
            "timeouts": null,
            "trusted_client_certificate": [],
            "trusted_root_certificate": [],
            "url_path_map": [],
            "waf_configuration": [],
            "zones": []
          },
          "sensitive_attributes": [
            [
              {
                "type": "get_attr",
                "value": "ssl_certificate"
              }
            ]
          ],
          "identity_schema_version": 0,
          "identity": {
            "name": "agw-erp-prod-01",
            "resource_group_name": "rg-erp-prod-ci",
            "subscription_id": "4f070ccd-0168-41ab-a9a4-c13e2dd2626c"
          },
          "private": "eyJlMmJmYjczMC1lY2FhLTExZTYtOGY4OC0zNDM2M2JjN2M0YzAiOnsiY3JlYXRlIjo1NDAwMDAwMDAwMDAwLCJkZWxldGUiOjU0MDAwMDAwMDAwMDAsInJlYWQiOjMwMDAwMDAwMDAwMCwidXBkYXRlIjo1NDAwMDAwMDAwMDAwfX0=",
          "dependencies": [
            "azurerm_public_ip.public_ip_for_this_applicationgateway",
            "data.azurerm_resource_group.resource_group_for_all_components",
            "data.azurerm_user_assigned_identity.mngid_for_this_application_gateway"
          ]
        }
      ]
    },
    {
      "mode": "managed",
      "type": "azurerm_public_ip",
      "name": "public_ip_for_this_applicationgateway",
      "provider": "provider[\"registry.terraform.io/hashicorp/azurerm\"]",
      "instances": [
        {
          "schema_version": 0,
          "attributes": {
            "allocation_method": "Static",
            "ddos_protection_mode": "VirtualNetworkInherited",
            "ddos_protection_plan_id": null,
            "domain_name_label": "agw-erp-prod-01",
            "domain_name_label_scope": "",
            "edge_zone": "",
            "fqdn": "agw-erp-prod-01.centralindia.cloudapp.azure.com",
            "id": "/subscriptions/4f070ccd-0168-41ab-a9a4-c13e2dd2626c/resourceGroups/rg-erp-prod-ci/providers/Microsoft.Network/publicIPAddresses/pip_agw-erp-prod-01",
            "idle_timeout_in_minutes": 4,
            "ip_address": "4.213.17.5",
            "ip_tags": {},
            "ip_version": "IPv4",
            "location": "centralindia",
            "name": "pip_agw-erp-prod-01",
            "public_ip_prefix_id": null,
            "resource_group_name": "rg-erp-prod-ci",
            "reverse_fqdn": "",
            "sku": "Standard",
            "sku_tier": "Regional",
            "tags": {
              "BACode": "None",
              "Billing": "CustomerShared",
              "CreatedBy": "AbdurRashidMondal",
              "CreatedOn": "2025-12-18",
              "Division": "None",
              "Environment": "Production",
              "IaC": "Terraform",
              "LifeSpan": "Permanent",
              "Owner": "RajarshiBasuRoy",
              "Product": "ERP",
              "Purpose": "Connectivity",
              "Usage": "Platform",
              "ValidTill": "None"
            },
            "timeouts": null,
            "zones": []
          },
          "sensitive_attributes": [],
          "identity_schema_version": 0,
          "private": "eyJlMmJmYjczMC1lY2FhLTExZTYtOGY4OC0zNDM2M2JjN2M0YzAiOnsiY3JlYXRlIjoxODAwMDAwMDAwMDAwLCJkZWxldGUiOjE4MDAwMDAwMDAwMDAsInJlYWQiOjMwMDAwMDAwMDAwMCwidXBkYXRlIjoxODAwMDAwMDAwMDAwfX0=",
          "dependencies": [
            "data.azurerm_resource_group.resource_group_for_all_components"
          ]
        }
      ]
    }
  ],
  "check_results": null
}
