{
  "version": 4,
  "terraform_version": "1.13.4",
  "serial": 41,
  "lineage": "9f434b4d-03f0-6415-8e0f-f91f82c58ee4",
  "outputs": {},
  "resources": [
    {
      "mode": "data",
      "type": "azurerm_resource_group",
      "name": "resource_group_for_all_components",
      "provider": "provider[\"registry.terraform.io/hashicorp/azurerm\"]",
      "instances": [
        {
          "schema_version": 0,
          "attributes": {
            "id": "/subscriptions/4f070ccd-0168-41ab-a9a4-c13e2dd2626c/resourceGroups/rg-erp-prod-ci",
            "location": "centralindia",
            "managed_by": "",
            "name": "rg-erp-prod-ci",
            "tags": {
              "CreatedBy": "ArindamBanerjee",
              "CreatedOn": "2024-05-13",
              "RGOwner": "Rajarshi Basu Roy"
            },
            "timeouts": null
          },
          "sensitive_attributes": [],
          "identity_schema_version": 0
        }
      ]
    },
    {
      "mode": "data",
      "type": "azurerm_user_assigned_identity",
      "name": "mngid_for_this_application_gateway",
      "provider": "provider[\"registry.terraform.io/hashicorp/azurerm\"]",
      "instances": [
        {
          "schema_version": 0,
          "attributes": {
            "client_id": "2196727e-9410-4724-9931-99019bb8ea02",
            "id": "/subscriptions/4f070ccd-0168-41ab-a9a4-c13e2dd2626c/resourceGroups/rg-system-prod-ci/providers/Microsoft.ManagedIdentity/userAssignedIdentities/mngid_g1-erp_systems_prod",
            "location": "centralindia",
            "name": "mngid_g1-erp_systems_prod",
            "principal_id": "27159fab-ddd1-4e75-b76a-b6376433b4bf",
            "resource_group_name": "rg-system-prod-ci",
            "tags": {
              "Billing": "CustomerShared",
              "CreatedBy": "ArindamBanerjee",
              "CreatedOn": "2025-12-18",
              "Division": "None",
              "Environment": "Production",
              "Owner": "RajarshiBasuRoy",
              "Product": "ERP"
            },
            "tenant_id": "9bb52cb5-e2d8-480e-a8e1-4f3685c3cbf9",
            "timeouts": null
          },
          "sensitive_attributes": [],
          "identity_schema_version": 0
        }
      ]
    },
    {
      "mode": "managed",
      "type": "azurerm_application_gateway",
      "name": "agw-erp-prod-01",
      "provider": "provider[\"registry.terraform.io/hashicorp/azurerm\"]",
      "instances": [
        {
          "schema_version": 0,
          "attributes": {
            "authentication_certificate": [],
            "autoscale_configuration": [],
            "backend_address_pool": [
              {
                "fqdns": [],
                "id": "/subscriptions/4f070ccd-0168-41ab-a9a4-c13e2dd2626c/resourceGroups/rg-erp-prod-ci/providers/Microsoft.Network/applicationGateways/agw-erp-prod-01/backendAddressPools/backpool_vm-erp-intrend-prod-ci",
                "ip_addresses": [
                  "172.16.226.138"
                ],
                "name": "backpool_vm-erp-intrend-prod-ci"
              }
            ],
            "backend_http_settings": [
              {
                "affinity_cookie_name": "",
                "authentication_certificate": [],
                "connection_draining": [],
                "cookie_based_affinity": "Disabled",
                "host_name": "",
                "id": "/subscriptions/4f070ccd-0168-41ab-a9a4-c13e2dd2626c/resourceGroups/rg-erp-prod-ci/providers/Microsoft.Network/applicationGateways/agw-erp-prod-01/backendHttpSettingsCollection/setting_http",
                "name": "setting_http",
                "path": "",
                "pick_host_name_from_backend_address": false,
                "port": 80,
                "probe_id": "",
                "probe_name": "",
                "protocol": "Http",
                "request_timeout": 20,
                "trusted_root_certificate_names": []
              },
              {
                "affinity_cookie_name": "ApplicationGatewayAffinity",
                "authentication_certificate": [],
                "connection_draining": [],
                "cookie_based_affinity": "Disabled",
                "host_name": "",
                "id": "/subscriptions/4f070ccd-0168-41ab-a9a4-c13e2dd2626c/resourceGroups/rg-erp-prod-ci/providers/Microsoft.Network/applicationGateways/agw-erp-prod-01/backendHttpSettingsCollection/setting_https",
                "name": "setting_https",
                "path": "",
                "pick_host_name_from_backend_address": false,
                "port": 443,
                "probe_id": "",
                "probe_name": "",
                "protocol": "Https",
                "request_timeout": 20,
                "trusted_root_certificate_names": []
              }
            ],
            "custom_error_configuration": [],
            "enable_http2": true,
            "fips_enabled": false,
            "firewall_policy_id": "",
            "force_firewall_policy_association": false,
            "frontend_ip_configuration": [
              {
                "id": "/subscriptions/4f070ccd-0168-41ab-a9a4-c13e2dd2626c/resourceGroups/rg-erp-prod-ci/providers/Microsoft.Network/applicationGateways/agw-erp-prod-01/frontendIPConfigurations/frontend_public_ip_configuration",
                "name": "frontend_public_ip_configuration",
                "private_ip_address": "",
                "private_ip_address_allocation": "Dynamic",
                "private_link_configuration_id": "",
                "private_link_configuration_name": "",
                "public_ip_address_id": "/subscriptions/4f070ccd-0168-41ab-a9a4-c13e2dd2626c/resourceGroups/rg-erp-prod-ci/providers/Microsoft.Network/publicIPAddresses/pip_agw-erp-prod-01",
                "subnet_id": ""
              }
            ],
            "frontend_port": [
              {
                "id": "/subscriptions/4f070ccd-0168-41ab-a9a4-c13e2dd2626c/resourceGroups/rg-erp-prod-ci/providers/Microsoft.Network/applicationGateways/agw-erp-prod-01/frontendPorts/port_443",
                "name": "port_443",
                "port": 443
              },
              {
                "id": "/subscriptions/4f070ccd-0168-41ab-a9a4-c13e2dd2626c/resourceGroups/rg-erp-prod-ci/providers/Microsoft.Network/applicationGateways/agw-erp-prod-01/frontendPorts/port_80",
                "name": "port_80",
                "port": 80
              }
            ],
            "gateway_ip_configuration": [
              {
                "id": "/subscriptions/4f070ccd-0168-41ab-a9a4-c13e2dd2626c/resourceGroups/rg-erp-prod-ci/providers/Microsoft.Network/applicationGateways/agw-erp-prod-01/gatewayIPConfigurations/appGatewayIpConfig",
                "name": "appGatewayIpConfig",
                "subnet_id": "/subscriptions/4f070ccd-0168-41ab-a9a4-c13e2dd2626c/resourceGroups/rg-system-prod-ci/providers/Microsoft.Network/virtualNetworks/vnet-prod-ci-01/subnets/AzureAppGatewaySubnet"
              }
            ],
            "global": [
              {
                "request_buffering_enabled": true,
                "response_buffering_enabled": false
              }
            ],
            "http_listener": [
              {
                "custom_error_configuration": [],
                "firewall_policy_id": null,
                "frontend_ip_configuration_id": "/subscriptions/4f070ccd-0168-41ab-a9a4-c13e2dd2626c/resourceGroups/rg-erp-prod-ci/providers/Microsoft.Network/applicationGateways/agw-erp-prod-01/frontendIPConfigurations/frontend_public_ip_configuration",
                "frontend_ip_configuration_name": "frontend_public_ip_configuration",
                "frontend_port_id": "/subscriptions/4f070ccd-0168-41ab-a9a4-c13e2dd2626c/resourceGroups/rg-erp-prod-ci/providers/Microsoft.Network/applicationGateways/agw-erp-prod-01/frontendPorts/port_443",
                "frontend_port_name": "port_443",
                "host_name": "intrend.ginesys.cloud",
                "host_names": [],
                "id": "/subscriptions/4f070ccd-0168-41ab-a9a4-c13e2dd2626c/resourceGroups/rg-erp-prod-ci/providers/Microsoft.Network/applicationGateways/agw-erp-prod-01/httpListeners/listener_vm-erp-intrend-prod-ci_https",
                "name": "listener_vm-erp-intrend-prod-ci_https",
                "protocol": "Https",
                "require_sni": true,
                "ssl_certificate_id": "/subscriptions/4f070ccd-0168-41ab-a9a4-c13e2dd2626c/resourceGroups/rg-erp-prod-ci/providers/Microsoft.Network/applicationGateways/agw-erp-prod-01/sslCertificates/ssl-cert-wildcard-ginesys-cloud",
                "ssl_certificate_name": "ssl-cert-wildcard-ginesys-cloud",
                "ssl_profile_id": "",
                "ssl_profile_name": null
              }
            ],
            "id": "/subscriptions/4f070ccd-0168-41ab-a9a4-c13e2dd2626c/resourceGroups/rg-erp-prod-ci/providers/Microsoft.Network/applicationGateways/agw-erp-prod-01",
            "identity": [
              {
                "identity_ids": [
                  "/subscriptions/4f070ccd-0168-41ab-a9a4-c13e2dd2626c/resourceGroups/rg-system-prod-ci/providers/Microsoft.ManagedIdentity/userAssignedIdentities/mngid_g1-erp_systems_prod"
                ],
                "principal_id": "",
                "tenant_id": "",
                "type": "UserAssigned"
              }
            ],
            "location": "centralindia",
            "name": "agw-erp-prod-01",
            "private_endpoint_connection": [],
            "private_link_configuration": [],
            "probe": [],
            "redirect_configuration": [],
            "request_routing_rule": [
              {
                "backend_address_pool_id": "/subscriptions/4f070ccd-0168-41ab-a9a4-c13e2dd2626c/resourceGroups/rg-erp-prod-ci/providers/Microsoft.Network/applicationGateways/agw-erp-prod-01/backendAddressPools/backpool_vm-erp-intrend-prod-ci",
                "backend_address_pool_name": "backpool_vm-erp-intrend-prod-ci",
                "backend_http_settings_id": "/subscriptions/4f070ccd-0168-41ab-a9a4-c13e2dd2626c/resourceGroups/rg-erp-prod-ci/providers/Microsoft.Network/applicationGateways/agw-erp-prod-01/backendHttpSettingsCollection/setting_http",
                "backend_http_settings_name": "setting_http",
                "http_listener_id": "/subscriptions/4f070ccd-0168-41ab-a9a4-c13e2dd2626c/resourceGroups/rg-erp-prod-ci/providers/Microsoft.Network/applicationGateways/agw-erp-prod-01/httpListeners/listener_vm-erp-intrend-prod-ci_https",
                "http_listener_name": "listener_vm-erp-intrend-prod-ci_https",
                "id": "/subscriptions/4f070ccd-0168-41ab-a9a4-c13e2dd2626c/resourceGroups/rg-erp-prod-ci/providers/Microsoft.Network/applicationGateways/agw-erp-prod-01/requestRoutingRules/rule_vm-erp-intrend-prod-ci_https",
                "name": "rule_vm-erp-intrend-prod-ci_https",
                "priority": 100,
                "redirect_configuration_id": "",
                "redirect_configuration_name": "",
                "rewrite_rule_set_id": "",
                "rewrite_rule_set_name": "",
                "rule_type": "Basic",
                "url_path_map_id": "",
                "url_path_map_name": ""
              }
            ],
            "resource_group_name": "rg-erp-prod-ci",
            "rewrite_rule_set": [],
            "sku": [
              {
                "capacity": 1,
                "name": "Standard_v2",
                "tier": "Standard_v2"
              }
            ],
            "ssl_certificate": [
              {
                "data": "",
                "id": "/subscriptions/4f070ccd-0168-41ab-a9a4-c13e2dd2626c/resourceGroups/rg-erp-prod-ci/providers/Microsoft.Network/applicationGateways/agw-erp-prod-01/sslCertificates/ssl-cert-wildcard-ginesys-cloud",
                "key_vault_secret_id": "https://keyvaultg1erpprod01.vault.azure.net:443/secrets/ssl-cert-wildcard-ginesys-cloud/",
                "name": "ssl-cert-wildcard-ginesys-cloud",
                "password": "",
                "public_cert_data": ""
              }
            ],
            "ssl_policy": [
              {
                "cipher_suites": [],
                "disabled_protocols": [],
                "min_protocol_version": "",
                "policy_name": "AppGwSslPolicy20220101",
                "policy_type": "Predefined"
              }
            ],
            "ssl_profile": [],
            "tags": {
              "BACode": "None",
              "Billing": "CustomerShared",
              "CreatedBy": "AbdurRashidMondal",
              "CreatedOn": "2025-12-18",
              "Division": "None",
              "Environment": "Production",
              "IaC": "Terraform",
              "LifeSpan": "Permanent",
              "Owner": "RajarshiBasuRoy",
              "Product": "ERP",
              "Purpose": "Connectivity",
              "Usage": "Platform",
              "ValidTill": "None"
            },
            "timeouts": null,
            "trusted_client_certificate": [],
            "trusted_root_certificate": [],
            "url_path_map": [],
            "waf_configuration": [],
            "zones": []
          },
          "sensitive_attributes": [
            [
              {
                "type": "get_attr",
                "value": "ssl_certificate"
              }
            ]
          ],
          "identity_schema_version": 0,
          "identity": {
            "name": "agw-erp-prod-01",
            "resource_group_name": "rg-erp-prod-ci",
            "subscription_id": "4f070ccd-0168-41ab-a9a4-c13e2dd2626c"
          },
          "private": "eyJlMmJmYjczMC1lY2FhLTExZTYtOGY4OC0zNDM2M2JjN2M0YzAiOnsiY3JlYXRlIjo1NDAwMDAwMDAwMDAwLCJkZWxldGUiOjU0MDAwMDAwMDAwMDAsInJlYWQiOjMwMDAwMDAwMDAwMCwidXBkYXRlIjo1NDAwMDAwMDAwMDAwfX0=",
          "dependencies": [
            "azurerm_public_ip.public_ip_for_this_applicationgateway",
            "data.azurerm_resource_group.resource_group_for_all_components",
            "data.azurerm_user_assigned_identity.mngid_for_this_application_gateway"
          ]
        }
      ]
    },
    {
      "mode": "managed",
      "type": "azurerm_public_ip",
      "name": "public_ip_for_this_applicationgateway",
      "provider": "provider[\"registry.terraform.io/hashicorp/azurerm\"]",
      "instances": [
        {
          "schema_version": 0,
          "attributes": {
            "allocation_method": "Static",
            "ddos_protection_mode": "VirtualNetworkInherited",
            "ddos_protection_plan_id": null,
            "domain_name_label": "agw-erp-prod-01",
            "domain_name_label_scope": "",
            "edge_zone": "",
            "fqdn": "agw-erp-prod-01.centralindia.cloudapp.azure.com",
            "id": "/subscriptions/4f070ccd-0168-41ab-a9a4-c13e2dd2626c/resourceGroups/rg-erp-prod-ci/providers/Microsoft.Network/publicIPAddresses/pip_agw-erp-prod-01",
            "idle_timeout_in_minutes": 4,
            "ip_address": "4.213.17.5",
            "ip_tags": {},
            "ip_version": "IPv4",
            "location": "centralindia",
            "name": "pip_agw-erp-prod-01",
            "public_ip_prefix_id": null,
            "resource_group_name": "rg-erp-prod-ci",
            "reverse_fqdn": "",
            "sku": "Standard",
            "sku_tier": "Regional",
            "tags": {
              "BACode": "None",
              "Billing": "CustomerShared",
              "CreatedBy": "AbdurRashidMondal",
              "CreatedOn": "2025-12-18",
              "Division": "None",
              "Environment": "Production",
              "IaC": "Terraform",
              "LifeSpan": "Permanent",
              "Owner": "RajarshiBasuRoy",
              "Product": "ERP",
              "Purpose": "Connectivity",
              "Usage": "Platform",
              "ValidTill": "None"
            },
            "timeouts": null,
            "zones": []
          },
          "sensitive_attributes": [],
          "identity_schema_version": 0,
          "private": "eyJlMmJmYjczMC1lY2FhLTExZTYtOGY4OC0zNDM2M2JjN2M0YzAiOnsiY3JlYXRlIjoxODAwMDAwMDAwMDAwLCJkZWxldGUiOjE4MDAwMDAwMDAwMDAsInJlYWQiOjMwMDAwMDAwMDAwMCwidXBkYXRlIjoxODAwMDAwMDAwMDAwfX0=",
          "dependencies": [
            "data.azurerm_resource_group.resource_group_for_all_components"
          ]
        }
      ]
    }
  ],
  "check_results": null
}
