{
  "version": 4,
  "terraform_version": "1.13.4",
  "serial": 70,
  "lineage": "be8ff91b-7bdf-63ef-f732-800a965132f0",
  "outputs": {},
  "resources": [
    {
      "mode": "data",
      "type": "azurerm_managed_disk",
      "name": "app-disk-01",
      "provider": "provider[\"registry.terraform.io/hashicorp/azurerm\"]",
      "instances": [
        {
          "schema_version": 0,
          "attributes": {
            "create_option": "Import",
            "disk_access_id": "",
            "disk_encryption_set_id": "",
            "disk_iops_read_write": 500,
            "disk_mbps_read_write": 100,
            "disk_size_gb": 128,
            "encryption_settings": [],
            "id": "/subscriptions/c9599934-9aad-4b75-958c-3a9b48faf5d5/resourceGroups/rg-report-prod-jiw/providers/Microsoft.Compute/disks/disk-os_vm-erp-repapp-prod-jiw-01",
            "image_reference_id": "",
            "location": "jioindiawest",
            "name": "disk-os_vm-erp-repapp-prod-jiw-01",
            "network_access_policy": "AllowAll",
            "os_type": "Windows",
            "resource_group_name": "rg-report-prod-jiw",
            "source_resource_id": "",
            "source_uri": "https://storageerpreportlogging.blob.core.windows.net/transfer/temp_snap_disk-os_vm-erp-repapp-prod-01.vhd",
            "storage_account_id": "/subscriptions/c9599934-9aad-4b75-958c-3a9b48faf5d5/resourceGroups/rg-report-prod-jiw/providers/Microsoft.Storage/storageAccounts/storageerpreportlogging",
            "storage_account_type": "Premium_LRS",
            "tags": {
              "CreatedBy": "AbdurRashidMondal",
              "CreatedOn": "2024-12-04"
            },
            "timeouts": null,
            "zones": []
          },
          "sensitive_attributes": [],
          "identity_schema_version": 0
        }
      ]
    },
    {
      "mode": "managed",
      "type": "azurerm_managed_disk",
      "name": "app-disk-02",
      "provider": "provider[\"registry.terraform.io/hashicorp/azurerm\"]",
      "instances": [
        {
          "schema_version": 1,
          "attributes": {
            "create_option": "Import",
            "disk_access_id": "",
            "disk_encryption_set_id": "",
            "disk_iops_read_only": 0,
            "disk_iops_read_write": 500,
            "disk_mbps_read_only": 0,
            "disk_mbps_read_write": 100,
            "disk_size_gb": 128,
            "edge_zone": "",
            "encryption_settings": [],
            "gallery_image_reference_id": "",
            "hyper_v_generation": "V2",
            "id": "/subscriptions/c9599934-9aad-4b75-958c-3a9b48faf5d5/resourceGroups/rg-report-prod-jiw/providers/Microsoft.Compute/disks/disk-os_vm-erp-repapp-prod-jiw-02",
            "image_reference_id": "",
            "location": "jioindiawest",
            "logical_sector_size": null,
            "max_shares": 0,
            "name": "disk-os_vm-erp-repapp-prod-jiw-02",
            "network_access_policy": "AllowAll",
            "on_demand_bursting_enabled": false,
            "optimized_frequent_attach_enabled": false,
            "os_type": "Windows",
            "performance_plus_enabled": false,
            "public_network_access_enabled": true,
            "resource_group_name": "rg-report-prod-jiw",
            "secure_vm_disk_encryption_set_id": "",
            "security_type": "",
            "source_resource_id": "",
            "source_uri": "https://storageerpreportlogging.blob.core.windows.net/transfer/temp_snap_disk-os_vm-erp-repapp-prod-01.vhd",
            "storage_account_id": "/subscriptions/c9599934-9aad-4b75-958c-3a9b48faf5d5/resourceGroups/rg-report-prod-jiw/providers/Microsoft.Storage/storageAccounts/storageerpreportlogging",
            "storage_account_type": "Premium_LRS",
            "tags": {
              "CreatedBy": "AbdurRashidMondal",
              "CreatedOn": "2024-12-04"
            },
            "tier": "P10",
            "timeouts": null,
            "trusted_launch_enabled": false,
            "upload_size_bytes": 0,
            "zone": ""
          },
          "sensitive_attributes": [],
          "identity_schema_version": 0,
          "identity": {
            "name": "disk-os_vm-erp-repapp-prod-jiw-02",
            "resource_group_name": "rg-report-prod-jiw",
            "subscription_id": "c9599934-9aad-4b75-958c-3a9b48faf5d5"
          },
          "private": "eyJlMmJmYjczMC1lY2FhLTExZTYtOGY4OC0zNDM2M2JjN2M0YzAiOnsiY3JlYXRlIjoxODAwMDAwMDAwMDAwLCJkZWxldGUiOjE4MDAwMDAwMDAwMDAsInJlYWQiOjMwMDAwMDAwMDAwMCwidXBkYXRlIjoxODAwMDAwMDAwMDAwfSwic2NoZW1hX3ZlcnNpb24iOiIxIn0="
        }
      ]
    },
    {
      "mode": "managed",
      "type": "azurerm_managed_disk",
      "name": "app-disk-03",
      "provider": "provider[\"registry.terraform.io/hashicorp/azurerm\"]",
      "instances": [
        {
          "schema_version": 1,
          "attributes": {
            "create_option": "Import",
            "disk_access_id": "",
            "disk_encryption_set_id": "",
            "disk_iops_read_only": 0,
            "disk_iops_read_write": 500,
            "disk_mbps_read_only": 0,
            "disk_mbps_read_write": 100,
            "disk_size_gb": 128,
            "edge_zone": "",
            "encryption_settings": [],
            "gallery_image_reference_id": "",
            "hyper_v_generation": "V2",
            "id": "/subscriptions/c9599934-9aad-4b75-958c-3a9b48faf5d5/resourceGroups/rg-report-prod-jiw/providers/Microsoft.Compute/disks/disk-os_vm-erp-repapp-prod-jiw-03",
            "image_reference_id": "",
            "location": "jioindiawest",
            "logical_sector_size": null,
            "max_shares": 0,
            "name": "disk-os_vm-erp-repapp-prod-jiw-03",
            "network_access_policy": "AllowAll",
            "on_demand_bursting_enabled": false,
            "optimized_frequent_attach_enabled": false,
            "os_type": "Windows",
            "performance_plus_enabled": false,
            "public_network_access_enabled": true,
            "resource_group_name": "rg-report-prod-jiw",
            "secure_vm_disk_encryption_set_id": "",
            "security_type": "",
            "source_resource_id": "",
            "source_uri": "https://storageerpreportlogging.blob.core.windows.net/transfer/temp_snap_disk-os_vm-erp-repapp-prod-01.vhd",
            "storage_account_id": "/subscriptions/c9599934-9aad-4b75-958c-3a9b48faf5d5/resourceGroups/rg-report-prod-jiw/providers/Microsoft.Storage/storageAccounts/storageerpreportlogging",
            "storage_account_type": "Premium_LRS",
            "tags": {
              "CreatedBy": "AbdurRashidMondal",
              "CreatedOn": "2024-12-04"
            },
            "tier": "P10",
            "timeouts": null,
            "trusted_launch_enabled": false,
            "upload_size_bytes": 0,
            "zone": ""
          },
          "sensitive_attributes": [],
          "identity_schema_version": 0,
          "identity": {
            "name": "disk-os_vm-erp-repapp-prod-jiw-03",
            "resource_group_name": "rg-report-prod-jiw",
            "subscription_id": "c9599934-9aad-4b75-958c-3a9b48faf5d5"
          },
          "private": "eyJlMmJmYjczMC1lY2FhLTExZTYtOGY4OC0zNDM2M2JjN2M0YzAiOnsiY3JlYXRlIjoxODAwMDAwMDAwMDAwLCJkZWxldGUiOjE4MDAwMDAwMDAwMDAsInJlYWQiOjMwMDAwMDAwMDAwMCwidXBkYXRlIjoxODAwMDAwMDAwMDAwfSwic2NoZW1hX3ZlcnNpb24iOiIxIn0="
        }
      ]
    },
    {
      "mode": "managed",
      "type": "azurerm_managed_disk",
      "name": "state-disk-01",
      "provider": "provider[\"registry.terraform.io/hashicorp/azurerm\"]",
      "instances": [
        {
          "schema_version": 1,
          "attributes": {
            "create_option": "Import",
            "disk_access_id": "",
            "disk_encryption_set_id": "",
            "disk_iops_read_only": 0,
            "disk_iops_read_write": 500,
            "disk_mbps_read_only": 0,
            "disk_mbps_read_write": 100,
            "disk_size_gb": 128,
            "edge_zone": "",
            "encryption_settings": [],
            "gallery_image_reference_id": "",
            "hyper_v_generation": "V2",
            "id": "/subscriptions/c9599934-9aad-4b75-958c-3a9b48faf5d5/resourceGroups/rg-report-prod-jiw/providers/Microsoft.Compute/disks/disk-os_vm-erp-repstate-prod-jiw-01",
            "image_reference_id": "",
            "location": "jioindiawest",
            "logical_sector_size": null,
            "max_shares": 0,
            "name": "disk-os_vm-erp-repstate-prod-jiw-01",
            "network_access_policy": "AllowAll",
            "on_demand_bursting_enabled": false,
            "optimized_frequent_attach_enabled": false,
            "os_type": "Windows",
            "performance_plus_enabled": false,
            "public_network_access_enabled": true,
            "resource_group_name": "rg-report-prod-jiw",
            "secure_vm_disk_encryption_set_id": "",
            "security_type": "",
            "source_resource_id": "",
            "source_uri": "https://storageerpreportlogging.blob.core.windows.net/transfer/tmp_snap_disk-os_vm-erp-repstate-prod-01.vhd",
            "storage_account_id": "/subscriptions/c9599934-9aad-4b75-958c-3a9b48faf5d5/resourceGroups/rg-report-prod-jiw/providers/Microsoft.Storage/storageAccounts/storageerpreportlogging",
            "storage_account_type": "Premium_LRS",
            "tags": {
              "CreatedBy": "AbdurRashidMondal",
              "CreatedOn": "2024-12-04"
            },
            "tier": "P10",
            "timeouts": null,
            "trusted_launch_enabled": false,
            "upload_size_bytes": 0,
            "zone": ""
          },
          "sensitive_attributes": [],
          "identity_schema_version": 0,
          "identity": {
            "name": "disk-os_vm-erp-repstate-prod-jiw-01",
            "resource_group_name": "rg-report-prod-jiw",
            "subscription_id": "c9599934-9aad-4b75-958c-3a9b48faf5d5"
          },
          "private": "eyJlMmJmYjczMC1lY2FhLTExZTYtOGY4OC0zNDM2M2JjN2M0YzAiOnsiY3JlYXRlIjoxODAwMDAwMDAwMDAwLCJkZWxldGUiOjE4MDAwMDAwMDAwMDAsInJlYWQiOjMwMDAwMDAwMDAwMCwidXBkYXRlIjoxODAwMDAwMDAwMDAwfSwic2NoZW1hX3ZlcnNpb24iOiIxIn0="
        }
      ]
    },
    {
      "mode": "managed",
      "type": "azurerm_network_interface",
      "name": "app-nic-01",
      "provider": "provider[\"registry.terraform.io/hashicorp/azurerm\"]",
      "instances": [
        {
          "schema_version": 0,
          "attributes": {
            "accelerated_networking_enabled": false,
            "applied_dns_servers": [],
            "auxiliary_mode": "",
            "auxiliary_sku": "",
            "dns_servers": [],
            "edge_zone": "",
            "id": "/subscriptions/c9599934-9aad-4b75-958c-3a9b48faf5d5/resourceGroups/rg-report-prod-jiw/providers/Microsoft.Network/networkInterfaces/nic-vm-erp-repapp-prod-jiw-01",
            "internal_dns_name_label": "",
            "internal_domain_name_suffix": "u41t0naocedupmy04lr52uajxa.jgax.internal.cloudapp.net",
            "ip_configuration": [
              {
                "gateway_load_balancer_frontend_ip_configuration_id": "",
                "name": "internal",
                "primary": true,
                "private_ip_address": "172.24.64.7",
                "private_ip_address_allocation": "Dynamic",
                "private_ip_address_version": "IPv4",
                "public_ip_address_id": "",
                "subnet_id": "/subscriptions/c9599934-9aad-4b75-958c-3a9b48faf5d5/resourceGroups/rg-system-prod-jiw/providers/Microsoft.Network/virtualNetworks/vnet-prod-jiw-01/subnets/snet-rep-prod-jiw-01"
              }
            ],
            "ip_forwarding_enabled": false,
            "location": "jioindiawest",
            "mac_address": "60-45-BD-F8-0A-03",
            "name": "nic-vm-erp-repapp-prod-jiw-01",
            "private_ip_address": "172.24.64.7",
            "private_ip_addresses": [
              "172.24.64.7"
            ],
            "resource_group_name": "rg-report-prod-jiw",
            "tags": {},
            "timeouts": null,
            "virtual_machine_id": "/subscriptions/c9599934-9aad-4b75-958c-3a9b48faf5d5/resourceGroups/rg-report-prod-jiw/providers/Microsoft.Compute/virtualMachines/vm-erp-repapp-prod-jiw-01"
          },
          "sensitive_attributes": [],
          "identity_schema_version": 0,
          "identity": {
            "name": "nic-vm-erp-repapp-prod-jiw-01",
            "resource_group_name": "rg-report-prod-jiw",
            "subscription_id": "c9599934-9aad-4b75-958c-3a9b48faf5d5"
          },
          "private": "eyJlMmJmYjczMC1lY2FhLTExZTYtOGY4OC0zNDM2M2JjN2M0YzAiOnsiY3JlYXRlIjoxODAwMDAwMDAwMDAwLCJkZWxldGUiOjE4MDAwMDAwMDAwMDAsInJlYWQiOjMwMDAwMDAwMDAwMCwidXBkYXRlIjoxODAwMDAwMDAwMDAwfX0="
        }
      ]
    },
    {
      "mode": "managed",
      "type": "azurerm_network_interface",
      "name": "app-nic-02",
      "provider": "provider[\"registry.terraform.io/hashicorp/azurerm\"]",
      "instances": [
        {
          "schema_version": 0,
          "attributes": {
            "accelerated_networking_enabled": false,
            "applied_dns_servers": [],
            "auxiliary_mode": "",
            "auxiliary_sku": "",
            "dns_servers": [],
            "edge_zone": "",
            "id": "/subscriptions/c9599934-9aad-4b75-958c-3a9b48faf5d5/resourceGroups/rg-report-prod-jiw/providers/Microsoft.Network/networkInterfaces/nic-vm-erp-repapp-prod-jiw-02",
            "internal_dns_name_label": "",
            "internal_domain_name_suffix": "u41t0naocedupmy04lr52uajxa.jgax.internal.cloudapp.net",
            "ip_configuration": [
              {
                "gateway_load_balancer_frontend_ip_configuration_id": "",
                "name": "internal",
                "primary": true,
                "private_ip_address": "172.24.64.5",
                "private_ip_address_allocation": "Dynamic",
                "private_ip_address_version": "IPv4",
                "public_ip_address_id": "",
                "subnet_id": "/subscriptions/c9599934-9aad-4b75-958c-3a9b48faf5d5/resourceGroups/rg-system-prod-jiw/providers/Microsoft.Network/virtualNetworks/vnet-prod-jiw-01/subnets/snet-rep-prod-jiw-01"
              }
            ],
            "ip_forwarding_enabled": false,
            "location": "jioindiawest",
            "mac_address": "7C-1E-52-56-6D-5F",
            "name": "nic-vm-erp-repapp-prod-jiw-02",
            "private_ip_address": "172.24.64.5",
            "private_ip_addresses": [
              "172.24.64.5"
            ],
            "resource_group_name": "rg-report-prod-jiw",
            "tags": {},
            "timeouts": null,
            "virtual_machine_id": "/subscriptions/c9599934-9aad-4b75-958c-3a9b48faf5d5/resourceGroups/rg-report-prod-jiw/providers/Microsoft.Compute/virtualMachines/vm-erp-repapp-prod-jiw-02"
          },
          "sensitive_attributes": [],
          "identity_schema_version": 0,
          "identity": {
            "name": "nic-vm-erp-repapp-prod-jiw-02",
            "resource_group_name": "rg-report-prod-jiw",
            "subscription_id": "c9599934-9aad-4b75-958c-3a9b48faf5d5"
          },
          "private": "eyJlMmJmYjczMC1lY2FhLTExZTYtOGY4OC0zNDM2M2JjN2M0YzAiOnsiY3JlYXRlIjoxODAwMDAwMDAwMDAwLCJkZWxldGUiOjE4MDAwMDAwMDAwMDAsInJlYWQiOjMwMDAwMDAwMDAwMCwidXBkYXRlIjoxODAwMDAwMDAwMDAwfX0="
        }
      ]
    },
    {
      "mode": "managed",
      "type": "azurerm_network_interface",
      "name": "app-nic-03",
      "provider": "provider[\"registry.terraform.io/hashicorp/azurerm\"]",
      "instances": [
        {
          "schema_version": 0,
          "attributes": {
            "accelerated_networking_enabled": false,
            "applied_dns_servers": [],
            "auxiliary_mode": "",
            "auxiliary_sku": "",
            "dns_servers": [],
            "edge_zone": "",
            "id": "/subscriptions/c9599934-9aad-4b75-958c-3a9b48faf5d5/resourceGroups/rg-report-prod-jiw/providers/Microsoft.Network/networkInterfaces/nic-vm-erp-repapp-prod-jiw-03",
            "internal_dns_name_label": "",
            "internal_domain_name_suffix": "",
            "ip_configuration": [
              {
                "gateway_load_balancer_frontend_ip_configuration_id": "",
                "name": "internal",
                "primary": true,
                "private_ip_address": "172.24.64.4",
                "private_ip_address_allocation": "Dynamic",
                "private_ip_address_version": "IPv4",
                "public_ip_address_id": "",
                "subnet_id": "/subscriptions/c9599934-9aad-4b75-958c-3a9b48faf5d5/resourceGroups/rg-system-prod-jiw/providers/Microsoft.Network/virtualNetworks/vnet-prod-jiw-01/subnets/snet-rep-prod-jiw-01"
              }
            ],
            "ip_forwarding_enabled": false,
            "location": "jioindiawest",
            "mac_address": "7C-1E-52-56-9E-35",
            "name": "nic-vm-erp-repapp-prod-jiw-03",
            "private_ip_address": "172.24.64.4",
            "private_ip_addresses": [
              "172.24.64.4"
            ],
            "resource_group_name": "rg-report-prod-jiw",
            "tags": {},
            "timeouts": null,
            "virtual_machine_id": "/subscriptions/c9599934-9aad-4b75-958c-3a9b48faf5d5/resourceGroups/rg-report-prod-jiw/providers/Microsoft.Compute/virtualMachines/vm-erp-repapp-prod-jiw-03"
          },
          "sensitive_attributes": [],
          "identity_schema_version": 0,
          "identity": {
            "name": "nic-vm-erp-repapp-prod-jiw-03",
            "resource_group_name": "rg-report-prod-jiw",
            "subscription_id": "c9599934-9aad-4b75-958c-3a9b48faf5d5"
          },
          "private": "eyJlMmJmYjczMC1lY2FhLTExZTYtOGY4OC0zNDM2M2JjN2M0YzAiOnsiY3JlYXRlIjoxODAwMDAwMDAwMDAwLCJkZWxldGUiOjE4MDAwMDAwMDAwMDAsInJlYWQiOjMwMDAwMDAwMDAwMCwidXBkYXRlIjoxODAwMDAwMDAwMDAwfX0="
        }
      ]
    },
    {
      "mode": "managed",
      "type": "azurerm_network_interface",
      "name": "sched-nic-01",
      "provider": "provider[\"registry.terraform.io/hashicorp/azurerm\"]",
      "instances": [
        {
          "schema_version": 0,
          "attributes": {
            "accelerated_networking_enabled": false,
            "applied_dns_servers": [],
            "auxiliary_mode": "",
            "auxiliary_sku": "",
            "dns_servers": [],
            "edge_zone": "",
            "id": "/subscriptions/c9599934-9aad-4b75-958c-3a9b48faf5d5/resourceGroups/rg-report-prod-jiw/providers/Microsoft.Network/networkInterfaces/nic-vm-erp-repsched-prod-jiw-01",
            "internal_dns_name_label": "",
            "internal_domain_name_suffix": "u41t0naocedupmy04lr52uajxa.jgax.internal.cloudapp.net",
            "ip_configuration": [
              {
                "gateway_load_balancer_frontend_ip_configuration_id": "",
                "name": "internal",
                "primary": true,
                "private_ip_address": "172.24.64.8",
                "private_ip_address_allocation": "Dynamic",
                "private_ip_address_version": "IPv4",
                "public_ip_address_id": "",
                "subnet_id": "/subscriptions/c9599934-9aad-4b75-958c-3a9b48faf5d5/resourceGroups/rg-system-prod-jiw/providers/Microsoft.Network/virtualNetworks/vnet-prod-jiw-01/subnets/snet-rep-prod-jiw-01"
              }
            ],
            "ip_forwarding_enabled": false,
            "location": "jioindiawest",
            "mac_address": "60-45-BD-AB-F4-9C",
            "name": "nic-vm-erp-repsched-prod-jiw-01",
            "private_ip_address": "172.24.64.8",
            "private_ip_addresses": [
              "172.24.64.8"
            ],
            "resource_group_name": "rg-report-prod-jiw",
            "tags": {},
            "timeouts": null,
            "virtual_machine_id": "/subscriptions/c9599934-9aad-4b75-958c-3a9b48faf5d5/resourceGroups/rg-report-prod-jiw/providers/Microsoft.Compute/virtualMachines/vm-erp-repsched-prod-jiw-01"
          },
          "sensitive_attributes": [],
          "identity_schema_version": 0,
          "identity": {
            "name": "nic-vm-erp-repsched-prod-jiw-01",
            "resource_group_name": "rg-report-prod-jiw",
            "subscription_id": "c9599934-9aad-4b75-958c-3a9b48faf5d5"
          },
          "private": "eyJlMmJmYjczMC1lY2FhLTExZTYtOGY4OC0zNDM2M2JjN2M0YzAiOnsiY3JlYXRlIjoxODAwMDAwMDAwMDAwLCJkZWxldGUiOjE4MDAwMDAwMDAwMDAsInJlYWQiOjMwMDAwMDAwMDAwMCwidXBkYXRlIjoxODAwMDAwMDAwMDAwfX0="
        }
      ]
    },
    {
      "mode": "managed",
      "type": "azurerm_network_interface",
      "name": "sched-nic-02",
      "provider": "provider[\"registry.terraform.io/hashicorp/azurerm\"]",
      "instances": [
        {
          "schema_version": 0,
          "attributes": {
            "accelerated_networking_enabled": false,
            "applied_dns_servers": [],
            "auxiliary_mode": "",
            "auxiliary_sku": "",
            "dns_servers": [],
            "edge_zone": "",
            "id": "/subscriptions/c9599934-9aad-4b75-958c-3a9b48faf5d5/resourceGroups/rg-report-prod-jiw/providers/Microsoft.Network/networkInterfaces/nic-vm-erp-repsched-prod-jiw-02",
            "internal_dns_name_label": "",
            "internal_domain_name_suffix": "",
            "ip_configuration": [
              {
                "gateway_load_balancer_frontend_ip_configuration_id": "",
                "name": "internal",
                "primary": true,
                "private_ip_address": "172.24.64.9",
                "private_ip_address_allocation": "Dynamic",
                "private_ip_address_version": "IPv4",
                "public_ip_address_id": "",
                "subnet_id": "/subscriptions/c9599934-9aad-4b75-958c-3a9b48faf5d5/resourceGroups/rg-system-prod-jiw/providers/Microsoft.Network/virtualNetworks/vnet-prod-jiw-01/subnets/snet-rep-prod-jiw-01"
              }
            ],
            "ip_forwarding_enabled": false,
            "location": "jioindiawest",
            "mac_address": "7C-ED-8D-AE-A0-55",
            "name": "nic-vm-erp-repsched-prod-jiw-02",
            "private_ip_address": "172.24.64.9",
            "private_ip_addresses": [
              "172.24.64.9"
            ],
            "resource_group_name": "rg-report-prod-jiw",
            "tags": {},
            "timeouts": null,
            "virtual_machine_id": ""
          },
          "sensitive_attributes": [],
          "identity_schema_version": 0,
          "identity": {
            "name": "nic-vm-erp-repsched-prod-jiw-02",
            "resource_group_name": "rg-report-prod-jiw",
            "subscription_id": "c9599934-9aad-4b75-958c-3a9b48faf5d5"
          },
          "private": "eyJlMmJmYjczMC1lY2FhLTExZTYtOGY4OC0zNDM2M2JjN2M0YzAiOnsiY3JlYXRlIjoxODAwMDAwMDAwMDAwLCJkZWxldGUiOjE4MDAwMDAwMDAwMDAsInJlYWQiOjMwMDAwMDAwMDAwMCwidXBkYXRlIjoxODAwMDAwMDAwMDAwfX0="
        }
      ]
    },
    {
      "mode": "managed",
      "type": "azurerm_network_interface",
      "name": "state-nic-01",
      "provider": "provider[\"registry.terraform.io/hashicorp/azurerm\"]",
      "instances": [
        {
          "schema_version": 0,
          "attributes": {
            "accelerated_networking_enabled": false,
            "applied_dns_servers": [],
            "auxiliary_mode": "",
            "auxiliary_sku": "",
            "dns_servers": [],
            "edge_zone": "",
            "id": "/subscriptions/c9599934-9aad-4b75-958c-3a9b48faf5d5/resourceGroups/rg-report-prod-jiw/providers/Microsoft.Network/networkInterfaces/nic-vm-erp-repstate-prod-jiw-01",
            "internal_dns_name_label": "",
            "internal_domain_name_suffix": "u41t0naocedupmy04lr52uajxa.jgax.internal.cloudapp.net",
            "ip_configuration": [
              {
                "gateway_load_balancer_frontend_ip_configuration_id": "",
                "name": "internal",
                "primary": true,
                "private_ip_address": "172.24.64.6",
                "private_ip_address_allocation": "Dynamic",
                "private_ip_address_version": "IPv4",
                "public_ip_address_id": "",
                "subnet_id": "/subscriptions/c9599934-9aad-4b75-958c-3a9b48faf5d5/resourceGroups/rg-system-prod-jiw/providers/Microsoft.Network/virtualNetworks/vnet-prod-jiw-01/subnets/snet-rep-prod-jiw-01"
              }
            ],
            "ip_forwarding_enabled": false,
            "location": "jioindiawest",
            "mac_address": "60-45-BD-AB-E7-C7",
            "name": "nic-vm-erp-repstate-prod-jiw-01",
            "private_ip_address": "172.24.64.6",
            "private_ip_addresses": [
              "172.24.64.6"
            ],
            "resource_group_name": "rg-report-prod-jiw",
            "tags": {},
            "timeouts": null,
            "virtual_machine_id": "/subscriptions/c9599934-9aad-4b75-958c-3a9b48faf5d5/resourceGroups/rg-report-prod-jiw/providers/Microsoft.Compute/virtualMachines/vm-erp-repstate-prod-jiw-01"
          },
          "sensitive_attributes": [],
          "identity_schema_version": 0,
          "identity": {
            "name": "nic-vm-erp-repstate-prod-jiw-01",
            "resource_group_name": "rg-report-prod-jiw",
            "subscription_id": "c9599934-9aad-4b75-958c-3a9b48faf5d5"
          },
          "private": "eyJlMmJmYjczMC1lY2FhLTExZTYtOGY4OC0zNDM2M2JjN2M0YzAiOnsiY3JlYXRlIjoxODAwMDAwMDAwMDAwLCJkZWxldGUiOjE4MDAwMDAwMDAwMDAsInJlYWQiOjMwMDAwMDAwMDAwMCwidXBkYXRlIjoxODAwMDAwMDAwMDAwfX0="
        }
      ]
    },
    {
      "mode": "managed",
      "type": "azurerm_virtual_machine",
      "name": "vm-app-01",
      "provider": "provider[\"registry.terraform.io/hashicorp/azurerm\"]",
      "instances": [
        {
          "schema_version": 0,
          "attributes": {
            "additional_capabilities": [],
            "availability_set_id": null,
            "boot_diagnostics": [
              {
                "enabled": true,
                "storage_uri": "https://storageerpreportlogging.blob.core.windows.net/"
              }
            ],
            "delete_data_disks_on_termination": false,
            "delete_os_disk_on_termination": false,
            "id": "/subscriptions/c9599934-9aad-4b75-958c-3a9b48faf5d5/resourceGroups/rg-report-prod-jiw/providers/Microsoft.Compute/virtualMachines/vm-erp-repapp-prod-jiw-01",
            "identity": [
              {
                "identity_ids": [],
                "principal_id": "ab4b17a2-3edd-4cee-9027-926c015af561",
                "tenant_id": "c8ca5e30-07a5-4d52-9103-67d8ab3ff42c",
                "type": "SystemAssigned"
              }
            ],
            "license_type": null,
            "location": "jioindiawest",
            "name": "vm-erp-repapp-prod-jiw-01",
            "network_interface_ids": [
              "/subscriptions/c9599934-9aad-4b75-958c-3a9b48faf5d5/resourceGroups/rg-report-prod-jiw/providers/Microsoft.Network/networkInterfaces/nic-vm-erp-repapp-prod-jiw-01"
            ],
            "os_profile": [],
            "os_profile_linux_config": [],
            "os_profile_secrets": [],
            "os_profile_windows_config": [],
            "plan": [],
            "primary_network_interface_id": null,
            "proximity_placement_group_id": null,
            "resource_group_name": "rg-report-prod-jiw",
            "storage_data_disk": [],
            "storage_image_reference": [],
            "storage_os_disk": [
              {
                "caching": "ReadWrite",
                "create_option": "Attach",
                "disk_size_gb": 128,
                "image_uri": "",
                "managed_disk_id": "/subscriptions/c9599934-9aad-4b75-958c-3a9b48faf5d5/resourceGroups/rg-report-prod-jiw/providers/Microsoft.Compute/disks/disk-os_vm-erp-repapp-prod-jiw-01",
                "managed_disk_type": "Premium_LRS",
                "name": "disk-os_vm-erp-repapp-prod-jiw-01",
                "os_type": "Windows",
                "vhd_uri": "",
                "write_accelerator_enabled": false
              }
            ],
            "tags": {
              "BACode": "None",
              "Billing": "CustomerShared",
              "CreatedBy": "AbdurRashidMondal",
              "CreatedOn": "2024-12-05",
              "Division": "None",
              "Environment": "Production",
              "Instance": "vm-erp-repapp-prod-jiw-01",
              "LifeSpan": "Permanent",
              "Owner": "SoumyadipBhattacharya",
              "Product": "ERP-Report",
              "Purpose": "ReportService",
              "SubOwner": "None",
              "Usage": "General_(Regular)",
              "User": "CustomerGroup"
            },
            "timeouts": null,
            "vm_size": "Standard_D4as_v5",
            "zones": []
          },
          "sensitive_attributes": [],
          "identity_schema_version": 0,
          "private": "eyJlMmJmYjczMC1lY2FhLTExZTYtOGY4OC0zNDM2M2JjN2M0YzAiOnsiY3JlYXRlIjozNjAwMDAwMDAwMDAwLCJkZWxldGUiOjM2MDAwMDAwMDAwMDAsInJlYWQiOjMwMDAwMDAwMDAwMCwidXBkYXRlIjozNjAwMDAwMDAwMDAwfX0=",
          "dependencies": [
            "azurerm_network_interface.app-nic-01",
            "data.azurerm_managed_disk.app-disk-01"
          ]
        }
      ]
    },
    {
      "mode": "managed",
      "type": "azurerm_virtual_machine",
      "name": "vm-app-02",
      "provider": "provider[\"registry.terraform.io/hashicorp/azurerm\"]",
      "instances": [
        {
          "schema_version": 0,
          "attributes": {
            "additional_capabilities": [],
            "availability_set_id": null,
            "boot_diagnostics": [
              {
                "enabled": true,
                "storage_uri": "https://storageerpreportlogging.blob.core.windows.net/"
              }
            ],
            "delete_data_disks_on_termination": false,
            "delete_os_disk_on_termination": false,
            "id": "/subscriptions/c9599934-9aad-4b75-958c-3a9b48faf5d5/resourceGroups/rg-report-prod-jiw/providers/Microsoft.Compute/virtualMachines/vm-erp-repapp-prod-jiw-02",
            "identity": [
              {
                "identity_ids": [],
                "principal_id": "d6c0b940-51aa-440d-a3eb-0cb510d92b19",
                "tenant_id": "c8ca5e30-07a5-4d52-9103-67d8ab3ff42c",
                "type": "SystemAssigned"
              }
            ],
            "license_type": null,
            "location": "jioindiawest",
            "name": "vm-erp-repapp-prod-jiw-02",
            "network_interface_ids": [
              "/subscriptions/c9599934-9aad-4b75-958c-3a9b48faf5d5/resourceGroups/rg-report-prod-jiw/providers/Microsoft.Network/networkInterfaces/nic-vm-erp-repapp-prod-jiw-02"
            ],
            "os_profile": [],
            "os_profile_linux_config": [],
            "os_profile_secrets": [],
            "os_profile_windows_config": [],
            "plan": [],
            "primary_network_interface_id": null,
            "proximity_placement_group_id": null,
            "resource_group_name": "rg-report-prod-jiw",
            "storage_data_disk": [],
            "storage_image_reference": [],
            "storage_os_disk": [
              {
                "caching": "ReadWrite",
                "create_option": "Attach",
                "disk_size_gb": 128,
                "image_uri": "",
                "managed_disk_id": "/subscriptions/c9599934-9aad-4b75-958c-3a9b48faf5d5/resourceGroups/rg-report-prod-jiw/providers/Microsoft.Compute/disks/disk-os_vm-erp-repapp-prod-jiw-02",
                "managed_disk_type": "Premium_LRS",
                "name": "disk-os_vm-erp-repapp-prod-jiw-02",
                "os_type": "Windows",
                "vhd_uri": "",
                "write_accelerator_enabled": false
              }
            ],
            "tags": {
              "BACode": "None",
              "Billing": "CustomerShared",
              "CreatedBy": "AbdurRashidMondal",
              "CreatedOn": "2024-12-05",
              "Division": "None",
              "Environment": "Production",
              "Instance": "vm-erp-repapp-prod-jiw-02",
              "LifeSpan": "Permanent",
              "Owner": "SoumyadipBhattacharya",
              "Product": "ERP-Report",
              "Purpose": "ReportService",
              "SubOwner": "None",
              "Usage": "General_(Regular)",
              "User": "CustomerGroup"
            },
            "timeouts": null,
            "vm_size": "Standard_D4as_v5",
            "zones": []
          },
          "sensitive_attributes": [],
          "identity_schema_version": 0,
          "private": "eyJlMmJmYjczMC1lY2FhLTExZTYtOGY4OC0zNDM2M2JjN2M0YzAiOnsiY3JlYXRlIjozNjAwMDAwMDAwMDAwLCJkZWxldGUiOjM2MDAwMDAwMDAwMDAsInJlYWQiOjMwMDAwMDAwMDAwMCwidXBkYXRlIjozNjAwMDAwMDAwMDAwfX0=",
          "dependencies": [
            "azurerm_managed_disk.app-disk-02",
            "azurerm_network_interface.app-nic-02"
          ]
        }
      ]
    },
    {
      "mode": "managed",
      "type": "azurerm_virtual_machine",
      "name": "vm-app-03",
      "provider": "provider[\"registry.terraform.io/hashicorp/azurerm\"]",
      "instances": [
        {
          "schema_version": 0,
          "attributes": {
            "additional_capabilities": [],
            "availability_set_id": null,
            "boot_diagnostics": [
              {
                "enabled": true,
                "storage_uri": "https://storageerpreportlogging.blob.core.windows.net/"
              }
            ],
            "delete_data_disks_on_termination": false,
            "delete_os_disk_on_termination": false,
            "id": "/subscriptions/c9599934-9aad-4b75-958c-3a9b48faf5d5/resourceGroups/rg-report-prod-jiw/providers/Microsoft.Compute/virtualMachines/vm-erp-repapp-prod-jiw-03",
            "identity": [
              {
                "identity_ids": [],
                "principal_id": "3e0bb23a-4f68-4233-ad0c-050c76ea3574",
                "tenant_id": "c8ca5e30-07a5-4d52-9103-67d8ab3ff42c",
                "type": "SystemAssigned"
              }
            ],
            "license_type": null,
            "location": "jioindiawest",
            "name": "vm-erp-repapp-prod-jiw-03",
            "network_interface_ids": [
              "/subscriptions/c9599934-9aad-4b75-958c-3a9b48faf5d5/resourceGroups/rg-report-prod-jiw/providers/Microsoft.Network/networkInterfaces/nic-vm-erp-repapp-prod-jiw-03"
            ],
            "os_profile": [],
            "os_profile_linux_config": [],
            "os_profile_secrets": [],
            "os_profile_windows_config": [],
            "plan": [],
            "primary_network_interface_id": null,
            "proximity_placement_group_id": null,
            "resource_group_name": "rg-report-prod-jiw",
            "storage_data_disk": [],
            "storage_image_reference": [],
            "storage_os_disk": [
              {
                "caching": "ReadWrite",
                "create_option": "Attach",
                "disk_size_gb": 128,
                "image_uri": "",
                "managed_disk_id": "/subscriptions/c9599934-9aad-4b75-958c-3a9b48faf5d5/resourceGroups/rg-report-prod-jiw/providers/Microsoft.Compute/disks/disk-os_vm-erp-repapp-prod-jiw-03",
                "managed_disk_type": "Premium_LRS",
                "name": "disk-os_vm-erp-repapp-prod-jiw-03",
                "os_type": "Windows",
                "vhd_uri": "",
                "write_accelerator_enabled": false
              }
            ],
            "tags": {
              "BACode": "None",
              "Billing": "CustomerShared",
              "CreatedBy": "AbdurRashidMondal",
              "CreatedOn": "2024-12-05",
              "Division": "None",
              "Environment": "Production",
              "Instance": "vm-erp-repapp-prod-jiw-03",
              "LifeSpan": "Permanent",
              "Owner": "SoumyadipBhattacharya",
              "Product": "ERP-Report",
              "Purpose": "ReportService",
              "SubOwner": "None",
              "Usage": "General_(Regular)",
              "User": "CustomerGroup"
            },
            "timeouts": null,
            "vm_size": "Standard_D4as_v5",
            "zones": []
          },
          "sensitive_attributes": [],
          "identity_schema_version": 0,
          "private": "eyJlMmJmYjczMC1lY2FhLTExZTYtOGY4OC0zNDM2M2JjN2M0YzAiOnsiY3JlYXRlIjozNjAwMDAwMDAwMDAwLCJkZWxldGUiOjM2MDAwMDAwMDAwMDAsInJlYWQiOjMwMDAwMDAwMDAwMCwidXBkYXRlIjozNjAwMDAwMDAwMDAwfX0=",
          "dependencies": [
            "azurerm_managed_disk.app-disk-03",
            "azurerm_network_interface.app-nic-03"
          ]
        }
      ]
    },
    {
      "mode": "managed",
      "type": "azurerm_virtual_machine",
      "name": "vm-sched-01",
      "provider": "provider[\"registry.terraform.io/hashicorp/azurerm\"]",
      "instances": [
        {
          "schema_version": 0,
          "attributes": {
            "additional_capabilities": [],
            "availability_set_id": null,
            "boot_diagnostics": [
              {
                "enabled": true,
                "storage_uri": "https://storageerpreportlogging.blob.core.windows.net/"
              }
            ],
            "delete_data_disks_on_termination": false,
            "delete_os_disk_on_termination": false,
            "id": "/subscriptions/c9599934-9aad-4b75-958c-3a9b48faf5d5/resourceGroups/rg-report-prod-jiw/providers/Microsoft.Compute/virtualMachines/vm-erp-repsched-prod-jiw-01",
            "identity": [
              {
                "identity_ids": [],
                "principal_id": "4c46afb4-c16e-4c92-9aff-4cad91da7f62",
                "tenant_id": "c8ca5e30-07a5-4d52-9103-67d8ab3ff42c",
                "type": "SystemAssigned"
              }
            ],
            "license_type": null,
            "location": "jioindiawest",
            "name": "vm-erp-repsched-prod-jiw-01",
            "network_interface_ids": [
              "/subscriptions/c9599934-9aad-4b75-958c-3a9b48faf5d5/resourceGroups/rg-report-prod-jiw/providers/Microsoft.Network/networkInterfaces/nic-vm-erp-repsched-prod-jiw-01"
            ],
            "os_profile": [
              {
                "admin_password": "",
                "admin_username": "cloudadmin",
                "computer_name": "rep-sched-01",
                "custom_data": ""
              }
            ],
            "os_profile_linux_config": [],
            "os_profile_secrets": [],
            "os_profile_windows_config": [
              {
                "additional_unattend_config": [],
                "enable_automatic_upgrades": false,
                "provision_vm_agent": true,
                "timezone": "",
                "winrm": []
              }
            ],
            "plan": [],
            "primary_network_interface_id": null,
            "proximity_placement_group_id": null,
            "resource_group_name": "rg-report-prod-jiw",
            "storage_data_disk": [],
            "storage_image_reference": [
              {
                "id": "",
                "offer": "WindowsServer",
                "publisher": "MicrosoftWindowsServer",
                "sku": "2022-Datacenter",
                "version": "latest"
              }
            ],
            "storage_os_disk": [
              {
                "caching": "ReadWrite",
                "create_option": "FromImage",
                "disk_size_gb": 128,
                "image_uri": "",
                "managed_disk_id": "/subscriptions/c9599934-9aad-4b75-958c-3a9b48faf5d5/resourceGroups/rg-report-prod-jiw/providers/Microsoft.Compute/disks/disk-os-vm-erp-repsched-prod-jiw-01",
                "managed_disk_type": "Premium_LRS",
                "name": "disk-os-vm-erp-repsched-prod-jiw-01",
                "os_type": "Windows",
                "vhd_uri": "",
                "write_accelerator_enabled": false
              }
            ],
            "tags": {
              "BACode": "None",
              "Billing": "CustomerShared",
              "CreatedBy": "AbdurRashidMondal",
              "CreatedOn": "2024-12-05",
              "Division": "None",
              "Environment": "Production",
              "Instance": "vm-erp-repsched-prod-jiw-01",
              "LifeSpan": "Permanent",
              "Owner": "SoumyadipBhattacharya",
              "Product": "ERP-Report",
              "Purpose": "ReportService",
              "SubOwner": "None",
              "Usage": "General_(Regular)",
              "User": "CustomerGroup"
            },
            "timeouts": null,
            "vm_size": "Standard_D4as_v5",
            "zones": []
          },
          "sensitive_attributes": [
            [
              {
                "type": "get_attr",
                "value": "os_profile"
              }
            ]
          ],
          "identity_schema_version": 0,
          "private": "eyJlMmJmYjczMC1lY2FhLTExZTYtOGY4OC0zNDM2M2JjN2M0YzAiOnsiY3JlYXRlIjozNjAwMDAwMDAwMDAwLCJkZWxldGUiOjM2MDAwMDAwMDAwMDAsInJlYWQiOjMwMDAwMDAwMDAwMCwidXBkYXRlIjozNjAwMDAwMDAwMDAwfX0=",
          "dependencies": [
            "azurerm_network_interface.sched-nic-01"
          ]
        }
      ]
    },
    {
      "mode": "managed",
      "type": "azurerm_virtual_machine",
      "name": "vm-sched-02",
      "provider": "provider[\"registry.terraform.io/hashicorp/azurerm\"]",
      "instances": [
        {
          "schema_version": 0,
          "attributes": {
            "additional_capabilities": [],
            "availability_set_id": null,
            "boot_diagnostics": [
              {
                "enabled": true,
                "storage_uri": "https://storageerpreportlogging.blob.core.windows.net/"
              }
            ],
            "delete_data_disks_on_termination": false,
            "delete_os_disk_on_termination": false,
            "id": "/subscriptions/c9599934-9aad-4b75-958c-3a9b48faf5d5/resourceGroups/rg-report-prod-jiw/providers/Microsoft.Compute/virtualMachines/vm-erp-repsched-prod-jiw-02",
            "identity": [
              {
                "identity_ids": null,
                "principal_id": "e6995d67-e7a5-4622-8adc-b7bdeddfc700",
                "tenant_id": "c8ca5e30-07a5-4d52-9103-67d8ab3ff42c",
                "type": "SystemAssigned"
              }
            ],
            "license_type": null,
            "location": "jioindiawest",
            "name": "vm-erp-repsched-prod-jiw-02",
            "network_interface_ids": [
              "/subscriptions/c9599934-9aad-4b75-958c-3a9b48faf5d5/resourceGroups/rg-report-prod-jiw/providers/Microsoft.Network/networkInterfaces/nic-vm-erp-repsched-prod-jiw-02"
            ],
            "os_profile": [
              {
                "admin_password": "",
                "admin_username": "cloudadmin",
                "computer_name": "rep-sched-02",
                "custom_data": ""
              }
            ],
            "os_profile_linux_config": [],
            "os_profile_secrets": [],
            "os_profile_windows_config": [
              {
                "additional_unattend_config": [],
                "enable_automatic_upgrades": false,
                "provision_vm_agent": true,
                "timezone": "",
                "winrm": []
              }
            ],
            "plan": [],
            "primary_network_interface_id": null,
            "proximity_placement_group_id": null,
            "resource_group_name": "rg-report-prod-jiw",
            "storage_data_disk": [],
            "storage_image_reference": [
              {
                "id": "",
                "offer": "WindowsServer",
                "publisher": "MicrosoftWindowsServer",
                "sku": "2022-Datacenter",
                "version": "latest"
              }
            ],
            "storage_os_disk": [
              {
                "caching": "ReadWrite",
                "create_option": "FromImage",
                "disk_size_gb": 128,
                "image_uri": "",
                "managed_disk_id": "/subscriptions/c9599934-9aad-4b75-958c-3a9b48faf5d5/resourceGroups/rg-report-prod-jiw/providers/Microsoft.Compute/disks/disk-os-vm-erp-repsched-prod-jiw-02",
                "managed_disk_type": "Premium_LRS",
                "name": "disk-os-vm-erp-repsched-prod-jiw-02",
                "os_type": "Windows",
                "vhd_uri": "",
                "write_accelerator_enabled": false
              }
            ],
            "tags": {
              "BACode": "None",
              "Billing": "CustomerShared",
              "CreatedBy": "AbdurRashidMondal",
              "CreatedOn": "2024-12-05",
              "Division": "None",
              "Environment": "Production",
              "Instance": "vm-erp-repsched-prod-jiw-02",
              "LifeSpan": "Permanent",
              "Owner": "SoumyadipBhattacharya",
              "Product": "ERP-Report",
              "Purpose": "ReportService",
              "SubOwner": "None",
              "Usage": "General_(Regular)",
              "User": "CustomerGroup"
            },
            "timeouts": null,
            "vm_size": "Standard_D4as_v5",
            "zones": null
          },
          "sensitive_attributes": [
            [
              {
                "type": "get_attr",
                "value": "os_profile"
              }
            ]
          ],
          "identity_schema_version": 0,
          "private": "eyJlMmJmYjczMC1lY2FhLTExZTYtOGY4OC0zNDM2M2JjN2M0YzAiOnsiY3JlYXRlIjozNjAwMDAwMDAwMDAwLCJkZWxldGUiOjM2MDAwMDAwMDAwMDAsInJlYWQiOjMwMDAwMDAwMDAwMCwidXBkYXRlIjozNjAwMDAwMDAwMDAwfX0=",
          "dependencies": [
            "azurerm_network_interface.sched-nic-02"
          ]
        }
      ]
    },
    {
      "mode": "managed",
      "type": "azurerm_virtual_machine",
      "name": "vm-state-01",
      "provider": "provider[\"registry.terraform.io/hashicorp/azurerm\"]",
      "instances": [
        {
          "schema_version": 0,
          "attributes": {
            "additional_capabilities": [],
            "availability_set_id": null,
            "boot_diagnostics": [
              {
                "enabled": true,
                "storage_uri": "https://storageerpreportlogging.blob.core.windows.net/"
              }
            ],
            "delete_data_disks_on_termination": false,
            "delete_os_disk_on_termination": false,
            "id": "/subscriptions/c9599934-9aad-4b75-958c-3a9b48faf5d5/resourceGroups/rg-report-prod-jiw/providers/Microsoft.Compute/virtualMachines/vm-erp-repstate-prod-jiw-01",
            "identity": [
              {
                "identity_ids": [],
                "principal_id": "5f514a6d-be96-4a91-b4f5-03068b0c3831",
                "tenant_id": "c8ca5e30-07a5-4d52-9103-67d8ab3ff42c",
                "type": "SystemAssigned"
              }
            ],
            "license_type": null,
            "location": "jioindiawest",
            "name": "vm-erp-repstate-prod-jiw-01",
            "network_interface_ids": [
              "/subscriptions/c9599934-9aad-4b75-958c-3a9b48faf5d5/resourceGroups/rg-report-prod-jiw/providers/Microsoft.Network/networkInterfaces/nic-vm-erp-repstate-prod-jiw-01"
            ],
            "os_profile": [],
            "os_profile_linux_config": [],
            "os_profile_secrets": [],
            "os_profile_windows_config": [],
            "plan": [],
            "primary_network_interface_id": null,
            "proximity_placement_group_id": null,
            "resource_group_name": "rg-report-prod-jiw",
            "storage_data_disk": [],
            "storage_image_reference": [],
            "storage_os_disk": [
              {
                "caching": "ReadWrite",
                "create_option": "Attach",
                "disk_size_gb": 128,
                "image_uri": "",
                "managed_disk_id": "/subscriptions/c9599934-9aad-4b75-958c-3a9b48faf5d5/resourceGroups/rg-report-prod-jiw/providers/Microsoft.Compute/disks/disk-os_vm-erp-repstate-prod-jiw-01",
                "managed_disk_type": "Premium_LRS",
                "name": "disk-os_vm-erp-repstate-prod-jiw-01",
                "os_type": "Windows",
                "vhd_uri": "",
                "write_accelerator_enabled": false
              }
            ],
            "tags": {
              "BACode": "None",
              "Billing": "CustomerShared",
              "CreatedBy": "AbdurRashidMondal",
              "CreatedOn": "2024-12-05",
              "Division": "None",
              "Environment": "Production",
              "Instance": "vm-erp-repstate-prod-jiw-01",
              "LifeSpan": "Permanent",
              "Owner": "SoumyadipBhattacharya",
              "Product": "ERP-Report",
              "Purpose": "ReportService",
              "SubOwner": "None",
              "Usage": "General_(Regular)",
              "User": "CustomerGroup"
            },
            "timeouts": null,
            "vm_size": "Standard_D4as_v5",
            "zones": []
          },
          "sensitive_attributes": [],
          "identity_schema_version": 0,
          "private": "eyJlMmJmYjczMC1lY2FhLTExZTYtOGY4OC0zNDM2M2JjN2M0YzAiOnsiY3JlYXRlIjozNjAwMDAwMDAwMDAwLCJkZWxldGUiOjM2MDAwMDAwMDAwMDAsInJlYWQiOjMwMDAwMDAwMDAwMCwidXBkYXRlIjozNjAwMDAwMDAwMDAwfX0=",
          "dependencies": [
            "azurerm_managed_disk.state-disk-01",
            "azurerm_network_interface.state-nic-01"
          ]
        }
      ]
    }
  ],
  "check_results": null
}
